
Microsoft Visual Studio Solution File, Format Version 12.00
# Visual Studio Version 17
VisualStudioVersion = 17.0.31903.59
MinimumVisualStudioVersion = 10.0.40219.1
Project("{2150E333-8FDC-42A3-9474-1A3956D46DE8}") = "Contrib", "Contrib", "{2736B04F-892B-4412-8A6F-90EDD68DFE94}"
EndProject
Project("{2150E333-8FDC-42A3-9474-1A3956D46DE8}") = "Auth", "Auth", "{7315D5F3-E752-4246-A876-6FC975262B3B}"
EndProject
Project("{FAE04EC0-301F-11D3-BF4B-00C04F79EFBC}") = "Did", "Contrib\Auth\Did\Did.csproj", "{8361FAB8-8C1C-4F14-A9B1-5B9A98D086ED}"
EndProject
Project("{2150E333-8FDC-42A3-9474-1A3956D46DE8}") = "Basis Server", "Basis Server", "{153BDCB8-6E62-4BB4-A8FD-DD4B6A8FB0AE}"
EndProject
Project("{FAE04EC0-301F-11D3-BF4B-00C04F79EFBC}") = "BasisNetworkConsole", "Basis Server\BasisServerConsole\BasisNetworkConsole.csproj", "{712C18D2-47A3-4F21-B61D-97CABDB8134C}"
EndProject
Project("{FAE04EC0-301F-11D3-BF4B-00C04F79EFBC}") = "BasisNetworkClient", "Basis Server\BasisNetworkClient\BasisNetworkClient.csproj", "{C7374CCE-9D17-46A6-86E6-61812A7C52FF}"
EndProject
Project("{FAE04EC0-301F-11D3-BF4B-00C04F79EFBC}") = "BasisNetworkCore", "Basis Server\BasisNetworkCore\BasisNetworkCore.csproj", "{22DCA720-92E8-4AD4-8D9A-2BD4CF4BE898}"
EndProject
Project("{FAE04EC0-301F-11D3-BF4B-00C04F79EFBC}") = "BasisNetworkServer", "Basis Server\BasisNetworkServer\BasisNetworkServer.csproj", "{5A7487D9-3DE5-4A0C-8A55-AF82824E0588}"
EndProject
Project("{FAE04EC0-301F-11D3-BF4B-00C04F79EFBC}") = "Tests", "Contrib\Auth\Did.Tests\Tests.csproj", "{4266CEAF-4D05-4677-B775-BF2DC94E3477}"
EndProject
Project("{FAE04EC0-301F-11D3-BF4B-00C04F79EFBC}") = "BasisPrometheus", "Basis Server\BasisPrometheus\BasisPrometheus.csproj", "{70939FBF-C02E-488D-8C6E-04B04EFEF326}"
EndProject
Project("{FAE04EC0-301F-11D3-BF4B-00C04F79EFBC}") = "LiteNetLib", "Basis Server\LiteNetLib\LiteNetLib.csproj", "{BE757547-04D5-425A-A06C-747E0DBB095F}"
EndProject
Global
	GlobalSection(SolutionConfigurationPlatforms) = preSolution
		Debug|Any CPU = Debug|Any CPU
		Release|Any CPU = Release|Any CPU
	EndGlobalSection
	GlobalSection(SolutionProperties) = preSolution
		HideSolutionNode = FALSE
	EndGlobalSection
	GlobalSection(ProjectConfigurationPlatforms) = postSolution
		{8361FAB8-8C1C-4F14-A9B1-5B9A98D086ED}.Debug|Any CPU.ActiveCfg = Debug|Any CPU
		{8361FAB8-8C1C-4F14-A9B1-5B9A98D086ED}.Debug|Any CPU.Build.0 = Debug|Any CPU
		{8361FAB8-8C1C-4F14-A9B1-5B9A98D086ED}.Release|Any CPU.ActiveCfg = Release|Any CPU
		{8361FAB8-8C1C-4F14-A9B1-5B9A98D086ED}.Release|Any CPU.Build.0 = Release|Any CPU
		{712C18D2-47A3-4F21-B61D-97CABDB8134C}.Debug|Any CPU.ActiveCfg = Debug|Any CPU
		{712C18D2-47A3-4F21-B61D-97CABDB8134C}.Debug|Any CPU.Build.0 = Debug|Any CPU
		{712C18D2-47A3-4F21-B61D-97CABDB8134C}.Release|Any CPU.ActiveCfg = Release|Any CPU
		{712C18D2-47A3-4F21-B61D-97CABDB8134C}.Release|Any CPU.Build.0 = Release|Any CPU
		{C7374CCE-9D17-46A6-86E6-61812A7C52FF}.Debug|Any CPU.ActiveCfg = Debug|Any CPU
		{C7374CCE-9D17-46A6-86E6-61812A7C52FF}.Debug|Any CPU.Build.0 = Debug|Any CPU
		{C7374CCE-9D17-46A6-86E6-61812A7C52FF}.Release|Any CPU.ActiveCfg = Release|Any CPU
		{C7374CCE-9D17-46A6-86E6-61812A7C52FF}.Release|Any CPU.Build.0 = Release|Any CPU
		{22DCA720-92E8-4AD4-8D9A-2BD4CF4BE898}.Debug|Any CPU.ActiveCfg = Debug|Any CPU
		{22DCA720-92E8-4AD4-8D9A-2BD4CF4BE898}.Debug|Any CPU.Build.0 = Debug|Any CPU
		{22DCA720-92E8-4AD4-8D9A-2BD4CF4BE898}.Release|Any CPU.ActiveCfg = Release|Any CPU
		{22DCA720-92E8-4AD4-8D9A-2BD4CF4BE898}.Release|Any CPU.Build.0 = Release|Any CPU
		{5A7487D9-3DE5-4A0C-8A55-AF82824E0588}.Debug|Any CPU.ActiveCfg = Debug|Any CPU
		{5A7487D9-3DE5-4A0C-8A55-AF82824E0588}.Debug|Any CPU.Build.0 = Debug|Any CPU
		{5A7487D9-3DE5-4A0C-8A55-AF82824E0588}.Release|Any CPU.ActiveCfg = Release|Any CPU
		{5A7487D9-3DE5-4A0C-8A55-AF82824E0588}.Release|Any CPU.Build.0 = Release|Any CPU
		{4266CEAF-4D05-4677-B775-BF2DC94E3477}.Debug|Any CPU.ActiveCfg = Debug|Any CPU
		{4266CEAF-4D05-4677-B775-BF2DC94E3477}.Debug|Any CPU.Build.0 = Debug|Any CPU
		{4266CEAF-4D05-4677-B775-BF2DC94E3477}.Release|Any CPU.ActiveCfg = Release|Any CPU
		{4266CEAF-4D05-4677-B775-BF2DC94E3477}.Release|Any CPU.Build.0 = Release|Any CPU
		{70939FBF-C02E-488D-8C6E-04B04EFEF326}.Debug|Any CPU.ActiveCfg = Debug|Any CPU
		{70939FBF-C02E-488D-8C6E-04B04EFEF326}.Debug|Any CPU.Build.0 = Debug|Any CPU
		{70939FBF-C02E-488D-8C6E-04B04EFEF326}.Release|Any CPU.ActiveCfg = Release|Any CPU
		{70939FBF-C02E-488D-8C6E-04B04EFEF326}.Release|Any CPU.Build.0 = Release|Any CPU
		{BE757547-04D5-425A-A06C-747E0DBB095F}.Debug|Any CPU.ActiveCfg = Debug|Any CPU
		{BE757547-04D5-425A-A06C-747E0DBB095F}.Debug|Any CPU.Build.0 = Debug|Any CPU
		{BE757547-04D5-425A-A06C-747E0DBB095F}.Release|Any CPU.ActiveCfg = Release|Any CPU
		{BE757547-04D5-425A-A06C-747E0DBB095F}.Release|Any CPU.Build.0 = Release|Any CPU
	EndGlobalSection
	GlobalSection(NestedProjects) = preSolution
		{7315D5F3-E752-4246-A876-6FC975262B3B} = {2736B04F-892B-4412-8A6F-90EDD68DFE94}
		{8361FAB8-8C1C-4F14-A9B1-5B9A98D086ED} = {7315D5F3-E752-4246-A876-6FC975262B3B}
		{712C18D2-47A3-4F21-B61D-97CABDB8134C} = {153BDCB8-6E62-4BB4-A8FD-DD4B6A8FB0AE}
		{C7374CCE-9D17-46A6-86E6-61812A7C52FF} = {153BDCB8-6E62-4BB4-A8FD-DD4B6A8FB0AE}
		{22DCA720-92E8-4AD4-8D9A-2BD4CF4BE898} = {153BDCB8-6E62-4BB4-A8FD-DD4B6A8FB0AE}
		{5A7487D9-3DE5-4A0C-8A55-AF82824E0588} = {153BDCB8-6E62-4BB4-A8FD-DD4B6A8FB0AE}
		{4266CEAF-4D05-4677-B775-BF2DC94E3477} = {7315D5F3-E752-4246-A876-6FC975262B3B}
		{70939FBF-C02E-488D-8C6E-04B04EFEF326} = {153BDCB8-6E62-4BB4-A8FD-DD4B6A8FB0AE}
		{BE757547-04D5-425A-A06C-747E0DBB095F} = {153BDCB8-6E62-4BB4-A8FD-DD4B6A8FB0AE}
	EndGlobalSection
EndGlobal
