
Microsoft Visual Studio Solution File, Format Version 12.00
# Visual Studio Version 17
VisualStudioVersion = 17.9.34714.143
MinimumVisualStudioVersion = 10.0.40219.1
Project("{2150E333-8FDC-42A3-9474-1A3956D46DE8}") = "Solution Items", "Solution Items", "{B4FF06EA-45F9-4D56-9ED8-5EC6335F617E}"
	ProjectSection(SolutionItems) = preProject
		.editorconfig = .editorconfig
		.props = .props
	EndProjectSection
EndProject
Project("{FAE04EC0-301F-11D3-BF4B-00C04F79EFBC}") = "LiteNetLib", "LiteNetLib\LiteNetLib.csproj", "{03C7F258-DF70-43BD-A0A5-ABA906C34879}"
EndProject
Project("{FAE04EC0-301F-11D3-BF4B-00C04F79EFBC}") = "BasisNetworkConsole", "BasisServerConsole\BasisNetworkConsole.csproj", "{3BFB9307-E78F-4277-ABE3-6762A2B69E19}"
EndProject
Project("{FAE04EC0-301F-11D3-BF4B-00C04F79EFBC}") = "BasisNetworkClient", "BasisNetworkClient\BasisNetworkClient.csproj", "{6972BF72-BE14-4C71-ABF3-6EF914FADEC8}"
EndProject
Project("{FAE04EC0-301F-11D3-BF4B-00C04F79EFBC}") = "BasisNetworkCore", "BasisNetworkCore\BasisNetworkCore.csproj", "{7828CBD0-B57F-4C02-AD19-A0E015A5DD70}"
EndProject
Project("{FAE04EC0-301F-11D3-BF4B-00C04F79EFBC}") = "BasisNetworkServer", "BasisNetworkServer\BasisNetworkServer.csproj", "{51F765C5-646F-4F9E-B212-416E93E2E562}"
EndProject
Global
	GlobalSection(SolutionConfigurationPlatforms) = preSolution
		Debug|Any CPU = Debug|Any CPU
		Release|Any CPU = Release|Any CPU
	EndGlobalSection
	GlobalSection(ProjectConfigurationPlatforms) = postSolution
		{03C7F258-DF70-43BD-A0A5-ABA906C34879}.Debug|Any CPU.ActiveCfg = Debug|Any CPU
		{03C7F258-DF70-43BD-A0A5-ABA906C34879}.Debug|Any CPU.Build.0 = Debug|Any CPU
		{03C7F258-DF70-43BD-A0A5-ABA906C34879}.Release|Any CPU.ActiveCfg = Release|Any CPU
		{03C7F258-DF70-43BD-A0A5-ABA906C34879}.Release|Any CPU.Build.0 = Release|Any CPU
		{3BFB9307-E78F-4277-ABE3-6762A2B69E19}.Debug|Any CPU.ActiveCfg = Debug|Any CPU
		{3BFB9307-E78F-4277-ABE3-6762A2B69E19}.Debug|Any CPU.Build.0 = Debug|Any CPU
		{3BFB9307-E78F-4277-ABE3-6762A2B69E19}.Release|Any CPU.ActiveCfg = Release|Any CPU
		{3BFB9307-E78F-4277-ABE3-6762A2B69E19}.Release|Any CPU.Build.0 = Release|Any CPU
		{6972BF72-BE14-4C71-ABF3-6EF914FADEC8}.Debug|Any CPU.ActiveCfg = Debug|Any CPU
		{6972BF72-BE14-4C71-ABF3-6EF914FADEC8}.Debug|Any CPU.Build.0 = Debug|Any CPU
		{6972BF72-BE14-4C71-ABF3-6EF914FADEC8}.Release|Any CPU.ActiveCfg = Release|Any CPU
		{6972BF72-BE14-4C71-ABF3-6EF914FADEC8}.Release|Any CPU.Build.0 = Release|Any CPU
		{7828CBD0-B57F-4C02-AD19-A0E015A5DD70}.Debug|Any CPU.ActiveCfg = Debug|Any CPU
		{7828CBD0-B57F-4C02-AD19-A0E015A5DD70}.Debug|Any CPU.Build.0 = Debug|Any CPU
		{7828CBD0-B57F-4C02-AD19-A0E015A5DD70}.Release|Any CPU.ActiveCfg = Release|Any CPU
		{7828CBD0-B57F-4C02-AD19-A0E015A5DD70}.Release|Any CPU.Build.0 = Release|Any CPU
		{51F765C5-646F-4F9E-B212-416E93E2E562}.Debug|Any CPU.ActiveCfg = Debug|Any CPU
		{51F765C5-646F-4F9E-B212-416E93E2E562}.Debug|Any CPU.Build.0 = Debug|Any CPU
		{51F765C5-646F-4F9E-B212-416E93E2E562}.Release|Any CPU.ActiveCfg = Release|Any CPU
		{51F765C5-646F-4F9E-B212-416E93E2E562}.Release|Any CPU.Build.0 = Release|Any CPU
	EndGlobalSection
	GlobalSection(SolutionProperties) = preSolution
		HideSolutionNode = FALSE
	EndGlobalSection
	GlobalSection(ExtensibilityGlobals) = postSolution
		SolutionGuid = {D5304029-AEE2-4FC9-AB6C-0DF439687502}
	EndGlobalSection
EndGlobal
