
Microsoft Visual Studio Solution File, Format Version 12.00
# Visual Studio 15
Project("{FAE04EC0-301F-11D3-BF4B-00C04F79EFBC}") = "Unity.Timeline", "Unity.Timeline.csproj", "{0C7858BF-8AD9-1919-5D34-DB42764350DD}"
EndProject
Project("{FAE04EC0-301F-11D3-BF4B-00C04F79EFBC}") = "Unity.VisualEffectGraph.Editor", "Unity.VisualEffectGraph.Editor.csproj", "{DC714E74-5EC9-073F-4DE3-F46D335E3732}"
EndProject
Project("{FAE04EC0-301F-11D3-BF4B-00C04F79EFBC}") = "Unity.RenderPipelines.GPUDriven.Runtime", "Unity.RenderPipelines.GPUDriven.Runtime.csproj", "{6A9DC5C7-FEAE-9761-A55B-33D1046C9539}"
EndProject
Project("{FAE04EC0-301F-11D3-BF4B-00C04F79EFBC}") = "Unity.XR.OpenVR.Editor", "Unity.XR.OpenVR.Editor.csproj", "{DF43BDCD-51A8-FF09-9DBA-51E1CA9628C8}"
EndProject
Project("{FAE04EC0-301F-11D3-BF4B-00C04F79EFBC}") = "Unity.ShaderGraph.Editor", "Unity.ShaderGraph.Editor.csproj", "{717597A4-5362-4465-80D3-ADBBE3E2D48B}"
EndProject
Project("{FAE04EC0-301F-11D3-BF4B-00C04F79EFBC}") = "Unity.RenderPipelines.Core.Runtime", "Unity.RenderPipelines.Core.Runtime.csproj", "{77384B66-E1F1-81D2-A7D4-DE9C0D616462}"
EndProject
Project("{FAE04EC0-301F-11D3-BF4B-00C04F79EFBC}") = "Unity.ScriptableBuildPipeline.Editor", "Unity.ScriptableBuildPipeline.Editor.csproj", "{A371D93F-FAFE-741A-2FDF-831A15DB4971}"
EndProject
Project("{FAE04EC0-301F-11D3-BF4B-00C04F79EFBC}") = "BasisSDK", "BasisSDK.csproj", "{BAA59654-9DD3-DC0F-B68F-7D8DF6AE151E}"
EndProject
Project("{FAE04EC0-301F-11D3-BF4B-00C04F79EFBC}") = "LiteNetLib", "LiteNetLib.csproj", "{85D538FC-8B86-C1BE-5F17-A178F79FC783}"
EndProject
Project("{FAE04EC0-301F-11D3-BF4B-00C04F79EFBC}") = "Unity.Mathematics", "Unity.Mathematics.csproj", "{243A42A2-AB81-CC77-0840-0D25DACA0F8D}"
EndProject
Project("{FAE04EC0-301F-11D3-BF4B-00C04F79EFBC}") = "Unity.Timeline.Editor", "Unity.Timeline.Editor.csproj", "{A64C1E3B-83FA-0FAE-9B9C-D3A2DC04AB7F}"
EndProject
Project("{FAE04EC0-301F-11D3-BF4B-00C04F79EFBC}") = "Unity.RenderPipelines.Core.Editor", "Unity.RenderPipelines.Core.Editor.csproj", "{925FF0C2-35CC-5839-C027-362A8E1E70FB}"
EndProject
Project("{FAE04EC0-301F-11D3-BF4B-00C04F79EFBC}") = "Unity.Collections", "Unity.Collections.csproj", "{35B8575F-6CA1-5180-BF02-EC9B34953195}"
EndProject
Project("{FAE04EC0-301F-11D3-BF4B-00C04F79EFBC}") = "UnityEngine.UI", "UnityEngine.UI.csproj", "{87B56846-4AF3-9EE9-3C23-A24E328AAE29}"
EndProject
Project("{FAE04EC0-301F-11D3-BF4B-00C04F79EFBC}") = "SteamAudioUnityEditor", "SteamAudioUnityEditor.csproj", "{96DA5C02-98A0-7840-4DC7-22BE4CA4B95B}"
EndProject
Project("{FAE04EC0-301F-11D3-BF4B-00C04F79EFBC}") = "Unity.Addressables.Editor", "Unity.Addressables.Editor.csproj", "{3C0C3693-B669-9579-2489-F110454C9E4A}"
EndProject
Project("{FAE04EC0-301F-11D3-BF4B-00C04F79EFBC}") = "uLipSync.Runtime", "uLipSync.Runtime.csproj", "{63941DFB-9C6F-F1CD-9F81-EC092CC70F2C}"
EndProject
Project("{FAE04EC0-301F-11D3-BF4B-00C04F79EFBC}") = "Unity.RenderPipelines.Universal.2D.Runtime", "Unity.RenderPipelines.Universal.2D.Runtime.csproj", "{2028847B-73B5-2647-0FF7-D49F83B05D50}"
EndProject
Project("{FAE04EC0-301F-11D3-BF4B-00C04F79EFBC}") = "BasisSDKEditor", "BasisSDKEditor.csproj", "{8F924664-FF1E-5EAA-174A-19E7B9917366}"
EndProject
Project("{FAE04EC0-301F-11D3-BF4B-00C04F79EFBC}") = "Unity.RenderPipelines.Universal.Editor", "Unity.RenderPipelines.Universal.Editor.csproj", "{40D7A2E5-8DB4-54D4-B1CB-528CD9E76CAB}"
EndProject
Project("{FAE04EC0-301F-11D3-BF4B-00C04F79EFBC}") = "Unity.PerformanceTesting.Editor", "Unity.PerformanceTesting.Editor.csproj", "{42548BE9-E33B-49B5-C6B0-5F1EB6ED2266}"
EndProject
Project("{FAE04EC0-301F-11D3-BF4B-00C04F79EFBC}") = "UnityEngine.TestRunner", "UnityEngine.TestRunner.csproj", "{DD31C617-E8EB-BD33-8197-B187D274E9B9}"
EndProject
Project("{FAE04EC0-301F-11D3-BF4B-00C04F79EFBC}") = "Unity.Burst", "Unity.Burst.csproj", "{9063616A-6E70-ACDB-8581-F899B217EC34}"
EndProject
Project("{FAE04EC0-301F-11D3-BF4B-00C04F79EFBC}") = "Unity.Animation.Rigging", "Unity.Animation.Rigging.csproj", "{018990DA-929A-57A9-CA41-357CE882AC2B}"
EndProject
Project("{FAE04EC0-301F-11D3-BF4B-00C04F79EFBC}") = "BasisEditor", "BasisEditor.csproj", "{1B6913EF-B0AF-27A0-F781-62E8DCB2482B}"
EndProject
Project("{FAE04EC0-301F-11D3-BF4B-00C04F79EFBC}") = "Unity.VisualStudio.Editor", "Unity.VisualStudio.Editor.csproj", "{D3224568-04C0-AF5B-A872-4CD2DB1364E8}"
EndProject
Project("{FAE04EC0-301F-11D3-BF4B-00C04F79EFBC}") = "Unity.InputSystem", "Unity.InputSystem.csproj", "{8BF518C1-F312-98D4-8BEE-46104ED023B8}"
EndProject
Project("{FAE04EC0-301F-11D3-BF4B-00C04F79EFBC}") = "Unity.Animation.Rigging.Editor", "Unity.Animation.Rigging.Editor.csproj", "{ED37DE10-E791-E81B-58BB-DFED66DFB516}"
EndProject
Project("{FAE04EC0-301F-11D3-BF4B-00C04F79EFBC}") = "Unity.MemoryProfiler.Editor", "Unity.MemoryProfiler.Editor.csproj", "{5D90C2CE-4D24-C4B2-D931-AF259788D756}"
EndProject
Project("{FAE04EC0-301F-11D3-BF4B-00C04F79EFBC}") = "PPv2URPConverters", "PPv2URPConverters.csproj", "{28CA39C5-14D9-90FA-F69F-E0CD14DF7C18}"
EndProject
Project("{FAE04EC0-301F-11D3-BF4B-00C04F79EFBC}") = "BasisNetworkCore", "BasisNetworkCore.csproj", "{D5A56615-0A94-B80E-97D5-F769C7D006C6}"
EndProject
Project("{FAE04EC0-301F-11D3-BF4B-00C04F79EFBC}") = "Unity.XR.OpenXR", "Unity.XR.OpenXR.csproj", "{1EA2F8A1-3617-1ABF-BEFC-366371B30D34}"
EndProject
Project("{FAE04EC0-301F-11D3-BF4B-00C04F79EFBC}") = "Unity.XR.CoreUtils", "Unity.XR.CoreUtils.csproj", "{AA52F76D-47C6-E3F4-5813-2BEAE85E47CE}"
EndProject
Project("{FAE04EC0-301F-11D3-BF4B-00C04F79EFBC}") = "Naelstrof.JigglePhysics", "Naelstrof.JigglePhysics.csproj", "{F6269857-82E5-24BE-11A2-ADB526C45B83}"
EndProject
Project("{FAE04EC0-301F-11D3-BF4B-00C04F79EFBC}") = "Unity.Searcher.Editor", "Unity.Searcher.Editor.csproj", "{F1E8AD3C-2B52-44CD-3C71-2609DE0B2CC9}"
EndProject
Project("{FAE04EC0-301F-11D3-BF4B-00C04F79EFBC}") = "Unity.ResourceManager", "Unity.ResourceManager.csproj", "{321DF2C3-15B9-F485-45CA-0979D6931E9A}"
EndProject
Project("{FAE04EC0-301F-11D3-BF4B-00C04F79EFBC}") = "UnityEditor.TestRunner", "UnityEditor.TestRunner.csproj", "{70684CE5-0488-1866-615D-444B66C5A4AF}"
EndProject
Project("{FAE04EC0-301F-11D3-BF4B-00C04F79EFBC}") = "Unity.RenderPipelines.Universal.Runtime", "Unity.RenderPipelines.Universal.Runtime.csproj", "{B22B6533-B72D-2A4F-A3BE-2894F5345548}"
EndProject
Project("{FAE04EC0-301F-11D3-BF4B-00C04F79EFBC}") = "BasisAddressableDriver", "BasisAddressableDriver.csproj", "{F0B8E571-0857-B7A1-207A-4C43C00E11EC}"
EndProject
Project("{FAE04EC0-301F-11D3-BF4B-00C04F79EFBC}") = "BasisSerializer.OdinSerializer", "BasisSerializer.OdinSerializer.csproj", "{3C7BCE2C-8283-BF19-CCA5-84133695B51A}"
EndProject
Project("{FAE04EC0-301F-11D3-BF4B-00C04F79EFBC}") = "Unity.VisualEffectGraph.Runtime", "Unity.VisualEffectGraph.Runtime.csproj", "{755C4943-780E-63F2-6F9A-34A471D9ACB9}"
EndProject
Project("{FAE04EC0-301F-11D3-BF4B-00C04F79EFBC}") = "Unity.Burst.CodeGen", "Unity.Burst.CodeGen.csproj", "{DF64E76E-BBB0-9157-42FB-20946FDB6D89}"
EndProject
Project("{FAE04EC0-301F-11D3-BF4B-00C04F79EFBC}") = "BattlePhazeSettingsManger", "BattlePhazeSettingsManger.csproj", "{92B0B383-4DE0-086E-092A-98763B2978D8}"
EndProject
Project("{FAE04EC0-301F-11D3-BF4B-00C04F79EFBC}") = "Unity.Addressables.Editor.Tests.DocExampleCode", "Unity.Addressables.Editor.Tests.DocExampleCode.csproj", "{5E3C6818-0C92-9036-06FE-DB72EC7D0128}"
EndProject
Project("{FAE04EC0-301F-11D3-BF4B-00C04F79EFBC}") = "Unity.PerformanceTesting", "Unity.PerformanceTesting.csproj", "{B7947701-4E31-BC76-7937-86B32F59F1B7}"
EndProject
Project("{FAE04EC0-301F-11D3-BF4B-00C04F79EFBC}") = "SteamVR", "SteamVR.csproj", "{1105B07C-2E34-F7AF-64D7-B4DE8A88D554}"
EndProject
Project("{FAE04EC0-301F-11D3-BF4B-00C04F79EFBC}") = "HVR.Basis.Comms.Editor", "HVR.Basis.Comms.Editor.csproj", "{87676060-DC2B-3B5A-05E1-C0C41E9BA092}"
EndProject
Project("{FAE04EC0-301F-11D3-BF4B-00C04F79EFBC}") = "Unity.TextMeshPro", "Unity.TextMeshPro.csproj", "{D4F565D3-632F-3DDA-23C1-734AE9664942}"
EndProject
Project("{FAE04EC0-301F-11D3-BF4B-00C04F79EFBC}") = "SettingsManagerModules", "SettingsManagerModules.csproj", "{FCADD616-EF6F-AA16-1D3F-000F1FC16B65}"
EndProject
Project("{FAE04EC0-301F-11D3-BF4B-00C04F79EFBC}") = "Unity.TextMeshPro.Editor", "Unity.TextMeshPro.Editor.csproj", "{B8783C1B-D910-8F91-0915-5390B11A049F}"
EndProject
Project("{FAE04EC0-301F-11D3-BF4B-00C04F79EFBC}") = "Unity.Rendering.LightTransport.Runtime", "Unity.Rendering.LightTransport.Runtime.csproj", "{11AE01D2-A8EF-2196-F0D3-51ED3E0DD522}"
EndProject
Project("{FAE04EC0-301F-11D3-BF4B-00C04F79EFBC}") = "Unity.Burst.Editor", "Unity.Burst.Editor.csproj", "{729FF994-E2F2-AED0-C64D-31C6E43BBBEA}"
EndProject
Project("{FAE04EC0-301F-11D3-BF4B-00C04F79EFBC}") = "Unity.Rider.Editor", "Unity.Rider.Editor.csproj", "{5B71E279-39BF-3E00-DE46-9A26E3B3D06E}"
EndProject
Project("{FAE04EC0-301F-11D3-BF4B-00C04F79EFBC}") = "SteamAudioUnity", "SteamAudioUnity.csproj", "{8BE2C97A-6093-F03F-2CFE-4C8EA56DDE2D}"
EndProject
Project("{FAE04EC0-301F-11D3-BF4B-00C04F79EFBC}") = "uLipSync.Samples.Common", "uLipSync.Samples.Common.csproj", "{5BEAC368-7D88-54CD-4680-0A51B641A945}"
EndProject
Project("{FAE04EC0-301F-11D3-BF4B-00C04F79EFBC}") = "Unity.XR.Management.Editor", "Unity.XR.Management.Editor.csproj", "{FDC76367-65C1-EA51-7097-2FDD37DC81F9}"
EndProject
Project("{FAE04EC0-301F-11D3-BF4B-00C04F79EFBC}") = "UnityEditor.UI", "UnityEditor.UI.csproj", "{9CAE8F65-859A-A8A7-94F4-D5877021EBDF}"
EndProject
Project("{FAE04EC0-301F-11D3-BF4B-00C04F79EFBC}") = "SteamVR_Actions", "SteamVR_Actions.csproj", "{EAE7A16E-3727-608A-8933-B4133E249D09}"
EndProject
Project("{FAE04EC0-301F-11D3-BF4B-00C04F79EFBC}") = "uLipSync.Editor", "uLipSync.Editor.csproj", "{1CA2C7F8-BE82-C370-D1BC-CDB0EB0A362A}"
EndProject
Project("{FAE04EC0-301F-11D3-BF4B-00C04F79EFBC}") = "Basis", "Basis.csproj", "{4C015F07-AD9E-541F-F541-7832B6B0492E}"
EndProject
Project("{FAE04EC0-301F-11D3-BF4B-00C04F79EFBC}") = "BasisOpenVR", "BasisOpenVR.csproj", "{C194AEB5-F671-0FCD-09D5-A7862C116D9A}"
EndProject
Project("{FAE04EC0-301F-11D3-BF4B-00C04F79EFBC}") = "Unity.XR.CoreUtils.Editor", "Unity.XR.CoreUtils.Editor.csproj", "{FCBF21C7-2644-77CA-89EE-37FD0C3C4830}"
EndProject
Project("{FAE04EC0-301F-11D3-BF4B-00C04F79EFBC}") = "BasisExamples", "BasisExamples.csproj", "{8EFA90BF-227E-31D9-5C76-7A57834A00CC}"
EndProject
Project("{FAE04EC0-301F-11D3-BF4B-00C04F79EFBC}") = "Unity.2D.Sprite.Editor", "Unity.2D.Sprite.Editor.csproj", "{CE3F4954-D86C-8783-1900-DB009A3A0DE7}"
EndProject
Project("{FAE04EC0-301F-11D3-BF4B-00C04F79EFBC}") = "Unity.MemoryProfiler.Editor.MemoryProfilerModule", "Unity.MemoryProfiler.Editor.MemoryProfilerModule.csproj", "{2A328164-1214-8889-F194-529D452DD6B6}"
EndProject
Project("{FAE04EC0-301F-11D3-BF4B-00C04F79EFBC}") = "Unity.XR.OpenXR.Editor", "Unity.XR.OpenXR.Editor.csproj", "{56565B3C-6A52-36FE-BA97-8A12280C18FC}"
EndProject
Project("{FAE04EC0-301F-11D3-BF4B-00C04F79EFBC}") = "SettingsManagerEditor", "SettingsManagerEditor.csproj", "{BB1D41F0-EA01-6964-4152-CF145DEC8E4E}"
EndProject
Project("{FAE04EC0-301F-11D3-BF4B-00C04F79EFBC}") = "AudioLink", "AudioLink.csproj", "{A4434019-FA16-2B74-8090-44574B9A432E}"
EndProject
Project("{FAE04EC0-301F-11D3-BF4B-00C04F79EFBC}") = "Unity.XR.OpenVR", "Unity.XR.OpenVR.csproj", "{717513D1-F8B5-B6FE-4C39-D2A9C930F812}"
EndProject
Project("{FAE04EC0-301F-11D3-BF4B-00C04F79EFBC}") = "SteamVR_Input_Editor", "SteamVR_Input_Editor.csproj", "{E335A525-F4F4-409E-F15A-41B81B985F7A}"
EndProject
Project("{FAE04EC0-301F-11D3-BF4B-00C04F79EFBC}") = "Unity.InputSystem.ForUI", "Unity.InputSystem.ForUI.csproj", "{F9D289AD-C93D-E36A-8D8B-5AD7A0F290FA}"
EndProject
Project("{FAE04EC0-301F-11D3-BF4B-00C04F79EFBC}") = "HVR.Basis.Comms", "HVR.Basis.Comms.csproj", "{24A6B370-BCDE-AF84-7953-ACDF0FF9B010}"
EndProject
Project("{FAE04EC0-301F-11D3-BF4B-00C04F79EFBC}") = "Unity.Collections.CodeGen", "Unity.Collections.CodeGen.csproj", "{836E9E5D-31AF-B5AA-56A8-9DBE42EAD2EA}"
EndProject
Project("{FAE04EC0-301F-11D3-BF4B-00C04F79EFBC}") = "Unity.Addressables", "Unity.Addressables.csproj", "{957BB5E7-E496-1D7D-B3A4-9209E7B6B818}"
EndProject
Project("{FAE04EC0-301F-11D3-BF4B-00C04F79EFBC}") = "Unity.XR.Management", "Unity.XR.Management.csproj", "{487A2258-5374-814F-8B68-B0C063B1944F}"
EndProject
Project("{FAE04EC0-301F-11D3-BF4B-00C04F79EFBC}") = "Unity.Mathematics.Editor", "Unity.Mathematics.Editor.csproj", "{ED673964-EBFB-EEAF-56E9-0BB85FBEFD63}"
EndProject
Project("{FAE04EC0-301F-11D3-BF4B-00C04F79EFBC}") = "Unity.XR.OpenXR.Features.MetaQuestSupport.Editor", "Unity.XR.OpenXR.Features.MetaQuestSupport.Editor.csproj", "{7C8EB3CC-98C9-E613-F812-7982682EDB90}"
EndProject
Project("{FAE04EC0-301F-11D3-BF4B-00C04F79EFBC}") = "Unity.InputSystem.TestFramework", "Unity.InputSystem.TestFramework.csproj", "{DDDD4E69-EE47-2CDA-3738-F68A31929C07}"
EndProject
Project("{FAE04EC0-301F-11D3-BF4B-00C04F79EFBC}") = "UnityEditor.XR.LegacyInputHelpers", "UnityEditor.XR.LegacyInputHelpers.csproj", "{BE47F325-6C14-6756-2579-D26BF8D4DAAB}"
EndProject
Project("{FAE04EC0-301F-11D3-BF4B-00C04F79EFBC}") = "Unity.ShaderGraph.Utilities", "Unity.ShaderGraph.Utilities.csproj", "{7EA7F2BD-0CAD-E61D-F186-2B386C1CB1D4}"
EndProject
Project("{FAE04EC0-301F-11D3-BF4B-00C04F79EFBC}") = "RNNoiseIntergration", "RNNoiseIntergration.csproj", "{C8033467-A512-80C8-3D8C-1178316DB5C7}"
EndProject
Project("{FAE04EC0-301F-11D3-BF4B-00C04F79EFBC}") = "BasisNetworkServer", "BasisNetworkServer.csproj", "{15733EC6-7FD4-33EC-69E6-D13D62A9E79A}"
EndProject
Project("{FAE04EC0-301F-11D3-BF4B-00C04F79EFBC}") = "AudioLink.Editor", "AudioLink.Editor.csproj", "{A5BFBBE6-065E-D771-D1E1-D5DB709EFDAF}"
EndProject
Project("{FAE04EC0-301F-11D3-BF4B-00C04F79EFBC}") = "Unity.XR.OpenXR.Features.OculusQuestSupport.Editor", "Unity.XR.OpenXR.Features.OculusQuestSupport.Editor.csproj", "{0882AAFA-8ED0-A782-A780-C7BB6C36D80F}"
EndProject
Project("{FAE04EC0-301F-11D3-BF4B-00C04F79EFBC}") = "Unity.Profiling.Core", "Unity.Profiling.Core.csproj", "{0F3BE7F2-DBC0-2052-1313-4CD7A1DA1CA1}"
EndProject
Project("{FAE04EC0-301F-11D3-BF4B-00C04F79EFBC}") = "Unity.XR.OpenXR.Features.ConformanceAutomation", "Unity.XR.OpenXR.Features.ConformanceAutomation.csproj", "{FF079564-26FE-27CB-C451-F241001AAE27}"
EndProject
Project("{FAE04EC0-301F-11D3-BF4B-00C04F79EFBC}") = "Unity.Animation.Rigging.DocCodeExamples", "Unity.Animation.Rigging.DocCodeExamples.csproj", "{8878EA97-F205-E3B7-E6BF-156C65949191}"
EndProject
Project("{FAE04EC0-301F-11D3-BF4B-00C04F79EFBC}") = "Unity.EditorCoroutines.Editor", "Unity.EditorCoroutines.Editor.csproj", "{C0CEEBD2-870E-2A66-097A-922E62AF30D0}"
EndProject
Project("{FAE04EC0-301F-11D3-BF4B-00C04F79EFBC}") = "BasisCommon", "BasisCommon.csproj", "{630A7A46-5229-FBB0-D645-7233B4762B30}"
EndProject
Project("{FAE04EC0-301F-11D3-BF4B-00C04F79EFBC}") = "Unity.XR.OpenXR.Features.MockRuntime", "Unity.XR.OpenXR.Features.MockRuntime.csproj", "{31C3C206-ADCB-012C-C183-F463FA17772E}"
EndProject
Project("{FAE04EC0-301F-11D3-BF4B-00C04F79EFBC}") = "Unity.RenderPipeline.Universal.ShaderLibrary", "Unity.RenderPipeline.Universal.ShaderLibrary.csproj", "{9BA236A8-2375-5351-DC5D-17A698319F16}"
EndProject
Project("{FAE04EC0-301F-11D3-BF4B-00C04F79EFBC}") = "uLipSync.Samples.VRM.Editor", "uLipSync.Samples.VRM.Editor.csproj", "{F3C91742-4296-586B-5B41-95C9A60B90B8}"
EndProject
Project("{FAE04EC0-301F-11D3-BF4B-00C04F79EFBC}") = "BasisGizmos", "BasisGizmos.csproj", "{08029F26-28A1-4AB3-2C3C-7CF1BC95930C}"
EndProject
Project("{FAE04EC0-301F-11D3-BF4B-00C04F79EFBC}") = "OpusIntergration", "OpusIntergration.csproj", "{D29EAB8E-F7B4-79D4-5F29-962CB1C2716D}"
EndProject
Project("{FAE04EC0-301F-11D3-BF4B-00C04F79EFBC}") = "SMUniversalRenderPipeline", "SMUniversalRenderPipeline.csproj", "{379F3BB7-AF9C-5C33-7AA1-1E9A37ED799B}"
EndProject
Project("{FAE04EC0-301F-11D3-BF4B-00C04F79EFBC}") = "UnityEngine.SpatialTracking", "UnityEngine.SpatialTracking.csproj", "{62958A92-1B70-D35F-7019-98F395AB077A}"
EndProject
Project("{FAE04EC0-301F-11D3-BF4B-00C04F79EFBC}") = "BasisOpenXR", "BasisOpenXR.csproj", "{26EDBF27-13B1-4090-9D92-533BE71F3FC9}"
EndProject
Project("{FAE04EC0-301F-11D3-BF4B-00C04F79EFBC}") = "BasisConsoleDisplay", "BasisConsoleDisplay.csproj", "{FF26A4A3-A29F-CA3C-244B-EE3815ADD947}"
EndProject
Project("{FAE04EC0-301F-11D3-BF4B-00C04F79EFBC}") = "UnityEngine.XR.LegacyInputHelpers", "UnityEngine.XR.LegacyInputHelpers.csproj", "{7AB3B690-BE17-7506-1614-805C093759BF}"
EndProject
Project("{FAE04EC0-301F-11D3-BF4B-00C04F79EFBC}") = "uLipSync.Samples.RuntimeSetup.Runtime", "uLipSync.Samples.RuntimeSetup.Runtime.csproj", "{30D45D38-3899-79A5-5467-C7DE743A8E87}"
EndProject
Project("{FAE04EC0-301F-11D3-BF4B-00C04F79EFBC}") = "Unity.Rendering.LightTransport.Editor", "Unity.Rendering.LightTransport.Editor.csproj", "{E53DCE40-E852-161B-2734-61781C287261}"
EndProject
Project("{FAE04EC0-301F-11D3-BF4B-00C04F79EFBC}") = "Unity.RenderPipelines.Universal.Shaders", "Unity.RenderPipelines.Universal.Shaders.csproj", "{1E5FE8D7-2514-8393-4651-BD63BBD034B8}"
EndProject
Project("{FAE04EC0-301F-11D3-BF4B-00C04F79EFBC}") = "Unity.RenderPipelines.Core.Runtime.Shared", "Unity.RenderPipelines.Core.Runtime.Shared.csproj", "{BA5DE30E-F0E3-E468-ADF1-9953207DC584}"
EndProject
Project("{FAE04EC0-301F-11D3-BF4B-00C04F79EFBC}") = "BasisNetworkClient", "BasisNetworkClient.csproj", "{5A9B106C-4A00-0F12-D042-8837EC5C3EB4}"
EndProject
Project("{FAE04EC0-301F-11D3-BF4B-00C04F79EFBC}") = "Unity.MemoryProfiler", "Unity.MemoryProfiler.csproj", "{6AE36D41-58C4-911F-A828-418BFE7A4ABD}"
EndProject
Project("{FAE04EC0-301F-11D3-BF4B-00C04F79EFBC}") = "Unity.XR.OpenXR.Features.RuntimeDebugger.Editor", "Unity.XR.OpenXR.Features.RuntimeDebugger.Editor.csproj", "{F5D3FAF0-6E55-0C14-F339-2D2D20E406D0}"
EndProject
Project("{FAE04EC0-301F-11D3-BF4B-00C04F79EFBC}") = "uLipSync.Samples.VRM.Runtime", "uLipSync.Samples.VRM.Runtime.csproj", "{AA279780-0E05-1EE1-9298-85E371687AF3}"
EndProject
Project("{FAE04EC0-301F-11D3-BF4B-00C04F79EFBC}") = "Unity.ScriptableBuildPipeline", "Unity.ScriptableBuildPipeline.csproj", "{CBDA35C1-6FC0-5637-18B7-F3D7C45E42C9}"
EndProject
Project("{FAE04EC0-301F-11D3-BF4B-00C04F79EFBC}") = "Unity.XR.OpenXR.Features.OculusQuestSupport", "Unity.XR.OpenXR.Features.OculusQuestSupport.csproj", "{0DEE5917-30D6-BD23-5B75-8AD0E3418AB5}"
EndProject
Project("{FAE04EC0-301F-11D3-BF4B-00C04F79EFBC}") = "UnityEditor.SpatialTracking", "UnityEditor.SpatialTracking.csproj", "{86F1589A-3DBE-ADF6-8D7C-69FC391F1822}"
EndProject
Project("{FAE04EC0-301F-11D3-BF4B-00C04F79EFBC}") = "Unity.XR.OpenXR.Features.RuntimeDebugger", "Unity.XR.OpenXR.Features.RuntimeDebugger.csproj", "{9035DFAB-EEA5-B81F-E1B1-AA943B5801CB}"
EndProject
Project("{FAE04EC0-301F-11D3-BF4B-00C04F79EFBC}") = "Unity.XR.OpenXR.Features.MetaQuestSupport", "Unity.XR.OpenXR.Features.MetaQuestSupport.csproj", "{8C0E39E7-F998-D611-6228-34451B2C9ED1}"
EndProject
Project("{FAE04EC0-301F-11D3-BF4B-00C04F79EFBC}") = "Unity.Collections.Editor", "Unity.Collections.Editor.csproj", "{0103C412-643E-40C6-42E2-433737E164C9}"
EndProject
Project("{FAE04EC0-301F-11D3-BF4B-00C04F79EFBC}") = "HVR.Basis.NDMF", "HVR.Basis.NDMF.csproj", "{AEC9D887-CC91-4054-1C5F-DC1B48E5F818}"
EndProject
Project("{FAE04EC0-301F-11D3-BF4B-00C04F79EFBC}") = "Unity.RenderPipelines.Universal.Config.Runtime", "Unity.RenderPipelines.Universal.Config.Runtime.csproj", "{26A11268-5102-5343-244B-58F166954CE6}"
EndProject
Project("{FAE04EC0-301F-11D3-BF4B-00C04F79EFBC}") = "Unity.RenderPipelines.ShaderGraph.ShaderGraphLibrary", "Unity.RenderPipelines.ShaderGraph.ShaderGraphLibrary.csproj", "{3EFA143C-095D-70B8-5488-6D3594623456}"
EndProject
Project("{FAE04EC0-301F-11D3-BF4B-00C04F79EFBC}") = "Unity.RenderPipelines.Core.ShaderLibrary", "Unity.RenderPipelines.Core.ShaderLibrary.csproj", "{D0817B51-D6AF-C8C5-EF4F-D69530C185AD}"
EndProject
Project("{FAE04EC0-301F-11D3-BF4B-00C04F79EFBC}") = "Unity.RenderPipelines.Core.Editor.Shared", "Unity.RenderPipelines.Core.Editor.Shared.csproj", "{456D8C8E-880D-8183-9499-E66B0EE8DDE2}"
EndProject
Project("{FAE04EC0-301F-11D3-BF4B-00C04F79EFBC}") = "Unity.Timeline", "Unity.Timeline.Player.csproj", "{B2AEE3B5-E0EB-98EE-E70D-1AA8FA55D23C}"
EndProject
Project("{FAE04EC0-301F-11D3-BF4B-00C04F79EFBC}") = "Unity.RenderPipelines.GPUDriven.Runtime", "Unity.RenderPipelines.GPUDriven.Runtime.Player.csproj", "{40340176-41C0-5001-3710-13A4EEC9488F}"
EndProject
Project("{FAE04EC0-301F-11D3-BF4B-00C04F79EFBC}") = "Unity.RenderPipelines.Core.Runtime", "Unity.RenderPipelines.Core.Runtime.Player.csproj", "{60CE67A2-BFE8-73ED-DFF6-382F9A003DE7}"
EndProject
Project("{FAE04EC0-301F-11D3-BF4B-00C04F79EFBC}") = "BasisSDK", "BasisSDK.Player.csproj", "{6E2EE01D-56DA-9109-2A65-19E688D30E8A}"
EndProject
Project("{FAE04EC0-301F-11D3-BF4B-00C04F79EFBC}") = "LiteNetLib", "LiteNetLib.Player.csproj", "{D0F55A96-D95A-D7AB-6DF4-8B00E0E604CA}"
EndProject
Project("{FAE04EC0-301F-11D3-BF4B-00C04F79EFBC}") = "Unity.Mathematics", "Unity.Mathematics.Player.csproj", "{B805878C-D72D-980F-0280-C4E8C8804399}"
EndProject
Project("{FAE04EC0-301F-11D3-BF4B-00C04F79EFBC}") = "Unity.Collections", "Unity.Collections.Player.csproj", "{85ECCD94-351F-991F-DE2D-A8952C1CDD2F}"
EndProject
Project("{FAE04EC0-301F-11D3-BF4B-00C04F79EFBC}") = "UnityEngine.UI", "UnityEngine.UI.Player.csproj", "{B0CB79AD-3932-C4EB-A17D-49695426D384}"
EndProject
Project("{FAE04EC0-301F-11D3-BF4B-00C04F79EFBC}") = "uLipSync.Runtime", "uLipSync.Runtime.Player.csproj", "{9F37219C-60C6-DA7A-92E9-38C0505CF7E4}"
EndProject
Project("{FAE04EC0-301F-11D3-BF4B-00C04F79EFBC}") = "Unity.RenderPipelines.Universal.2D.Runtime", "Unity.RenderPipelines.Universal.2D.Runtime.Player.csproj", "{D4B1463E-0742-7B6C-7D4B-16A78B59746F}"
EndProject
Project("{FAE04EC0-301F-11D3-BF4B-00C04F79EFBC}") = "UnityEngine.TestRunner", "UnityEngine.TestRunner.Player.csproj", "{457E6E07-0715-7343-3498-6221BEF4F737}"
EndProject
Project("{FAE04EC0-301F-11D3-BF4B-00C04F79EFBC}") = "Unity.Burst", "Unity.Burst.Player.csproj", "{2B4D4637-6370-A019-A015-BACDA41446BF}"
EndProject
Project("{FAE04EC0-301F-11D3-BF4B-00C04F79EFBC}") = "Unity.Animation.Rigging", "Unity.Animation.Rigging.Player.csproj", "{095273A2-ED77-0EC0-3107-03E240E24CEA}"
EndProject
Project("{FAE04EC0-301F-11D3-BF4B-00C04F79EFBC}") = "Unity.InputSystem", "Unity.InputSystem.Player.csproj", "{25900F70-48C6-46A3-242E-92A51A89225F}"
EndProject
Project("{FAE04EC0-301F-11D3-BF4B-00C04F79EFBC}") = "BasisNetworkCore", "BasisNetworkCore.Player.csproj", "{2D49B78E-7688-1039-8B73-509370F1E0C6}"
EndProject
Project("{FAE04EC0-301F-11D3-BF4B-00C04F79EFBC}") = "Unity.XR.OpenXR", "Unity.XR.OpenXR.Player.csproj", "{7718F351-D56B-F3A2-3779-6C13C603F478}"
EndProject
Project("{FAE04EC0-301F-11D3-BF4B-00C04F79EFBC}") = "Unity.XR.CoreUtils", "Unity.XR.CoreUtils.Player.csproj", "{2C9C188F-A445-8D4F-A65A-1A7D1F59181F}"
EndProject
Project("{FAE04EC0-301F-11D3-BF4B-00C04F79EFBC}") = "Naelstrof.JigglePhysics", "Naelstrof.JigglePhysics.Player.csproj", "{693B56F6-0C8B-29D6-812D-1848391C3900}"
EndProject
Project("{FAE04EC0-301F-11D3-BF4B-00C04F79EFBC}") = "Unity.ResourceManager", "Unity.ResourceManager.Player.csproj", "{DD39EEF2-EC9D-54A0-C136-DDA312A99843}"
EndProject
Project("{FAE04EC0-301F-11D3-BF4B-00C04F79EFBC}") = "Unity.RenderPipelines.Universal.Runtime", "Unity.RenderPipelines.Universal.Runtime.Player.csproj", "{7D5D4633-0973-AEF3-ED7A-A91307DF7116}"
EndProject
Project("{FAE04EC0-301F-11D3-BF4B-00C04F79EFBC}") = "BasisAddressableDriver", "BasisAddressableDriver.Player.csproj", "{F13DF9BD-15AF-8057-8D57-7B7DB769AA2F}"
EndProject
Project("{FAE04EC0-301F-11D3-BF4B-00C04F79EFBC}") = "BasisSerializer.OdinSerializer", "BasisSerializer.OdinSerializer.Player.csproj", "{9C0F1E28-2382-AD13-EE0B-044AB6EAEEC0}"
EndProject
Project("{FAE04EC0-301F-11D3-BF4B-00C04F79EFBC}") = "Unity.VisualEffectGraph.Runtime", "Unity.VisualEffectGraph.Runtime.Player.csproj", "{B75F51B9-5D03-DA81-DED8-9B361BD81070}"
EndProject
Project("{FAE04EC0-301F-11D3-BF4B-00C04F79EFBC}") = "BattlePhazeSettingsManger", "BattlePhazeSettingsManger.Player.csproj", "{86E9B0C4-A566-B798-E0D9-15F500ED0A14}"
EndProject
Project("{FAE04EC0-301F-11D3-BF4B-00C04F79EFBC}") = "Unity.PerformanceTesting", "Unity.PerformanceTesting.Player.csproj", "{2B234E3A-9170-CD6B-40FD-EA1D6B4D04A1}"
EndProject
Project("{FAE04EC0-301F-11D3-BF4B-00C04F79EFBC}") = "SteamVR", "SteamVR.Player.csproj", "{FB768DCB-9DC6-5D5A-144D-CA611CC75D75}"
EndProject
Project("{FAE04EC0-301F-11D3-BF4B-00C04F79EFBC}") = "Unity.TextMeshPro", "Unity.TextMeshPro.Player.csproj", "{6CE9EAFC-6101-0504-7726-4E1F432AFB2F}"
EndProject
Project("{FAE04EC0-301F-11D3-BF4B-00C04F79EFBC}") = "SettingsManagerModules", "SettingsManagerModules.Player.csproj", "{D8377EE3-5C5B-8D8B-AA23-8A5C1FA4E3F9}"
EndProject
Project("{FAE04EC0-301F-11D3-BF4B-00C04F79EFBC}") = "Unity.Rendering.LightTransport.Runtime", "Unity.Rendering.LightTransport.Runtime.Player.csproj", "{7FB1E75E-923B-7F30-0656-443C85384080}"
EndProject
Project("{FAE04EC0-301F-11D3-BF4B-00C04F79EFBC}") = "SteamAudioUnity", "SteamAudioUnity.Player.csproj", "{CDA04B3D-6425-E9C6-B03E-DC0057B02EA1}"
EndProject
Project("{FAE04EC0-301F-11D3-BF4B-00C04F79EFBC}") = "uLipSync.Samples.Common", "uLipSync.Samples.Common.Player.csproj", "{EF5E9065-7953-965C-56F6-3026916F89EE}"
EndProject
Project("{FAE04EC0-301F-11D3-BF4B-00C04F79EFBC}") = "SteamVR_Actions", "SteamVR_Actions.Player.csproj", "{696814CE-6DDB-C704-9110-00212F83A8B0}"
EndProject
Project("{FAE04EC0-301F-11D3-BF4B-00C04F79EFBC}") = "Basis", "Basis.Player.csproj", "{124F5513-4C68-58AD-19F1-A854B5CA95C6}"
EndProject
Project("{FAE04EC0-301F-11D3-BF4B-00C04F79EFBC}") = "BasisOpenVR", "BasisOpenVR.Player.csproj", "{95774FCB-88CB-C67D-AA9A-5F1F78D39992}"
EndProject
Project("{FAE04EC0-301F-11D3-BF4B-00C04F79EFBC}") = "BasisExamples", "BasisExamples.Player.csproj", "{11608E0E-43FC-14E9-D893-37B58DF7B572}"
EndProject
Project("{FAE04EC0-301F-11D3-BF4B-00C04F79EFBC}") = "AudioLink", "AudioLink.Player.csproj", "{9EEE84CB-6238-0E6D-0031-6E94E3C184B9}"
EndProject
Project("{FAE04EC0-301F-11D3-BF4B-00C04F79EFBC}") = "Unity.XR.OpenVR", "Unity.XR.OpenVR.Player.csproj", "{387ADCC1-E040-3BE5-7499-99A6DCAD8C09}"
EndProject
Project("{FAE04EC0-301F-11D3-BF4B-00C04F79EFBC}") = "Unity.InputSystem.ForUI", "Unity.InputSystem.ForUI.Player.csproj", "{4EB18A6B-A87A-D231-704E-5810356048D3}"
EndProject
Project("{FAE04EC0-301F-11D3-BF4B-00C04F79EFBC}") = "HVR.Basis.Comms", "HVR.Basis.Comms.Player.csproj", "{0269DA6D-85CF-8AF1-668B-269A09BF1E90}"
EndProject
Project("{FAE04EC0-301F-11D3-BF4B-00C04F79EFBC}") = "Unity.Addressables", "Unity.Addressables.Player.csproj", "{C4355E41-6C6D-0ACC-49DD-DA783116962A}"
EndProject
Project("{FAE04EC0-301F-11D3-BF4B-00C04F79EFBC}") = "Unity.XR.Management", "Unity.XR.Management.Player.csproj", "{8B4136B2-C47A-CB5D-D7A7-58121908000A}"
EndProject
Project("{FAE04EC0-301F-11D3-BF4B-00C04F79EFBC}") = "Unity.InputSystem.TestFramework", "Unity.InputSystem.TestFramework.Player.csproj", "{6B96BD59-DE06-A0BD-B95D-6EBB46BB93E6}"
EndProject
Project("{FAE04EC0-301F-11D3-BF4B-00C04F79EFBC}") = "RNNoiseIntergration", "RNNoiseIntergration.Player.csproj", "{013ACA8D-A47E-B51D-E2A2-8F66CDAF5391}"
EndProject
Project("{FAE04EC0-301F-11D3-BF4B-00C04F79EFBC}") = "BasisNetworkServer", "BasisNetworkServer.Player.csproj", "{FD169F70-2E7D-A8DC-09BC-7C11FDDDA3BE}"
EndProject
Project("{FAE04EC0-301F-11D3-BF4B-00C04F79EFBC}") = "Unity.Profiling.Core", "Unity.Profiling.Core.Player.csproj", "{6BBBD315-ECDD-05DF-0C5E-C40525E05D84}"
EndProject
Project("{FAE04EC0-301F-11D3-BF4B-00C04F79EFBC}") = "Unity.XR.OpenXR.Features.ConformanceAutomation", "Unity.XR.OpenXR.Features.ConformanceAutomation.Player.csproj", "{63B746AA-D802-FB91-2322-6F0B67538941}"
EndProject
Project("{FAE04EC0-301F-11D3-BF4B-00C04F79EFBC}") = "Unity.Animation.Rigging.DocCodeExamples", "Unity.Animation.Rigging.DocCodeExamples.Player.csproj", "{4951FCF8-1DF8-EC90-B0F7-2F0638A54C78}"
EndProject
Project("{FAE04EC0-301F-11D3-BF4B-00C04F79EFBC}") = "BasisCommon", "BasisCommon.Player.csproj", "{EF22C4C8-B6DE-E03F-05C0-8FB98A34E7AC}"
EndProject
Project("{FAE04EC0-301F-11D3-BF4B-00C04F79EFBC}") = "Unity.XR.OpenXR.Features.MockRuntime", "Unity.XR.OpenXR.Features.MockRuntime.Player.csproj", "{F97A8911-3E6A-757B-D8BF-789A3E6CBF9B}"
EndProject
Project("{FAE04EC0-301F-11D3-BF4B-00C04F79EFBC}") = "Unity.RenderPipeline.Universal.ShaderLibrary", "Unity.RenderPipeline.Universal.ShaderLibrary.Player.csproj", "{1DA63196-C066-73A8-E6F2-A0BA3591CD46}"
EndProject
Project("{FAE04EC0-301F-11D3-BF4B-00C04F79EFBC}") = "BasisGizmos", "BasisGizmos.Player.csproj", "{54F4173D-DF68-10B7-F22D-C5F9A17549F0}"
EndProject
Project("{FAE04EC0-301F-11D3-BF4B-00C04F79EFBC}") = "OpusIntergration", "OpusIntergration.Player.csproj", "{DF514CAF-2647-2A15-C6A6-D2ACFDEAF465}"
EndProject
Project("{FAE04EC0-301F-11D3-BF4B-00C04F79EFBC}") = "SMUniversalRenderPipeline", "SMUniversalRenderPipeline.Player.csproj", "{0F2C3441-AF19-7E5C-9F7A-7C96548A6A50}"
EndProject
Project("{FAE04EC0-301F-11D3-BF4B-00C04F79EFBC}") = "UnityEngine.SpatialTracking", "UnityEngine.SpatialTracking.Player.csproj", "{CFA62030-B13F-05BF-B293-155FBAF2126D}"
EndProject
Project("{FAE04EC0-301F-11D3-BF4B-00C04F79EFBC}") = "BasisOpenXR", "BasisOpenXR.Player.csproj", "{E1A3FF1E-4ADE-6580-96C2-A6600A40E063}"
EndProject
Project("{FAE04EC0-301F-11D3-BF4B-00C04F79EFBC}") = "BasisConsoleDisplay", "BasisConsoleDisplay.Player.csproj", "{CF1F62B4-C790-A0DE-570C-616C83620412}"
EndProject
Project("{FAE04EC0-301F-11D3-BF4B-00C04F79EFBC}") = "UnityEngine.XR.LegacyInputHelpers", "UnityEngine.XR.LegacyInputHelpers.Player.csproj", "{1F5FB91B-8DF1-54F9-19C0-15E778F403AF}"
EndProject
Project("{FAE04EC0-301F-11D3-BF4B-00C04F79EFBC}") = "uLipSync.Samples.RuntimeSetup.Runtime", "uLipSync.Samples.RuntimeSetup.Runtime.Player.csproj", "{EEE2C22D-1C6F-A3E4-01F8-AD701C358FA5}"
EndProject
Project("{FAE04EC0-301F-11D3-BF4B-00C04F79EFBC}") = "Unity.RenderPipelines.Universal.Shaders", "Unity.RenderPipelines.Universal.Shaders.Player.csproj", "{BCEE7EE0-9799-2779-98C1-B15D777CC71C}"
EndProject
Project("{FAE04EC0-301F-11D3-BF4B-00C04F79EFBC}") = "Unity.RenderPipelines.Core.Runtime.Shared", "Unity.RenderPipelines.Core.Runtime.Shared.Player.csproj", "{A7D86D75-D8B7-48A5-5C8A-24EEBAEBBEE7}"
EndProject
Project("{FAE04EC0-301F-11D3-BF4B-00C04F79EFBC}") = "BasisNetworkClient", "BasisNetworkClient.Player.csproj", "{DC0081B6-1390-F4E0-EAF1-7A2D1A834112}"
EndProject
Project("{FAE04EC0-301F-11D3-BF4B-00C04F79EFBC}") = "Unity.MemoryProfiler", "Unity.MemoryProfiler.Player.csproj", "{D8296E33-235D-83A8-24AE-F10DFF534A8E}"
EndProject
Project("{FAE04EC0-301F-11D3-BF4B-00C04F79EFBC}") = "uLipSync.Samples.VRM.Runtime", "uLipSync.Samples.VRM.Runtime.Player.csproj", "{1B71F6A7-4C9A-2563-A8DD-49718FC20BC8}"
EndProject
Project("{FAE04EC0-301F-11D3-BF4B-00C04F79EFBC}") = "Unity.ScriptableBuildPipeline", "Unity.ScriptableBuildPipeline.Player.csproj", "{444D33C6-966D-E5D3-7C0E-F3B1B957A10B}"
EndProject
Project("{FAE04EC0-301F-11D3-BF4B-00C04F79EFBC}") = "Unity.XR.OpenXR.Features.OculusQuestSupport", "Unity.XR.OpenXR.Features.OculusQuestSupport.Player.csproj", "{E307926F-83BD-1C71-0256-F9A319A2B03B}"
EndProject
Project("{FAE04EC0-301F-11D3-BF4B-00C04F79EFBC}") = "Unity.XR.OpenXR.Features.RuntimeDebugger", "Unity.XR.OpenXR.Features.RuntimeDebugger.Player.csproj", "{C028DA96-C126-71C1-50B9-079DABFA5D7E}"
EndProject
Project("{FAE04EC0-301F-11D3-BF4B-00C04F79EFBC}") = "Unity.XR.OpenXR.Features.MetaQuestSupport", "Unity.XR.OpenXR.Features.MetaQuestSupport.Player.csproj", "{BC4DBAAD-6FC4-4323-7CB6-FE32BF46F2D8}"
EndProject
Project("{FAE04EC0-301F-11D3-BF4B-00C04F79EFBC}") = "Unity.RenderPipelines.Universal.Config.Runtime", "Unity.RenderPipelines.Universal.Config.Runtime.Player.csproj", "{2AD2D43B-D514-4008-1CBA-AA0075CBE87C}"
EndProject
Project("{FAE04EC0-301F-11D3-BF4B-00C04F79EFBC}") = "Unity.RenderPipelines.ShaderGraph.ShaderGraphLibrary", "Unity.RenderPipelines.ShaderGraph.ShaderGraphLibrary.Player.csproj", "{5025CC08-A9C4-9A35-5163-46FB02A8C9C0}"
EndProject
Project("{FAE04EC0-301F-11D3-BF4B-00C04F79EFBC}") = "Unity.RenderPipelines.Core.ShaderLibrary", "Unity.RenderPipelines.Core.ShaderLibrary.Player.csproj", "{183E223A-3231-B1C4-63EB-1806AEFAE7DB}"
EndProject
Global
	GlobalSection(SolutionConfigurationPlatforms) = preSolution
		Debug|Any CPU = Debug|Any CPU
		Release|Any CPU = Release|Any CPU
	EndGlobalSection
	GlobalSection(ProjectConfigurationPlatforms) = postSolution
		{0C7858BF-8AD9-1919-5D34-DB42764350DD}.Debug|Any CPU.ActiveCfg = Debug|Any CPU
		{0C7858BF-8AD9-1919-5D34-DB42764350DD}.Debug|Any CPU.Build.0 = Debug|Any CPU
		{0C7858BF-8AD9-1919-5D34-DB42764350DD}.Release|Any CPU.ActiveCfg = Release|Any CPU
		{0C7858BF-8AD9-1919-5D34-DB42764350DD}.Release|Any CPU.Build.0 = Release|Any CPU
		{DC714E74-5EC9-073F-4DE3-F46D335E3732}.Debug|Any CPU.ActiveCfg = Debug|Any CPU
		{DC714E74-5EC9-073F-4DE3-F46D335E3732}.Debug|Any CPU.Build.0 = Debug|Any CPU
		{DC714E74-5EC9-073F-4DE3-F46D335E3732}.Release|Any CPU.ActiveCfg = Release|Any CPU
		{DC714E74-5EC9-073F-4DE3-F46D335E3732}.Release|Any CPU.Build.0 = Release|Any CPU
		{6A9DC5C7-FEAE-9761-A55B-33D1046C9539}.Debug|Any CPU.ActiveCfg = Debug|Any CPU
		{6A9DC5C7-FEAE-9761-A55B-33D1046C9539}.Debug|Any CPU.Build.0 = Debug|Any CPU
		{6A9DC5C7-FEAE-9761-A55B-33D1046C9539}.Release|Any CPU.ActiveCfg = Release|Any CPU
		{6A9DC5C7-FEAE-9761-A55B-33D1046C9539}.Release|Any CPU.Build.0 = Release|Any CPU
		{DF43BDCD-51A8-FF09-9DBA-51E1CA9628C8}.Debug|Any CPU.ActiveCfg = Debug|Any CPU
		{DF43BDCD-51A8-FF09-9DBA-51E1CA9628C8}.Debug|Any CPU.Build.0 = Debug|Any CPU
		{DF43BDCD-51A8-FF09-9DBA-51E1CA9628C8}.Release|Any CPU.ActiveCfg = Release|Any CPU
		{DF43BDCD-51A8-FF09-9DBA-51E1CA9628C8}.Release|Any CPU.Build.0 = Release|Any CPU
		{717597A4-5362-4465-80D3-ADBBE3E2D48B}.Debug|Any CPU.ActiveCfg = Debug|Any CPU
		{717597A4-5362-4465-80D3-ADBBE3E2D48B}.Debug|Any CPU.Build.0 = Debug|Any CPU
		{717597A4-5362-4465-80D3-ADBBE3E2D48B}.Release|Any CPU.ActiveCfg = Release|Any CPU
		{717597A4-5362-4465-80D3-ADBBE3E2D48B}.Release|Any CPU.Build.0 = Release|Any CPU
		{77384B66-E1F1-81D2-A7D4-DE9C0D616462}.Debug|Any CPU.ActiveCfg = Debug|Any CPU
		{77384B66-E1F1-81D2-A7D4-DE9C0D616462}.Debug|Any CPU.Build.0 = Debug|Any CPU
		{77384B66-E1F1-81D2-A7D4-DE9C0D616462}.Release|Any CPU.ActiveCfg = Release|Any CPU
		{77384B66-E1F1-81D2-A7D4-DE9C0D616462}.Release|Any CPU.Build.0 = Release|Any CPU
		{A371D93F-FAFE-741A-2FDF-831A15DB4971}.Debug|Any CPU.ActiveCfg = Debug|Any CPU
		{A371D93F-FAFE-741A-2FDF-831A15DB4971}.Debug|Any CPU.Build.0 = Debug|Any CPU
		{A371D93F-FAFE-741A-2FDF-831A15DB4971}.Release|Any CPU.ActiveCfg = Release|Any CPU
		{A371D93F-FAFE-741A-2FDF-831A15DB4971}.Release|Any CPU.Build.0 = Release|Any CPU
		{BAA59654-9DD3-DC0F-B68F-7D8DF6AE151E}.Debug|Any CPU.ActiveCfg = Debug|Any CPU
		{BAA59654-9DD3-DC0F-B68F-7D8DF6AE151E}.Debug|Any CPU.Build.0 = Debug|Any CPU
		{BAA59654-9DD3-DC0F-B68F-7D8DF6AE151E}.Release|Any CPU.ActiveCfg = Release|Any CPU
		{BAA59654-9DD3-DC0F-B68F-7D8DF6AE151E}.Release|Any CPU.Build.0 = Release|Any CPU
		{85D538FC-8B86-C1BE-5F17-A178F79FC783}.Debug|Any CPU.ActiveCfg = Debug|Any CPU
		{85D538FC-8B86-C1BE-5F17-A178F79FC783}.Debug|Any CPU.Build.0 = Debug|Any CPU
		{85D538FC-8B86-C1BE-5F17-A178F79FC783}.Release|Any CPU.ActiveCfg = Release|Any CPU
		{85D538FC-8B86-C1BE-5F17-A178F79FC783}.Release|Any CPU.Build.0 = Release|Any CPU
		{243A42A2-AB81-CC77-0840-0D25DACA0F8D}.Debug|Any CPU.ActiveCfg = Debug|Any CPU
		{243A42A2-AB81-CC77-0840-0D25DACA0F8D}.Debug|Any CPU.Build.0 = Debug|Any CPU
		{243A42A2-AB81-CC77-0840-0D25DACA0F8D}.Release|Any CPU.ActiveCfg = Release|Any CPU
		{243A42A2-AB81-CC77-0840-0D25DACA0F8D}.Release|Any CPU.Build.0 = Release|Any CPU
		{A64C1E3B-83FA-0FAE-9B9C-D3A2DC04AB7F}.Debug|Any CPU.ActiveCfg = Debug|Any CPU
		{A64C1E3B-83FA-0FAE-9B9C-D3A2DC04AB7F}.Debug|Any CPU.Build.0 = Debug|Any CPU
		{A64C1E3B-83FA-0FAE-9B9C-D3A2DC04AB7F}.Release|Any CPU.ActiveCfg = Release|Any CPU
		{A64C1E3B-83FA-0FAE-9B9C-D3A2DC04AB7F}.Release|Any CPU.Build.0 = Release|Any CPU
		{925FF0C2-35CC-5839-C027-362A8E1E70FB}.Debug|Any CPU.ActiveCfg = Debug|Any CPU
		{925FF0C2-35CC-5839-C027-362A8E1E70FB}.Debug|Any CPU.Build.0 = Debug|Any CPU
		{925FF0C2-35CC-5839-C027-362A8E1E70FB}.Release|Any CPU.ActiveCfg = Release|Any CPU
		{925FF0C2-35CC-5839-C027-362A8E1E70FB}.Release|Any CPU.Build.0 = Release|Any CPU
		{35B8575F-6CA1-5180-BF02-EC9B34953195}.Debug|Any CPU.ActiveCfg = Debug|Any CPU
		{35B8575F-6CA1-5180-BF02-EC9B34953195}.Debug|Any CPU.Build.0 = Debug|Any CPU
		{35B8575F-6CA1-5180-BF02-EC9B34953195}.Release|Any CPU.ActiveCfg = Release|Any CPU
		{35B8575F-6CA1-5180-BF02-EC9B34953195}.Release|Any CPU.Build.0 = Release|Any CPU
		{87B56846-4AF3-9EE9-3C23-A24E328AAE29}.Debug|Any CPU.ActiveCfg = Debug|Any CPU
		{87B56846-4AF3-9EE9-3C23-A24E328AAE29}.Debug|Any CPU.Build.0 = Debug|Any CPU
		{87B56846-4AF3-9EE9-3C23-A24E328AAE29}.Release|Any CPU.ActiveCfg = Release|Any CPU
		{87B56846-4AF3-9EE9-3C23-A24E328AAE29}.Release|Any CPU.Build.0 = Release|Any CPU
		{96DA5C02-98A0-7840-4DC7-22BE4CA4B95B}.Debug|Any CPU.ActiveCfg = Debug|Any CPU
		{96DA5C02-98A0-7840-4DC7-22BE4CA4B95B}.Debug|Any CPU.Build.0 = Debug|Any CPU
		{96DA5C02-98A0-7840-4DC7-22BE4CA4B95B}.Release|Any CPU.ActiveCfg = Release|Any CPU
		{96DA5C02-98A0-7840-4DC7-22BE4CA4B95B}.Release|Any CPU.Build.0 = Release|Any CPU
		{3C0C3693-B669-9579-2489-F110454C9E4A}.Debug|Any CPU.ActiveCfg = Debug|Any CPU
		{3C0C3693-B669-9579-2489-F110454C9E4A}.Debug|Any CPU.Build.0 = Debug|Any CPU
		{3C0C3693-B669-9579-2489-F110454C9E4A}.Release|Any CPU.ActiveCfg = Release|Any CPU
		{3C0C3693-B669-9579-2489-F110454C9E4A}.Release|Any CPU.Build.0 = Release|Any CPU
		{63941DFB-9C6F-F1CD-9F81-EC092CC70F2C}.Debug|Any CPU.ActiveCfg = Debug|Any CPU
		{63941DFB-9C6F-F1CD-9F81-EC092CC70F2C}.Debug|Any CPU.Build.0 = Debug|Any CPU
		{63941DFB-9C6F-F1CD-9F81-EC092CC70F2C}.Release|Any CPU.ActiveCfg = Release|Any CPU
		{63941DFB-9C6F-F1CD-9F81-EC092CC70F2C}.Release|Any CPU.Build.0 = Release|Any CPU
		{2028847B-73B5-2647-0FF7-D49F83B05D50}.Debug|Any CPU.ActiveCfg = Debug|Any CPU
		{2028847B-73B5-2647-0FF7-D49F83B05D50}.Debug|Any CPU.Build.0 = Debug|Any CPU
		{2028847B-73B5-2647-0FF7-D49F83B05D50}.Release|Any CPU.ActiveCfg = Release|Any CPU
		{2028847B-73B5-2647-0FF7-D49F83B05D50}.Release|Any CPU.Build.0 = Release|Any CPU
		{8F924664-FF1E-5EAA-174A-19E7B9917366}.Debug|Any CPU.ActiveCfg = Debug|Any CPU
		{8F924664-FF1E-5EAA-174A-19E7B9917366}.Debug|Any CPU.Build.0 = Debug|Any CPU
		{8F924664-FF1E-5EAA-174A-19E7B9917366}.Release|Any CPU.ActiveCfg = Release|Any CPU
		{8F924664-FF1E-5EAA-174A-19E7B9917366}.Release|Any CPU.Build.0 = Release|Any CPU
		{40D7A2E5-8DB4-54D4-B1CB-528CD9E76CAB}.Debug|Any CPU.ActiveCfg = Debug|Any CPU
		{40D7A2E5-8DB4-54D4-B1CB-528CD9E76CAB}.Debug|Any CPU.Build.0 = Debug|Any CPU
		{40D7A2E5-8DB4-54D4-B1CB-528CD9E76CAB}.Release|Any CPU.ActiveCfg = Release|Any CPU
		{40D7A2E5-8DB4-54D4-B1CB-528CD9E76CAB}.Release|Any CPU.Build.0 = Release|Any CPU
		{42548BE9-E33B-49B5-C6B0-5F1EB6ED2266}.Debug|Any CPU.ActiveCfg = Debug|Any CPU
		{42548BE9-E33B-49B5-C6B0-5F1EB6ED2266}.Debug|Any CPU.Build.0 = Debug|Any CPU
		{42548BE9-E33B-49B5-C6B0-5F1EB6ED2266}.Release|Any CPU.ActiveCfg = Release|Any CPU
		{42548BE9-E33B-49B5-C6B0-5F1EB6ED2266}.Release|Any CPU.Build.0 = Release|Any CPU
		{DD31C617-E8EB-BD33-8197-B187D274E9B9}.Debug|Any CPU.ActiveCfg = Debug|Any CPU
		{DD31C617-E8EB-BD33-8197-B187D274E9B9}.Debug|Any CPU.Build.0 = Debug|Any CPU
		{DD31C617-E8EB-BD33-8197-B187D274E9B9}.Release|Any CPU.ActiveCfg = Release|Any CPU
		{DD31C617-E8EB-BD33-8197-B187D274E9B9}.Release|Any CPU.Build.0 = Release|Any CPU
		{9063616A-6E70-ACDB-8581-F899B217EC34}.Debug|Any CPU.ActiveCfg = Debug|Any CPU
		{9063616A-6E70-ACDB-8581-F899B217EC34}.Debug|Any CPU.Build.0 = Debug|Any CPU
		{9063616A-6E70-ACDB-8581-F899B217EC34}.Release|Any CPU.ActiveCfg = Release|Any CPU
		{9063616A-6E70-ACDB-8581-F899B217EC34}.Release|Any CPU.Build.0 = Release|Any CPU
		{018990DA-929A-57A9-CA41-357CE882AC2B}.Debug|Any CPU.ActiveCfg = Debug|Any CPU
		{018990DA-929A-57A9-CA41-357CE882AC2B}.Debug|Any CPU.Build.0 = Debug|Any CPU
		{018990DA-929A-57A9-CA41-357CE882AC2B}.Release|Any CPU.ActiveCfg = Release|Any CPU
		{018990DA-929A-57A9-CA41-357CE882AC2B}.Release|Any CPU.Build.0 = Release|Any CPU
		{1B6913EF-B0AF-27A0-F781-62E8DCB2482B}.Debug|Any CPU.ActiveCfg = Debug|Any CPU
		{1B6913EF-B0AF-27A0-F781-62E8DCB2482B}.Debug|Any CPU.Build.0 = Debug|Any CPU
		{1B6913EF-B0AF-27A0-F781-62E8DCB2482B}.Release|Any CPU.ActiveCfg = Release|Any CPU
		{1B6913EF-B0AF-27A0-F781-62E8DCB2482B}.Release|Any CPU.Build.0 = Release|Any CPU
		{D3224568-04C0-AF5B-A872-4CD2DB1364E8}.Debug|Any CPU.ActiveCfg = Debug|Any CPU
		{D3224568-04C0-AF5B-A872-4CD2DB1364E8}.Debug|Any CPU.Build.0 = Debug|Any CPU
		{D3224568-04C0-AF5B-A872-4CD2DB1364E8}.Release|Any CPU.ActiveCfg = Release|Any CPU
		{D3224568-04C0-AF5B-A872-4CD2DB1364E8}.Release|Any CPU.Build.0 = Release|Any CPU
		{8BF518C1-F312-98D4-8BEE-46104ED023B8}.Debug|Any CPU.ActiveCfg = Debug|Any CPU
		{8BF518C1-F312-98D4-8BEE-46104ED023B8}.Debug|Any CPU.Build.0 = Debug|Any CPU
		{8BF518C1-F312-98D4-8BEE-46104ED023B8}.Release|Any CPU.ActiveCfg = Release|Any CPU
		{8BF518C1-F312-98D4-8BEE-46104ED023B8}.Release|Any CPU.Build.0 = Release|Any CPU
		{ED37DE10-E791-E81B-58BB-DFED66DFB516}.Debug|Any CPU.ActiveCfg = Debug|Any CPU
		{ED37DE10-E791-E81B-58BB-DFED66DFB516}.Debug|Any CPU.Build.0 = Debug|Any CPU
		{ED37DE10-E791-E81B-58BB-DFED66DFB516}.Release|Any CPU.ActiveCfg = Release|Any CPU
		{ED37DE10-E791-E81B-58BB-DFED66DFB516}.Release|Any CPU.Build.0 = Release|Any CPU
		{5D90C2CE-4D24-C4B2-D931-AF259788D756}.Debug|Any CPU.ActiveCfg = Debug|Any CPU
		{5D90C2CE-4D24-C4B2-D931-AF259788D756}.Debug|Any CPU.Build.0 = Debug|Any CPU
		{5D90C2CE-4D24-C4B2-D931-AF259788D756}.Release|Any CPU.ActiveCfg = Release|Any CPU
		{5D90C2CE-4D24-C4B2-D931-AF259788D756}.Release|Any CPU.Build.0 = Release|Any CPU
		{28CA39C5-14D9-90FA-F69F-E0CD14DF7C18}.Debug|Any CPU.ActiveCfg = Debug|Any CPU
		{28CA39C5-14D9-90FA-F69F-E0CD14DF7C18}.Debug|Any CPU.Build.0 = Debug|Any CPU
		{28CA39C5-14D9-90FA-F69F-E0CD14DF7C18}.Release|Any CPU.ActiveCfg = Release|Any CPU
		{28CA39C5-14D9-90FA-F69F-E0CD14DF7C18}.Release|Any CPU.Build.0 = Release|Any CPU
		{D5A56615-0A94-B80E-97D5-F769C7D006C6}.Debug|Any CPU.ActiveCfg = Debug|Any CPU
		{D5A56615-0A94-B80E-97D5-F769C7D006C6}.Debug|Any CPU.Build.0 = Debug|Any CPU
		{D5A56615-0A94-B80E-97D5-F769C7D006C6}.Release|Any CPU.ActiveCfg = Release|Any CPU
		{D5A56615-0A94-B80E-97D5-F769C7D006C6}.Release|Any CPU.Build.0 = Release|Any CPU
		{1EA2F8A1-3617-1ABF-BEFC-366371B30D34}.Debug|Any CPU.ActiveCfg = Debug|Any CPU
		{1EA2F8A1-3617-1ABF-BEFC-366371B30D34}.Debug|Any CPU.Build.0 = Debug|Any CPU
		{1EA2F8A1-3617-1ABF-BEFC-366371B30D34}.Release|Any CPU.ActiveCfg = Release|Any CPU
		{1EA2F8A1-3617-1ABF-BEFC-366371B30D34}.Release|Any CPU.Build.0 = Release|Any CPU
		{AA52F76D-47C6-E3F4-5813-2BEAE85E47CE}.Debug|Any CPU.ActiveCfg = Debug|Any CPU
		{AA52F76D-47C6-E3F4-5813-2BEAE85E47CE}.Debug|Any CPU.Build.0 = Debug|Any CPU
		{AA52F76D-47C6-E3F4-5813-2BEAE85E47CE}.Release|Any CPU.ActiveCfg = Release|Any CPU
		{AA52F76D-47C6-E3F4-5813-2BEAE85E47CE}.Release|Any CPU.Build.0 = Release|Any CPU
		{F6269857-82E5-24BE-11A2-ADB526C45B83}.Debug|Any CPU.ActiveCfg = Debug|Any CPU
		{F6269857-82E5-24BE-11A2-ADB526C45B83}.Debug|Any CPU.Build.0 = Debug|Any CPU
		{F6269857-82E5-24BE-11A2-ADB526C45B83}.Release|Any CPU.ActiveCfg = Release|Any CPU
		{F6269857-82E5-24BE-11A2-ADB526C45B83}.Release|Any CPU.Build.0 = Release|Any CPU
		{F1E8AD3C-2B52-44CD-3C71-2609DE0B2CC9}.Debug|Any CPU.ActiveCfg = Debug|Any CPU
		{F1E8AD3C-2B52-44CD-3C71-2609DE0B2CC9}.Debug|Any CPU.Build.0 = Debug|Any CPU
		{F1E8AD3C-2B52-44CD-3C71-2609DE0B2CC9}.Release|Any CPU.ActiveCfg = Release|Any CPU
		{F1E8AD3C-2B52-44CD-3C71-2609DE0B2CC9}.Release|Any CPU.Build.0 = Release|Any CPU
		{321DF2C3-15B9-F485-45CA-0979D6931E9A}.Debug|Any CPU.ActiveCfg = Debug|Any CPU
		{321DF2C3-15B9-F485-45CA-0979D6931E9A}.Debug|Any CPU.Build.0 = Debug|Any CPU
		{321DF2C3-15B9-F485-45CA-0979D6931E9A}.Release|Any CPU.ActiveCfg = Release|Any CPU
		{321DF2C3-15B9-F485-45CA-0979D6931E9A}.Release|Any CPU.Build.0 = Release|Any CPU
		{70684CE5-0488-1866-615D-444B66C5A4AF}.Debug|Any CPU.ActiveCfg = Debug|Any CPU
		{70684CE5-0488-1866-615D-444B66C5A4AF}.Debug|Any CPU.Build.0 = Debug|Any CPU
		{70684CE5-0488-1866-615D-444B66C5A4AF}.Release|Any CPU.ActiveCfg = Release|Any CPU
		{70684CE5-0488-1866-615D-444B66C5A4AF}.Release|Any CPU.Build.0 = Release|Any CPU
		{B22B6533-B72D-2A4F-A3BE-2894F5345548}.Debug|Any CPU.ActiveCfg = Debug|Any CPU
		{B22B6533-B72D-2A4F-A3BE-2894F5345548}.Debug|Any CPU.Build.0 = Debug|Any CPU
		{B22B6533-B72D-2A4F-A3BE-2894F5345548}.Release|Any CPU.ActiveCfg = Release|Any CPU
		{B22B6533-B72D-2A4F-A3BE-2894F5345548}.Release|Any CPU.Build.0 = Release|Any CPU
		{F0B8E571-0857-B7A1-207A-4C43C00E11EC}.Debug|Any CPU.ActiveCfg = Debug|Any CPU
		{F0B8E571-0857-B7A1-207A-4C43C00E11EC}.Debug|Any CPU.Build.0 = Debug|Any CPU
		{F0B8E571-0857-B7A1-207A-4C43C00E11EC}.Release|Any CPU.ActiveCfg = Release|Any CPU
		{F0B8E571-0857-B7A1-207A-4C43C00E11EC}.Release|Any CPU.Build.0 = Release|Any CPU
		{3C7BCE2C-8283-BF19-CCA5-84133695B51A}.Debug|Any CPU.ActiveCfg = Debug|Any CPU
		{3C7BCE2C-8283-BF19-CCA5-84133695B51A}.Debug|Any CPU.Build.0 = Debug|Any CPU
		{3C7BCE2C-8283-BF19-CCA5-84133695B51A}.Release|Any CPU.ActiveCfg = Release|Any CPU
		{3C7BCE2C-8283-BF19-CCA5-84133695B51A}.Release|Any CPU.Build.0 = Release|Any CPU
		{755C4943-780E-63F2-6F9A-34A471D9ACB9}.Debug|Any CPU.ActiveCfg = Debug|Any CPU
		{755C4943-780E-63F2-6F9A-34A471D9ACB9}.Debug|Any CPU.Build.0 = Debug|Any CPU
		{755C4943-780E-63F2-6F9A-34A471D9ACB9}.Release|Any CPU.ActiveCfg = Release|Any CPU
		{755C4943-780E-63F2-6F9A-34A471D9ACB9}.Release|Any CPU.Build.0 = Release|Any CPU
		{DF64E76E-BBB0-9157-42FB-20946FDB6D89}.Debug|Any CPU.ActiveCfg = Debug|Any CPU
		{DF64E76E-BBB0-9157-42FB-20946FDB6D89}.Debug|Any CPU.Build.0 = Debug|Any CPU
		{DF64E76E-BBB0-9157-42FB-20946FDB6D89}.Release|Any CPU.ActiveCfg = Release|Any CPU
		{DF64E76E-BBB0-9157-42FB-20946FDB6D89}.Release|Any CPU.Build.0 = Release|Any CPU
		{92B0B383-4DE0-086E-092A-98763B2978D8}.Debug|Any CPU.ActiveCfg = Debug|Any CPU
		{92B0B383-4DE0-086E-092A-98763B2978D8}.Debug|Any CPU.Build.0 = Debug|Any CPU
		{92B0B383-4DE0-086E-092A-98763B2978D8}.Release|Any CPU.ActiveCfg = Release|Any CPU
		{92B0B383-4DE0-086E-092A-98763B2978D8}.Release|Any CPU.Build.0 = Release|Any CPU
		{5E3C6818-0C92-9036-06FE-DB72EC7D0128}.Debug|Any CPU.ActiveCfg = Debug|Any CPU
		{5E3C6818-0C92-9036-06FE-DB72EC7D0128}.Debug|Any CPU.Build.0 = Debug|Any CPU
		{5E3C6818-0C92-9036-06FE-DB72EC7D0128}.Release|Any CPU.ActiveCfg = Release|Any CPU
		{5E3C6818-0C92-9036-06FE-DB72EC7D0128}.Release|Any CPU.Build.0 = Release|Any CPU
		{B7947701-4E31-BC76-7937-86B32F59F1B7}.Debug|Any CPU.ActiveCfg = Debug|Any CPU
		{B7947701-4E31-BC76-7937-86B32F59F1B7}.Debug|Any CPU.Build.0 = Debug|Any CPU
		{B7947701-4E31-BC76-7937-86B32F59F1B7}.Release|Any CPU.ActiveCfg = Release|Any CPU
		{B7947701-4E31-BC76-7937-86B32F59F1B7}.Release|Any CPU.Build.0 = Release|Any CPU
		{1105B07C-2E34-F7AF-64D7-B4DE8A88D554}.Debug|Any CPU.ActiveCfg = Debug|Any CPU
		{1105B07C-2E34-F7AF-64D7-B4DE8A88D554}.Debug|Any CPU.Build.0 = Debug|Any CPU
		{1105B07C-2E34-F7AF-64D7-B4DE8A88D554}.Release|Any CPU.ActiveCfg = Release|Any CPU
		{1105B07C-2E34-F7AF-64D7-B4DE8A88D554}.Release|Any CPU.Build.0 = Release|Any CPU
		{87676060-DC2B-3B5A-05E1-C0C41E9BA092}.Debug|Any CPU.ActiveCfg = Debug|Any CPU
		{87676060-DC2B-3B5A-05E1-C0C41E9BA092}.Debug|Any CPU.Build.0 = Debug|Any CPU
		{87676060-DC2B-3B5A-05E1-C0C41E9BA092}.Release|Any CPU.ActiveCfg = Release|Any CPU
		{87676060-DC2B-3B5A-05E1-C0C41E9BA092}.Release|Any CPU.Build.0 = Release|Any CPU
		{D4F565D3-632F-3DDA-23C1-734AE9664942}.Debug|Any CPU.ActiveCfg = Debug|Any CPU
		{D4F565D3-632F-3DDA-23C1-734AE9664942}.Debug|Any CPU.Build.0 = Debug|Any CPU
		{D4F565D3-632F-3DDA-23C1-734AE9664942}.Release|Any CPU.ActiveCfg = Release|Any CPU
		{D4F565D3-632F-3DDA-23C1-734AE9664942}.Release|Any CPU.Build.0 = Release|Any CPU
		{FCADD616-EF6F-AA16-1D3F-000F1FC16B65}.Debug|Any CPU.ActiveCfg = Debug|Any CPU
		{FCADD616-EF6F-AA16-1D3F-000F1FC16B65}.Debug|Any CPU.Build.0 = Debug|Any CPU
		{FCADD616-EF6F-AA16-1D3F-000F1FC16B65}.Release|Any CPU.ActiveCfg = Release|Any CPU
		{FCADD616-EF6F-AA16-1D3F-000F1FC16B65}.Release|Any CPU.Build.0 = Release|Any CPU
		{B8783C1B-D910-8F91-0915-5390B11A049F}.Debug|Any CPU.ActiveCfg = Debug|Any CPU
		{B8783C1B-D910-8F91-0915-5390B11A049F}.Debug|Any CPU.Build.0 = Debug|Any CPU
		{B8783C1B-D910-8F91-0915-5390B11A049F}.Release|Any CPU.ActiveCfg = Release|Any CPU
		{B8783C1B-D910-8F91-0915-5390B11A049F}.Release|Any CPU.Build.0 = Release|Any CPU
		{11AE01D2-A8EF-2196-F0D3-51ED3E0DD522}.Debug|Any CPU.ActiveCfg = Debug|Any CPU
		{11AE01D2-A8EF-2196-F0D3-51ED3E0DD522}.Debug|Any CPU.Build.0 = Debug|Any CPU
		{11AE01D2-A8EF-2196-F0D3-51ED3E0DD522}.Release|Any CPU.ActiveCfg = Release|Any CPU
		{11AE01D2-A8EF-2196-F0D3-51ED3E0DD522}.Release|Any CPU.Build.0 = Release|Any CPU
		{729FF994-E2F2-AED0-C64D-31C6E43BBBEA}.Debug|Any CPU.ActiveCfg = Debug|Any CPU
		{729FF994-E2F2-AED0-C64D-31C6E43BBBEA}.Debug|Any CPU.Build.0 = Debug|Any CPU
		{729FF994-E2F2-AED0-C64D-31C6E43BBBEA}.Release|Any CPU.ActiveCfg = Release|Any CPU
		{729FF994-E2F2-AED0-C64D-31C6E43BBBEA}.Release|Any CPU.Build.0 = Release|Any CPU
		{5B71E279-39BF-3E00-DE46-9A26E3B3D06E}.Debug|Any CPU.ActiveCfg = Debug|Any CPU
		{5B71E279-39BF-3E00-DE46-9A26E3B3D06E}.Debug|Any CPU.Build.0 = Debug|Any CPU
		{5B71E279-39BF-3E00-DE46-9A26E3B3D06E}.Release|Any CPU.ActiveCfg = Release|Any CPU
		{5B71E279-39BF-3E00-DE46-9A26E3B3D06E}.Release|Any CPU.Build.0 = Release|Any CPU
		{8BE2C97A-6093-F03F-2CFE-4C8EA56DDE2D}.Debug|Any CPU.ActiveCfg = Debug|Any CPU
		{8BE2C97A-6093-F03F-2CFE-4C8EA56DDE2D}.Debug|Any CPU.Build.0 = Debug|Any CPU
		{8BE2C97A-6093-F03F-2CFE-4C8EA56DDE2D}.Release|Any CPU.ActiveCfg = Release|Any CPU
		{8BE2C97A-6093-F03F-2CFE-4C8EA56DDE2D}.Release|Any CPU.Build.0 = Release|Any CPU
		{5BEAC368-7D88-54CD-4680-0A51B641A945}.Debug|Any CPU.ActiveCfg = Debug|Any CPU
		{5BEAC368-7D88-54CD-4680-0A51B641A945}.Debug|Any CPU.Build.0 = Debug|Any CPU
		{5BEAC368-7D88-54CD-4680-0A51B641A945}.Release|Any CPU.ActiveCfg = Release|Any CPU
		{5BEAC368-7D88-54CD-4680-0A51B641A945}.Release|Any CPU.Build.0 = Release|Any CPU
		{FDC76367-65C1-EA51-7097-2FDD37DC81F9}.Debug|Any CPU.ActiveCfg = Debug|Any CPU
		{FDC76367-65C1-EA51-7097-2FDD37DC81F9}.Debug|Any CPU.Build.0 = Debug|Any CPU
		{FDC76367-65C1-EA51-7097-2FDD37DC81F9}.Release|Any CPU.ActiveCfg = Release|Any CPU
		{FDC76367-65C1-EA51-7097-2FDD37DC81F9}.Release|Any CPU.Build.0 = Release|Any CPU
		{9CAE8F65-859A-A8A7-94F4-D5877021EBDF}.Debug|Any CPU.ActiveCfg = Debug|Any CPU
		{9CAE8F65-859A-A8A7-94F4-D5877021EBDF}.Debug|Any CPU.Build.0 = Debug|Any CPU
		{9CAE8F65-859A-A8A7-94F4-D5877021EBDF}.Release|Any CPU.ActiveCfg = Release|Any CPU
		{9CAE8F65-859A-A8A7-94F4-D5877021EBDF}.Release|Any CPU.Build.0 = Release|Any CPU
		{EAE7A16E-3727-608A-8933-B4133E249D09}.Debug|Any CPU.ActiveCfg = Debug|Any CPU
		{EAE7A16E-3727-608A-8933-B4133E249D09}.Debug|Any CPU.Build.0 = Debug|Any CPU
		{EAE7A16E-3727-608A-8933-B4133E249D09}.Release|Any CPU.ActiveCfg = Release|Any CPU
		{EAE7A16E-3727-608A-8933-B4133E249D09}.Release|Any CPU.Build.0 = Release|Any CPU
		{1CA2C7F8-BE82-C370-D1BC-CDB0EB0A362A}.Debug|Any CPU.ActiveCfg = Debug|Any CPU
		{1CA2C7F8-BE82-C370-D1BC-CDB0EB0A362A}.Debug|Any CPU.Build.0 = Debug|Any CPU
		{1CA2C7F8-BE82-C370-D1BC-CDB0EB0A362A}.Release|Any CPU.ActiveCfg = Release|Any CPU
		{1CA2C7F8-BE82-C370-D1BC-CDB0EB0A362A}.Release|Any CPU.Build.0 = Release|Any CPU
		{4C015F07-AD9E-541F-F541-7832B6B0492E}.Debug|Any CPU.ActiveCfg = Debug|Any CPU
		{4C015F07-AD9E-541F-F541-7832B6B0492E}.Debug|Any CPU.Build.0 = Debug|Any CPU
		{4C015F07-AD9E-541F-F541-7832B6B0492E}.Release|Any CPU.ActiveCfg = Release|Any CPU
		{4C015F07-AD9E-541F-F541-7832B6B0492E}.Release|Any CPU.Build.0 = Release|Any CPU
		{C194AEB5-F671-0FCD-09D5-A7862C116D9A}.Debug|Any CPU.ActiveCfg = Debug|Any CPU
		{C194AEB5-F671-0FCD-09D5-A7862C116D9A}.Debug|Any CPU.Build.0 = Debug|Any CPU
		{C194AEB5-F671-0FCD-09D5-A7862C116D9A}.Release|Any CPU.ActiveCfg = Release|Any CPU
		{C194AEB5-F671-0FCD-09D5-A7862C116D9A}.Release|Any CPU.Build.0 = Release|Any CPU
		{FCBF21C7-2644-77CA-89EE-37FD0C3C4830}.Debug|Any CPU.ActiveCfg = Debug|Any CPU
		{FCBF21C7-2644-77CA-89EE-37FD0C3C4830}.Debug|Any CPU.Build.0 = Debug|Any CPU
		{FCBF21C7-2644-77CA-89EE-37FD0C3C4830}.Release|Any CPU.ActiveCfg = Release|Any CPU
		{FCBF21C7-2644-77CA-89EE-37FD0C3C4830}.Release|Any CPU.Build.0 = Release|Any CPU
		{8EFA90BF-227E-31D9-5C76-7A57834A00CC}.Debug|Any CPU.ActiveCfg = Debug|Any CPU
		{8EFA90BF-227E-31D9-5C76-7A57834A00CC}.Debug|Any CPU.Build.0 = Debug|Any CPU
		{8EFA90BF-227E-31D9-5C76-7A57834A00CC}.Release|Any CPU.ActiveCfg = Release|Any CPU
		{8EFA90BF-227E-31D9-5C76-7A57834A00CC}.Release|Any CPU.Build.0 = Release|Any CPU
		{CE3F4954-D86C-8783-1900-DB009A3A0DE7}.Debug|Any CPU.ActiveCfg = Debug|Any CPU
		{CE3F4954-D86C-8783-1900-DB009A3A0DE7}.Debug|Any CPU.Build.0 = Debug|Any CPU
		{CE3F4954-D86C-8783-1900-DB009A3A0DE7}.Release|Any CPU.ActiveCfg = Release|Any CPU
		{CE3F4954-D86C-8783-1900-DB009A3A0DE7}.Release|Any CPU.Build.0 = Release|Any CPU
		{2A328164-1214-8889-F194-529D452DD6B6}.Debug|Any CPU.ActiveCfg = Debug|Any CPU
		{2A328164-1214-8889-F194-529D452DD6B6}.Debug|Any CPU.Build.0 = Debug|Any CPU
		{2A328164-1214-8889-F194-529D452DD6B6}.Release|Any CPU.ActiveCfg = Release|Any CPU
		{2A328164-1214-8889-F194-529D452DD6B6}.Release|Any CPU.Build.0 = Release|Any CPU
		{56565B3C-6A52-36FE-BA97-8A12280C18FC}.Debug|Any CPU.ActiveCfg = Debug|Any CPU
		{56565B3C-6A52-36FE-BA97-8A12280C18FC}.Debug|Any CPU.Build.0 = Debug|Any CPU
		{56565B3C-6A52-36FE-BA97-8A12280C18FC}.Release|Any CPU.ActiveCfg = Release|Any CPU
		{56565B3C-6A52-36FE-BA97-8A12280C18FC}.Release|Any CPU.Build.0 = Release|Any CPU
		{BB1D41F0-EA01-6964-4152-CF145DEC8E4E}.Debug|Any CPU.ActiveCfg = Debug|Any CPU
		{BB1D41F0-EA01-6964-4152-CF145DEC8E4E}.Debug|Any CPU.Build.0 = Debug|Any CPU
		{BB1D41F0-EA01-6964-4152-CF145DEC8E4E}.Release|Any CPU.ActiveCfg = Release|Any CPU
		{BB1D41F0-EA01-6964-4152-CF145DEC8E4E}.Release|Any CPU.Build.0 = Release|Any CPU
		{A4434019-FA16-2B74-8090-44574B9A432E}.Debug|Any CPU.ActiveCfg = Debug|Any CPU
		{A4434019-FA16-2B74-8090-44574B9A432E}.Debug|Any CPU.Build.0 = Debug|Any CPU
		{A4434019-FA16-2B74-8090-44574B9A432E}.Release|Any CPU.ActiveCfg = Release|Any CPU
		{A4434019-FA16-2B74-8090-44574B9A432E}.Release|Any CPU.Build.0 = Release|Any CPU
		{717513D1-F8B5-B6FE-4C39-D2A9C930F812}.Debug|Any CPU.ActiveCfg = Debug|Any CPU
		{717513D1-F8B5-B6FE-4C39-D2A9C930F812}.Debug|Any CPU.Build.0 = Debug|Any CPU
		{717513D1-F8B5-B6FE-4C39-D2A9C930F812}.Release|Any CPU.ActiveCfg = Release|Any CPU
		{717513D1-F8B5-B6FE-4C39-D2A9C930F812}.Release|Any CPU.Build.0 = Release|Any CPU
		{E335A525-F4F4-409E-F15A-41B81B985F7A}.Debug|Any CPU.ActiveCfg = Debug|Any CPU
		{E335A525-F4F4-409E-F15A-41B81B985F7A}.Debug|Any CPU.Build.0 = Debug|Any CPU
		{E335A525-F4F4-409E-F15A-41B81B985F7A}.Release|Any CPU.ActiveCfg = Release|Any CPU
		{E335A525-F4F4-409E-F15A-41B81B985F7A}.Release|Any CPU.Build.0 = Release|Any CPU
		{F9D289AD-C93D-E36A-8D8B-5AD7A0F290FA}.Debug|Any CPU.ActiveCfg = Debug|Any CPU
		{F9D289AD-C93D-E36A-8D8B-5AD7A0F290FA}.Debug|Any CPU.Build.0 = Debug|Any CPU
		{F9D289AD-C93D-E36A-8D8B-5AD7A0F290FA}.Release|Any CPU.ActiveCfg = Release|Any CPU
		{F9D289AD-C93D-E36A-8D8B-5AD7A0F290FA}.Release|Any CPU.Build.0 = Release|Any CPU
		{24A6B370-BCDE-AF84-7953-ACDF0FF9B010}.Debug|Any CPU.ActiveCfg = Debug|Any CPU
		{24A6B370-BCDE-AF84-7953-ACDF0FF9B010}.Debug|Any CPU.Build.0 = Debug|Any CPU
		{24A6B370-BCDE-AF84-7953-ACDF0FF9B010}.Release|Any CPU.ActiveCfg = Release|Any CPU
		{24A6B370-BCDE-AF84-7953-ACDF0FF9B010}.Release|Any CPU.Build.0 = Release|Any CPU
		{836E9E5D-31AF-B5AA-56A8-9DBE42EAD2EA}.Debug|Any CPU.ActiveCfg = Debug|Any CPU
		{836E9E5D-31AF-B5AA-56A8-9DBE42EAD2EA}.Debug|Any CPU.Build.0 = Debug|Any CPU
		{836E9E5D-31AF-B5AA-56A8-9DBE42EAD2EA}.Release|Any CPU.ActiveCfg = Release|Any CPU
		{836E9E5D-31AF-B5AA-56A8-9DBE42EAD2EA}.Release|Any CPU.Build.0 = Release|Any CPU
		{957BB5E7-E496-1D7D-B3A4-9209E7B6B818}.Debug|Any CPU.ActiveCfg = Debug|Any CPU
		{957BB5E7-E496-1D7D-B3A4-9209E7B6B818}.Debug|Any CPU.Build.0 = Debug|Any CPU
		{957BB5E7-E496-1D7D-B3A4-9209E7B6B818}.Release|Any CPU.ActiveCfg = Release|Any CPU
		{957BB5E7-E496-1D7D-B3A4-9209E7B6B818}.Release|Any CPU.Build.0 = Release|Any CPU
		{487A2258-5374-814F-8B68-B0C063B1944F}.Debug|Any CPU.ActiveCfg = Debug|Any CPU
		{487A2258-5374-814F-8B68-B0C063B1944F}.Debug|Any CPU.Build.0 = Debug|Any CPU
		{487A2258-5374-814F-8B68-B0C063B1944F}.Release|Any CPU.ActiveCfg = Release|Any CPU
		{487A2258-5374-814F-8B68-B0C063B1944F}.Release|Any CPU.Build.0 = Release|Any CPU
		{ED673964-EBFB-EEAF-56E9-0BB85FBEFD63}.Debug|Any CPU.ActiveCfg = Debug|Any CPU
		{ED673964-EBFB-EEAF-56E9-0BB85FBEFD63}.Debug|Any CPU.Build.0 = Debug|Any CPU
		{ED673964-EBFB-EEAF-56E9-0BB85FBEFD63}.Release|Any CPU.ActiveCfg = Release|Any CPU
		{ED673964-EBFB-EEAF-56E9-0BB85FBEFD63}.Release|Any CPU.Build.0 = Release|Any CPU
		{7C8EB3CC-98C9-E613-F812-7982682EDB90}.Debug|Any CPU.ActiveCfg = Debug|Any CPU
		{7C8EB3CC-98C9-E613-F812-7982682EDB90}.Debug|Any CPU.Build.0 = Debug|Any CPU
		{7C8EB3CC-98C9-E613-F812-7982682EDB90}.Release|Any CPU.ActiveCfg = Release|Any CPU
		{7C8EB3CC-98C9-E613-F812-7982682EDB90}.Release|Any CPU.Build.0 = Release|Any CPU
		{DDDD4E69-EE47-2CDA-3738-F68A31929C07}.Debug|Any CPU.ActiveCfg = Debug|Any CPU
		{DDDD4E69-EE47-2CDA-3738-F68A31929C07}.Debug|Any CPU.Build.0 = Debug|Any CPU
		{DDDD4E69-EE47-2CDA-3738-F68A31929C07}.Release|Any CPU.ActiveCfg = Release|Any CPU
		{DDDD4E69-EE47-2CDA-3738-F68A31929C07}.Release|Any CPU.Build.0 = Release|Any CPU
		{BE47F325-6C14-6756-2579-D26BF8D4DAAB}.Debug|Any CPU.ActiveCfg = Debug|Any CPU
		{BE47F325-6C14-6756-2579-D26BF8D4DAAB}.Debug|Any CPU.Build.0 = Debug|Any CPU
		{BE47F325-6C14-6756-2579-D26BF8D4DAAB}.Release|Any CPU.ActiveCfg = Release|Any CPU
		{BE47F325-6C14-6756-2579-D26BF8D4DAAB}.Release|Any CPU.Build.0 = Release|Any CPU
		{7EA7F2BD-0CAD-E61D-F186-2B386C1CB1D4}.Debug|Any CPU.ActiveCfg = Debug|Any CPU
		{7EA7F2BD-0CAD-E61D-F186-2B386C1CB1D4}.Debug|Any CPU.Build.0 = Debug|Any CPU
		{7EA7F2BD-0CAD-E61D-F186-2B386C1CB1D4}.Release|Any CPU.ActiveCfg = Release|Any CPU
		{7EA7F2BD-0CAD-E61D-F186-2B386C1CB1D4}.Release|Any CPU.Build.0 = Release|Any CPU
		{C8033467-A512-80C8-3D8C-1178316DB5C7}.Debug|Any CPU.ActiveCfg = Debug|Any CPU
		{C8033467-A512-80C8-3D8C-1178316DB5C7}.Debug|Any CPU.Build.0 = Debug|Any CPU
		{C8033467-A512-80C8-3D8C-1178316DB5C7}.Release|Any CPU.ActiveCfg = Release|Any CPU
		{C8033467-A512-80C8-3D8C-1178316DB5C7}.Release|Any CPU.Build.0 = Release|Any CPU
		{15733EC6-7FD4-33EC-69E6-D13D62A9E79A}.Debug|Any CPU.ActiveCfg = Debug|Any CPU
		{15733EC6-7FD4-33EC-69E6-D13D62A9E79A}.Debug|Any CPU.Build.0 = Debug|Any CPU
		{15733EC6-7FD4-33EC-69E6-D13D62A9E79A}.Release|Any CPU.ActiveCfg = Release|Any CPU
		{15733EC6-7FD4-33EC-69E6-D13D62A9E79A}.Release|Any CPU.Build.0 = Release|Any CPU
		{A5BFBBE6-065E-D771-D1E1-D5DB709EFDAF}.Debug|Any CPU.ActiveCfg = Debug|Any CPU
		{A5BFBBE6-065E-D771-D1E1-D5DB709EFDAF}.Debug|Any CPU.Build.0 = Debug|Any CPU
		{A5BFBBE6-065E-D771-D1E1-D5DB709EFDAF}.Release|Any CPU.ActiveCfg = Release|Any CPU
		{A5BFBBE6-065E-D771-D1E1-D5DB709EFDAF}.Release|Any CPU.Build.0 = Release|Any CPU
		{0882AAFA-8ED0-A782-A780-C7BB6C36D80F}.Debug|Any CPU.ActiveCfg = Debug|Any CPU
		{0882AAFA-8ED0-A782-A780-C7BB6C36D80F}.Debug|Any CPU.Build.0 = Debug|Any CPU
		{0882AAFA-8ED0-A782-A780-C7BB6C36D80F}.Release|Any CPU.ActiveCfg = Release|Any CPU
		{0882AAFA-8ED0-A782-A780-C7BB6C36D80F}.Release|Any CPU.Build.0 = Release|Any CPU
		{0F3BE7F2-DBC0-2052-1313-4CD7A1DA1CA1}.Debug|Any CPU.ActiveCfg = Debug|Any CPU
		{0F3BE7F2-DBC0-2052-1313-4CD7A1DA1CA1}.Debug|Any CPU.Build.0 = Debug|Any CPU
		{0F3BE7F2-DBC0-2052-1313-4CD7A1DA1CA1}.Release|Any CPU.ActiveCfg = Release|Any CPU
		{0F3BE7F2-DBC0-2052-1313-4CD7A1DA1CA1}.Release|Any CPU.Build.0 = Release|Any CPU
		{FF079564-26FE-27CB-C451-F241001AAE27}.Debug|Any CPU.ActiveCfg = Debug|Any CPU
		{FF079564-26FE-27CB-C451-F241001AAE27}.Debug|Any CPU.Build.0 = Debug|Any CPU
		{FF079564-26FE-27CB-C451-F241001AAE27}.Release|Any CPU.ActiveCfg = Release|Any CPU
		{FF079564-26FE-27CB-C451-F241001AAE27}.Release|Any CPU.Build.0 = Release|Any CPU
		{8878EA97-F205-E3B7-E6BF-156C65949191}.Debug|Any CPU.ActiveCfg = Debug|Any CPU
		{8878EA97-F205-E3B7-E6BF-156C65949191}.Debug|Any CPU.Build.0 = Debug|Any CPU
		{8878EA97-F205-E3B7-E6BF-156C65949191}.Release|Any CPU.ActiveCfg = Release|Any CPU
		{8878EA97-F205-E3B7-E6BF-156C65949191}.Release|Any CPU.Build.0 = Release|Any CPU
		{C0CEEBD2-870E-2A66-097A-922E62AF30D0}.Debug|Any CPU.ActiveCfg = Debug|Any CPU
		{C0CEEBD2-870E-2A66-097A-922E62AF30D0}.Debug|Any CPU.Build.0 = Debug|Any CPU
		{C0CEEBD2-870E-2A66-097A-922E62AF30D0}.Release|Any CPU.ActiveCfg = Release|Any CPU
		{C0CEEBD2-870E-2A66-097A-922E62AF30D0}.Release|Any CPU.Build.0 = Release|Any CPU
		{630A7A46-5229-FBB0-D645-7233B4762B30}.Debug|Any CPU.ActiveCfg = Debug|Any CPU
		{630A7A46-5229-FBB0-D645-7233B4762B30}.Debug|Any CPU.Build.0 = Debug|Any CPU
		{630A7A46-5229-FBB0-D645-7233B4762B30}.Release|Any CPU.ActiveCfg = Release|Any CPU
		{630A7A46-5229-FBB0-D645-7233B4762B30}.Release|Any CPU.Build.0 = Release|Any CPU
		{31C3C206-ADCB-012C-C183-F463FA17772E}.Debug|Any CPU.ActiveCfg = Debug|Any CPU
		{31C3C206-ADCB-012C-C183-F463FA17772E}.Debug|Any CPU.Build.0 = Debug|Any CPU
		{31C3C206-ADCB-012C-C183-F463FA17772E}.Release|Any CPU.ActiveCfg = Release|Any CPU
		{31C3C206-ADCB-012C-C183-F463FA17772E}.Release|Any CPU.Build.0 = Release|Any CPU
		{9BA236A8-2375-5351-DC5D-17A698319F16}.Debug|Any CPU.ActiveCfg = Debug|Any CPU
		{9BA236A8-2375-5351-DC5D-17A698319F16}.Debug|Any CPU.Build.0 = Debug|Any CPU
		{9BA236A8-2375-5351-DC5D-17A698319F16}.Release|Any CPU.ActiveCfg = Release|Any CPU
		{9BA236A8-2375-5351-DC5D-17A698319F16}.Release|Any CPU.Build.0 = Release|Any CPU
		{F3C91742-4296-586B-5B41-95C9A60B90B8}.Debug|Any CPU.ActiveCfg = Debug|Any CPU
		{F3C91742-4296-586B-5B41-95C9A60B90B8}.Debug|Any CPU.Build.0 = Debug|Any CPU
		{F3C91742-4296-586B-5B41-95C9A60B90B8}.Release|Any CPU.ActiveCfg = Release|Any CPU
		{F3C91742-4296-586B-5B41-95C9A60B90B8}.Release|Any CPU.Build.0 = Release|Any CPU
		{08029F26-28A1-4AB3-2C3C-7CF1BC95930C}.Debug|Any CPU.ActiveCfg = Debug|Any CPU
		{08029F26-28A1-4AB3-2C3C-7CF1BC95930C}.Debug|Any CPU.Build.0 = Debug|Any CPU
		{08029F26-28A1-4AB3-2C3C-7CF1BC95930C}.Release|Any CPU.ActiveCfg = Release|Any CPU
		{08029F26-28A1-4AB3-2C3C-7CF1BC95930C}.Release|Any CPU.Build.0 = Release|Any CPU
		{D29EAB8E-F7B4-79D4-5F29-962CB1C2716D}.Debug|Any CPU.ActiveCfg = Debug|Any CPU
		{D29EAB8E-F7B4-79D4-5F29-962CB1C2716D}.Debug|Any CPU.Build.0 = Debug|Any CPU
		{D29EAB8E-F7B4-79D4-5F29-962CB1C2716D}.Release|Any CPU.ActiveCfg = Release|Any CPU
		{D29EAB8E-F7B4-79D4-5F29-962CB1C2716D}.Release|Any CPU.Build.0 = Release|Any CPU
		{379F3BB7-AF9C-5C33-7AA1-1E9A37ED799B}.Debug|Any CPU.ActiveCfg = Debug|Any CPU
		{379F3BB7-AF9C-5C33-7AA1-1E9A37ED799B}.Debug|Any CPU.Build.0 = Debug|Any CPU
		{379F3BB7-AF9C-5C33-7AA1-1E9A37ED799B}.Release|Any CPU.ActiveCfg = Release|Any CPU
		{379F3BB7-AF9C-5C33-7AA1-1E9A37ED799B}.Release|Any CPU.Build.0 = Release|Any CPU
		{62958A92-1B70-D35F-7019-98F395AB077A}.Debug|Any CPU.ActiveCfg = Debug|Any CPU
		{62958A92-1B70-D35F-7019-98F395AB077A}.Debug|Any CPU.Build.0 = Debug|Any CPU
		{62958A92-1B70-D35F-7019-98F395AB077A}.Release|Any CPU.ActiveCfg = Release|Any CPU
		{62958A92-1B70-D35F-7019-98F395AB077A}.Release|Any CPU.Build.0 = Release|Any CPU
		{26EDBF27-13B1-4090-9D92-533BE71F3FC9}.Debug|Any CPU.ActiveCfg = Debug|Any CPU
		{26EDBF27-13B1-4090-9D92-533BE71F3FC9}.Debug|Any CPU.Build.0 = Debug|Any CPU
		{26EDBF27-13B1-4090-9D92-533BE71F3FC9}.Release|Any CPU.ActiveCfg = Release|Any CPU
		{26EDBF27-13B1-4090-9D92-533BE71F3FC9}.Release|Any CPU.Build.0 = Release|Any CPU
		{FF26A4A3-A29F-CA3C-244B-EE3815ADD947}.Debug|Any CPU.ActiveCfg = Debug|Any CPU
		{FF26A4A3-A29F-CA3C-244B-EE3815ADD947}.Debug|Any CPU.Build.0 = Debug|Any CPU
		{FF26A4A3-A29F-CA3C-244B-EE3815ADD947}.Release|Any CPU.ActiveCfg = Release|Any CPU
		{FF26A4A3-A29F-CA3C-244B-EE3815ADD947}.Release|Any CPU.Build.0 = Release|Any CPU
		{7AB3B690-BE17-7506-1614-805C093759BF}.Debug|Any CPU.ActiveCfg = Debug|Any CPU
		{7AB3B690-BE17-7506-1614-805C093759BF}.Debug|Any CPU.Build.0 = Debug|Any CPU
		{7AB3B690-BE17-7506-1614-805C093759BF}.Release|Any CPU.ActiveCfg = Release|Any CPU
		{7AB3B690-BE17-7506-1614-805C093759BF}.Release|Any CPU.Build.0 = Release|Any CPU
		{30D45D38-3899-79A5-5467-C7DE743A8E87}.Debug|Any CPU.ActiveCfg = Debug|Any CPU
		{30D45D38-3899-79A5-5467-C7DE743A8E87}.Debug|Any CPU.Build.0 = Debug|Any CPU
		{30D45D38-3899-79A5-5467-C7DE743A8E87}.Release|Any CPU.ActiveCfg = Release|Any CPU
		{30D45D38-3899-79A5-5467-C7DE743A8E87}.Release|Any CPU.Build.0 = Release|Any CPU
		{E53DCE40-E852-161B-2734-61781C287261}.Debug|Any CPU.ActiveCfg = Debug|Any CPU
		{E53DCE40-E852-161B-2734-61781C287261}.Debug|Any CPU.Build.0 = Debug|Any CPU
		{E53DCE40-E852-161B-2734-61781C287261}.Release|Any CPU.ActiveCfg = Release|Any CPU
		{E53DCE40-E852-161B-2734-61781C287261}.Release|Any CPU.Build.0 = Release|Any CPU
		{1E5FE8D7-2514-8393-4651-BD63BBD034B8}.Debug|Any CPU.ActiveCfg = Debug|Any CPU
		{1E5FE8D7-2514-8393-4651-BD63BBD034B8}.Debug|Any CPU.Build.0 = Debug|Any CPU
		{1E5FE8D7-2514-8393-4651-BD63BBD034B8}.Release|Any CPU.ActiveCfg = Release|Any CPU
		{1E5FE8D7-2514-8393-4651-BD63BBD034B8}.Release|Any CPU.Build.0 = Release|Any CPU
		{BA5DE30E-F0E3-E468-ADF1-9953207DC584}.Debug|Any CPU.ActiveCfg = Debug|Any CPU
		{BA5DE30E-F0E3-E468-ADF1-9953207DC584}.Debug|Any CPU.Build.0 = Debug|Any CPU
		{BA5DE30E-F0E3-E468-ADF1-9953207DC584}.Release|Any CPU.ActiveCfg = Release|Any CPU
		{BA5DE30E-F0E3-E468-ADF1-9953207DC584}.Release|Any CPU.Build.0 = Release|Any CPU
		{5A9B106C-4A00-0F12-D042-8837EC5C3EB4}.Debug|Any CPU.ActiveCfg = Debug|Any CPU
		{5A9B106C-4A00-0F12-D042-8837EC5C3EB4}.Debug|Any CPU.Build.0 = Debug|Any CPU
		{5A9B106C-4A00-0F12-D042-8837EC5C3EB4}.Release|Any CPU.ActiveCfg = Release|Any CPU
		{5A9B106C-4A00-0F12-D042-8837EC5C3EB4}.Release|Any CPU.Build.0 = Release|Any CPU
		{6AE36D41-58C4-911F-A828-418BFE7A4ABD}.Debug|Any CPU.ActiveCfg = Debug|Any CPU
		{6AE36D41-58C4-911F-A828-418BFE7A4ABD}.Debug|Any CPU.Build.0 = Debug|Any CPU
		{6AE36D41-58C4-911F-A828-418BFE7A4ABD}.Release|Any CPU.ActiveCfg = Release|Any CPU
		{6AE36D41-58C4-911F-A828-418BFE7A4ABD}.Release|Any CPU.Build.0 = Release|Any CPU
		{F5D3FAF0-6E55-0C14-F339-2D2D20E406D0}.Debug|Any CPU.ActiveCfg = Debug|Any CPU
		{F5D3FAF0-6E55-0C14-F339-2D2D20E406D0}.Debug|Any CPU.Build.0 = Debug|Any CPU
		{F5D3FAF0-6E55-0C14-F339-2D2D20E406D0}.Release|Any CPU.ActiveCfg = Release|Any CPU
		{F5D3FAF0-6E55-0C14-F339-2D2D20E406D0}.Release|Any CPU.Build.0 = Release|Any CPU
		{AA279780-0E05-1EE1-9298-85E371687AF3}.Debug|Any CPU.ActiveCfg = Debug|Any CPU
		{AA279780-0E05-1EE1-9298-85E371687AF3}.Debug|Any CPU.Build.0 = Debug|Any CPU
		{AA279780-0E05-1EE1-9298-85E371687AF3}.Release|Any CPU.ActiveCfg = Release|Any CPU
		{AA279780-0E05-1EE1-9298-85E371687AF3}.Release|Any CPU.Build.0 = Release|Any CPU
		{CBDA35C1-6FC0-5637-18B7-F3D7C45E42C9}.Debug|Any CPU.ActiveCfg = Debug|Any CPU
		{CBDA35C1-6FC0-5637-18B7-F3D7C45E42C9}.Debug|Any CPU.Build.0 = Debug|Any CPU
		{CBDA35C1-6FC0-5637-18B7-F3D7C45E42C9}.Release|Any CPU.ActiveCfg = Release|Any CPU
		{CBDA35C1-6FC0-5637-18B7-F3D7C45E42C9}.Release|Any CPU.Build.0 = Release|Any CPU
		{0DEE5917-30D6-BD23-5B75-8AD0E3418AB5}.Debug|Any CPU.ActiveCfg = Debug|Any CPU
		{0DEE5917-30D6-BD23-5B75-8AD0E3418AB5}.Debug|Any CPU.Build.0 = Debug|Any CPU
		{0DEE5917-30D6-BD23-5B75-8AD0E3418AB5}.Release|Any CPU.ActiveCfg = Release|Any CPU
		{0DEE5917-30D6-BD23-5B75-8AD0E3418AB5}.Release|Any CPU.Build.0 = Release|Any CPU
		{86F1589A-3DBE-ADF6-8D7C-69FC391F1822}.Debug|Any CPU.ActiveCfg = Debug|Any CPU
		{86F1589A-3DBE-ADF6-8D7C-69FC391F1822}.Debug|Any CPU.Build.0 = Debug|Any CPU
		{86F1589A-3DBE-ADF6-8D7C-69FC391F1822}.Release|Any CPU.ActiveCfg = Release|Any CPU
		{86F1589A-3DBE-ADF6-8D7C-69FC391F1822}.Release|Any CPU.Build.0 = Release|Any CPU
		{9035DFAB-EEA5-B81F-E1B1-AA943B5801CB}.Debug|Any CPU.ActiveCfg = Debug|Any CPU
		{9035DFAB-EEA5-B81F-E1B1-AA943B5801CB}.Debug|Any CPU.Build.0 = Debug|Any CPU
		{9035DFAB-EEA5-B81F-E1B1-AA943B5801CB}.Release|Any CPU.ActiveCfg = Release|Any CPU
		{9035DFAB-EEA5-B81F-E1B1-AA943B5801CB}.Release|Any CPU.Build.0 = Release|Any CPU
		{8C0E39E7-F998-D611-6228-34451B2C9ED1}.Debug|Any CPU.ActiveCfg = Debug|Any CPU
		{8C0E39E7-F998-D611-6228-34451B2C9ED1}.Debug|Any CPU.Build.0 = Debug|Any CPU
		{8C0E39E7-F998-D611-6228-34451B2C9ED1}.Release|Any CPU.ActiveCfg = Release|Any CPU
		{8C0E39E7-F998-D611-6228-34451B2C9ED1}.Release|Any CPU.Build.0 = Release|Any CPU
		{0103C412-643E-40C6-42E2-433737E164C9}.Debug|Any CPU.ActiveCfg = Debug|Any CPU
		{0103C412-643E-40C6-42E2-433737E164C9}.Debug|Any CPU.Build.0 = Debug|Any CPU
		{0103C412-643E-40C6-42E2-433737E164C9}.Release|Any CPU.ActiveCfg = Release|Any CPU
		{0103C412-643E-40C6-42E2-433737E164C9}.Release|Any CPU.Build.0 = Release|Any CPU
		{AEC9D887-CC91-4054-1C5F-DC1B48E5F818}.Debug|Any CPU.ActiveCfg = Debug|Any CPU
		{AEC9D887-CC91-4054-1C5F-DC1B48E5F818}.Debug|Any CPU.Build.0 = Debug|Any CPU
		{AEC9D887-CC91-4054-1C5F-DC1B48E5F818}.Release|Any CPU.ActiveCfg = Release|Any CPU
		{AEC9D887-CC91-4054-1C5F-DC1B48E5F818}.Release|Any CPU.Build.0 = Release|Any CPU
		{26A11268-5102-5343-244B-58F166954CE6}.Debug|Any CPU.ActiveCfg = Debug|Any CPU
		{26A11268-5102-5343-244B-58F166954CE6}.Debug|Any CPU.Build.0 = Debug|Any CPU
		{26A11268-5102-5343-244B-58F166954CE6}.Release|Any CPU.ActiveCfg = Release|Any CPU
		{26A11268-5102-5343-244B-58F166954CE6}.Release|Any CPU.Build.0 = Release|Any CPU
		{3EFA143C-095D-70B8-5488-6D3594623456}.Debug|Any CPU.ActiveCfg = Debug|Any CPU
		{3EFA143C-095D-70B8-5488-6D3594623456}.Debug|Any CPU.Build.0 = Debug|Any CPU
		{3EFA143C-095D-70B8-5488-6D3594623456}.Release|Any CPU.ActiveCfg = Release|Any CPU
		{3EFA143C-095D-70B8-5488-6D3594623456}.Release|Any CPU.Build.0 = Release|Any CPU
		{D0817B51-D6AF-C8C5-EF4F-D69530C185AD}.Debug|Any CPU.ActiveCfg = Debug|Any CPU
		{D0817B51-D6AF-C8C5-EF4F-D69530C185AD}.Debug|Any CPU.Build.0 = Debug|Any CPU
		{D0817B51-D6AF-C8C5-EF4F-D69530C185AD}.Release|Any CPU.ActiveCfg = Release|Any CPU
		{D0817B51-D6AF-C8C5-EF4F-D69530C185AD}.Release|Any CPU.Build.0 = Release|Any CPU
		{456D8C8E-880D-8183-9499-E66B0EE8DDE2}.Debug|Any CPU.ActiveCfg = Debug|Any CPU
		{456D8C8E-880D-8183-9499-E66B0EE8DDE2}.Debug|Any CPU.Build.0 = Debug|Any CPU
		{456D8C8E-880D-8183-9499-E66B0EE8DDE2}.Release|Any CPU.ActiveCfg = Release|Any CPU
		{456D8C8E-880D-8183-9499-E66B0EE8DDE2}.Release|Any CPU.Build.0 = Release|Any CPU
		{B2AEE3B5-E0EB-98EE-E70D-1AA8FA55D23C}.Debug|Any CPU.ActiveCfg = Debug|Any CPU
		{B2AEE3B5-E0EB-98EE-E70D-1AA8FA55D23C}.Debug|Any CPU.Build.0 = Debug|Any CPU
		{B2AEE3B5-E0EB-98EE-E70D-1AA8FA55D23C}.Release|Any CPU.ActiveCfg = Release|Any CPU
		{B2AEE3B5-E0EB-98EE-E70D-1AA8FA55D23C}.Release|Any CPU.Build.0 = Release|Any CPU
		{40340176-41C0-5001-3710-13A4EEC9488F}.Debug|Any CPU.ActiveCfg = Debug|Any CPU
		{40340176-41C0-5001-3710-13A4EEC9488F}.Debug|Any CPU.Build.0 = Debug|Any CPU
		{40340176-41C0-5001-3710-13A4EEC9488F}.Release|Any CPU.ActiveCfg = Release|Any CPU
		{40340176-41C0-5001-3710-13A4EEC9488F}.Release|Any CPU.Build.0 = Release|Any CPU
		{60CE67A2-BFE8-73ED-DFF6-382F9A003DE7}.Debug|Any CPU.ActiveCfg = Debug|Any CPU
		{60CE67A2-BFE8-73ED-DFF6-382F9A003DE7}.Debug|Any CPU.Build.0 = Debug|Any CPU
		{60CE67A2-BFE8-73ED-DFF6-382F9A003DE7}.Release|Any CPU.ActiveCfg = Release|Any CPU
		{60CE67A2-BFE8-73ED-DFF6-382F9A003DE7}.Release|Any CPU.Build.0 = Release|Any CPU
		{6E2EE01D-56DA-9109-2A65-19E688D30E8A}.Debug|Any CPU.ActiveCfg = Debug|Any CPU
		{6E2EE01D-56DA-9109-2A65-19E688D30E8A}.Debug|Any CPU.Build.0 = Debug|Any CPU
		{6E2EE01D-56DA-9109-2A65-19E688D30E8A}.Release|Any CPU.ActiveCfg = Release|Any CPU
		{6E2EE01D-56DA-9109-2A65-19E688D30E8A}.Release|Any CPU.Build.0 = Release|Any CPU
		{D0F55A96-D95A-D7AB-6DF4-8B00E0E604CA}.Debug|Any CPU.ActiveCfg = Debug|Any CPU
		{D0F55A96-D95A-D7AB-6DF4-8B00E0E604CA}.Debug|Any CPU.Build.0 = Debug|Any CPU
		{D0F55A96-D95A-D7AB-6DF4-8B00E0E604CA}.Release|Any CPU.ActiveCfg = Release|Any CPU
		{D0F55A96-D95A-D7AB-6DF4-8B00E0E604CA}.Release|Any CPU.Build.0 = Release|Any CPU
		{B805878C-D72D-980F-0280-C4E8C8804399}.Debug|Any CPU.ActiveCfg = Debug|Any CPU
		{B805878C-D72D-980F-0280-C4E8C8804399}.Debug|Any CPU.Build.0 = Debug|Any CPU
		{B805878C-D72D-980F-0280-C4E8C8804399}.Release|Any CPU.ActiveCfg = Release|Any CPU
		{B805878C-D72D-980F-0280-C4E8C8804399}.Release|Any CPU.Build.0 = Release|Any CPU
		{85ECCD94-351F-991F-DE2D-A8952C1CDD2F}.Debug|Any CPU.ActiveCfg = Debug|Any CPU
		{85ECCD94-351F-991F-DE2D-A8952C1CDD2F}.Debug|Any CPU.Build.0 = Debug|Any CPU
		{85ECCD94-351F-991F-DE2D-A8952C1CDD2F}.Release|Any CPU.ActiveCfg = Release|Any CPU
		{85ECCD94-351F-991F-DE2D-A8952C1CDD2F}.Release|Any CPU.Build.0 = Release|Any CPU
		{B0CB79AD-3932-C4EB-A17D-49695426D384}.Debug|Any CPU.ActiveCfg = Debug|Any CPU
		{B0CB79AD-3932-C4EB-A17D-49695426D384}.Debug|Any CPU.Build.0 = Debug|Any CPU
		{B0CB79AD-3932-C4EB-A17D-49695426D384}.Release|Any CPU.ActiveCfg = Release|Any CPU
		{B0CB79AD-3932-C4EB-A17D-49695426D384}.Release|Any CPU.Build.0 = Release|Any CPU
		{9F37219C-60C6-DA7A-92E9-38C0505CF7E4}.Debug|Any CPU.ActiveCfg = Debug|Any CPU
		{9F37219C-60C6-DA7A-92E9-38C0505CF7E4}.Debug|Any CPU.Build.0 = Debug|Any CPU
		{9F37219C-60C6-DA7A-92E9-38C0505CF7E4}.Release|Any CPU.ActiveCfg = Release|Any CPU
		{9F37219C-60C6-DA7A-92E9-38C0505CF7E4}.Release|Any CPU.Build.0 = Release|Any CPU
		{D4B1463E-0742-7B6C-7D4B-16A78B59746F}.Debug|Any CPU.ActiveCfg = Debug|Any CPU
		{D4B1463E-0742-7B6C-7D4B-16A78B59746F}.Debug|Any CPU.Build.0 = Debug|Any CPU
		{D4B1463E-0742-7B6C-7D4B-16A78B59746F}.Release|Any CPU.ActiveCfg = Release|Any CPU
		{D4B1463E-0742-7B6C-7D4B-16A78B59746F}.Release|Any CPU.Build.0 = Release|Any CPU
		{457E6E07-0715-7343-3498-6221BEF4F737}.Debug|Any CPU.ActiveCfg = Debug|Any CPU
		{457E6E07-0715-7343-3498-6221BEF4F737}.Debug|Any CPU.Build.0 = Debug|Any CPU
		{457E6E07-0715-7343-3498-6221BEF4F737}.Release|Any CPU.ActiveCfg = Release|Any CPU
		{457E6E07-0715-7343-3498-6221BEF4F737}.Release|Any CPU.Build.0 = Release|Any CPU
		{2B4D4637-6370-A019-A015-BACDA41446BF}.Debug|Any CPU.ActiveCfg = Debug|Any CPU
		{2B4D4637-6370-A019-A015-BACDA41446BF}.Debug|Any CPU.Build.0 = Debug|Any CPU
		{2B4D4637-6370-A019-A015-BACDA41446BF}.Release|Any CPU.ActiveCfg = Release|Any CPU
		{2B4D4637-6370-A019-A015-BACDA41446BF}.Release|Any CPU.Build.0 = Release|Any CPU
		{095273A2-ED77-0EC0-3107-03E240E24CEA}.Debug|Any CPU.ActiveCfg = Debug|Any CPU
		{095273A2-ED77-0EC0-3107-03E240E24CEA}.Debug|Any CPU.Build.0 = Debug|Any CPU
		{095273A2-ED77-0EC0-3107-03E240E24CEA}.Release|Any CPU.ActiveCfg = Release|Any CPU
		{095273A2-ED77-0EC0-3107-03E240E24CEA}.Release|Any CPU.Build.0 = Release|Any CPU
		{25900F70-48C6-46A3-242E-92A51A89225F}.Debug|Any CPU.ActiveCfg = Debug|Any CPU
		{25900F70-48C6-46A3-242E-92A51A89225F}.Debug|Any CPU.Build.0 = Debug|Any CPU
		{25900F70-48C6-46A3-242E-92A51A89225F}.Release|Any CPU.ActiveCfg = Release|Any CPU
		{25900F70-48C6-46A3-242E-92A51A89225F}.Release|Any CPU.Build.0 = Release|Any CPU
		{2D49B78E-7688-1039-8B73-509370F1E0C6}.Debug|Any CPU.ActiveCfg = Debug|Any CPU
		{2D49B78E-7688-1039-8B73-509370F1E0C6}.Debug|Any CPU.Build.0 = Debug|Any CPU
		{2D49B78E-7688-1039-8B73-509370F1E0C6}.Release|Any CPU.ActiveCfg = Release|Any CPU
		{2D49B78E-7688-1039-8B73-509370F1E0C6}.Release|Any CPU.Build.0 = Release|Any CPU
		{7718F351-D56B-F3A2-3779-6C13C603F478}.Debug|Any CPU.ActiveCfg = Debug|Any CPU
		{7718F351-D56B-F3A2-3779-6C13C603F478}.Debug|Any CPU.Build.0 = Debug|Any CPU
		{7718F351-D56B-F3A2-3779-6C13C603F478}.Release|Any CPU.ActiveCfg = Release|Any CPU
		{7718F351-D56B-F3A2-3779-6C13C603F478}.Release|Any CPU.Build.0 = Release|Any CPU
		{2C9C188F-A445-8D4F-A65A-1A7D1F59181F}.Debug|Any CPU.ActiveCfg = Debug|Any CPU
		{2C9C188F-A445-8D4F-A65A-1A7D1F59181F}.Debug|Any CPU.Build.0 = Debug|Any CPU
		{2C9C188F-A445-8D4F-A65A-1A7D1F59181F}.Release|Any CPU.ActiveCfg = Release|Any CPU
		{2C9C188F-A445-8D4F-A65A-1A7D1F59181F}.Release|Any CPU.Build.0 = Release|Any CPU
		{693B56F6-0C8B-29D6-812D-1848391C3900}.Debug|Any CPU.ActiveCfg = Debug|Any CPU
		{693B56F6-0C8B-29D6-812D-1848391C3900}.Debug|Any CPU.Build.0 = Debug|Any CPU
		{693B56F6-0C8B-29D6-812D-1848391C3900}.Release|Any CPU.ActiveCfg = Release|Any CPU
		{693B56F6-0C8B-29D6-812D-1848391C3900}.Release|Any CPU.Build.0 = Release|Any CPU
		{DD39EEF2-EC9D-54A0-C136-DDA312A99843}.Debug|Any CPU.ActiveCfg = Debug|Any CPU
		{DD39EEF2-EC9D-54A0-C136-DDA312A99843}.Debug|Any CPU.Build.0 = Debug|Any CPU
		{DD39EEF2-EC9D-54A0-C136-DDA312A99843}.Release|Any CPU.ActiveCfg = Release|Any CPU
		{DD39EEF2-EC9D-54A0-C136-DDA312A99843}.Release|Any CPU.Build.0 = Release|Any CPU
		{7D5D4633-0973-AEF3-ED7A-A91307DF7116}.Debug|Any CPU.ActiveCfg = Debug|Any CPU
		{7D5D4633-0973-AEF3-ED7A-A91307DF7116}.Debug|Any CPU.Build.0 = Debug|Any CPU
		{7D5D4633-0973-AEF3-ED7A-A91307DF7116}.Release|Any CPU.ActiveCfg = Release|Any CPU
		{7D5D4633-0973-AEF3-ED7A-A91307DF7116}.Release|Any CPU.Build.0 = Release|Any CPU
		{F13DF9BD-15AF-8057-8D57-7B7DB769AA2F}.Debug|Any CPU.ActiveCfg = Debug|Any CPU
		{F13DF9BD-15AF-8057-8D57-7B7DB769AA2F}.Debug|Any CPU.Build.0 = Debug|Any CPU
		{F13DF9BD-15AF-8057-8D57-7B7DB769AA2F}.Release|Any CPU.ActiveCfg = Release|Any CPU
		{F13DF9BD-15AF-8057-8D57-7B7DB769AA2F}.Release|Any CPU.Build.0 = Release|Any CPU
		{9C0F1E28-2382-AD13-EE0B-044AB6EAEEC0}.Debug|Any CPU.ActiveCfg = Debug|Any CPU
		{9C0F1E28-2382-AD13-EE0B-044AB6EAEEC0}.Debug|Any CPU.Build.0 = Debug|Any CPU
		{9C0F1E28-2382-AD13-EE0B-044AB6EAEEC0}.Release|Any CPU.ActiveCfg = Release|Any CPU
		{9C0F1E28-2382-AD13-EE0B-044AB6EAEEC0}.Release|Any CPU.Build.0 = Release|Any CPU
		{B75F51B9-5D03-DA81-DED8-9B361BD81070}.Debug|Any CPU.ActiveCfg = Debug|Any CPU
		{B75F51B9-5D03-DA81-DED8-9B361BD81070}.Debug|Any CPU.Build.0 = Debug|Any CPU
		{B75F51B9-5D03-DA81-DED8-9B361BD81070}.Release|Any CPU.ActiveCfg = Release|Any CPU
		{B75F51B9-5D03-DA81-DED8-9B361BD81070}.Release|Any CPU.Build.0 = Release|Any CPU
		{86E9B0C4-A566-B798-E0D9-15F500ED0A14}.Debug|Any CPU.ActiveCfg = Debug|Any CPU
		{86E9B0C4-A566-B798-E0D9-15F500ED0A14}.Debug|Any CPU.Build.0 = Debug|Any CPU
		{86E9B0C4-A566-B798-E0D9-15F500ED0A14}.Release|Any CPU.ActiveCfg = Release|Any CPU
		{86E9B0C4-A566-B798-E0D9-15F500ED0A14}.Release|Any CPU.Build.0 = Release|Any CPU
		{2B234E3A-9170-CD6B-40FD-EA1D6B4D04A1}.Debug|Any CPU.ActiveCfg = Debug|Any CPU
		{2B234E3A-9170-CD6B-40FD-EA1D6B4D04A1}.Debug|Any CPU.Build.0 = Debug|Any CPU
		{2B234E3A-9170-CD6B-40FD-EA1D6B4D04A1}.Release|Any CPU.ActiveCfg = Release|Any CPU
		{2B234E3A-9170-CD6B-40FD-EA1D6B4D04A1}.Release|Any CPU.Build.0 = Release|Any CPU
		{FB768DCB-9DC6-5D5A-144D-CA611CC75D75}.Debug|Any CPU.ActiveCfg = Debug|Any CPU
		{FB768DCB-9DC6-5D5A-144D-CA611CC75D75}.Debug|Any CPU.Build.0 = Debug|Any CPU
		{FB768DCB-9DC6-5D5A-144D-CA611CC75D75}.Release|Any CPU.ActiveCfg = Release|Any CPU
		{FB768DCB-9DC6-5D5A-144D-CA611CC75D75}.Release|Any CPU.Build.0 = Release|Any CPU
		{6CE9EAFC-6101-0504-7726-4E1F432AFB2F}.Debug|Any CPU.ActiveCfg = Debug|Any CPU
		{6CE9EAFC-6101-0504-7726-4E1F432AFB2F}.Debug|Any CPU.Build.0 = Debug|Any CPU
		{6CE9EAFC-6101-0504-7726-4E1F432AFB2F}.Release|Any CPU.ActiveCfg = Release|Any CPU
		{6CE9EAFC-6101-0504-7726-4E1F432AFB2F}.Release|Any CPU.Build.0 = Release|Any CPU
		{D8377EE3-5C5B-8D8B-AA23-8A5C1FA4E3F9}.Debug|Any CPU.ActiveCfg = Debug|Any CPU
		{D8377EE3-5C5B-8D8B-AA23-8A5C1FA4E3F9}.Debug|Any CPU.Build.0 = Debug|Any CPU
		{D8377EE3-5C5B-8D8B-AA23-8A5C1FA4E3F9}.Release|Any CPU.ActiveCfg = Release|Any CPU
		{D8377EE3-5C5B-8D8B-AA23-8A5C1FA4E3F9}.Release|Any CPU.Build.0 = Release|Any CPU
		{7FB1E75E-923B-7F30-0656-443C85384080}.Debug|Any CPU.ActiveCfg = Debug|Any CPU
		{7FB1E75E-923B-7F30-0656-443C85384080}.Debug|Any CPU.Build.0 = Debug|Any CPU
		{7FB1E75E-923B-7F30-0656-443C85384080}.Release|Any CPU.ActiveCfg = Release|Any CPU
		{7FB1E75E-923B-7F30-0656-443C85384080}.Release|Any CPU.Build.0 = Release|Any CPU
		{CDA04B3D-6425-E9C6-B03E-DC0057B02EA1}.Debug|Any CPU.ActiveCfg = Debug|Any CPU
		{CDA04B3D-6425-E9C6-B03E-DC0057B02EA1}.Debug|Any CPU.Build.0 = Debug|Any CPU
		{CDA04B3D-6425-E9C6-B03E-DC0057B02EA1}.Release|Any CPU.ActiveCfg = Release|Any CPU
		{CDA04B3D-6425-E9C6-B03E-DC0057B02EA1}.Release|Any CPU.Build.0 = Release|Any CPU
		{EF5E9065-7953-965C-56F6-3026916F89EE}.Debug|Any CPU.ActiveCfg = Debug|Any CPU
		{EF5E9065-7953-965C-56F6-3026916F89EE}.Debug|Any CPU.Build.0 = Debug|Any CPU
		{EF5E9065-7953-965C-56F6-3026916F89EE}.Release|Any CPU.ActiveCfg = Release|Any CPU
		{EF5E9065-7953-965C-56F6-3026916F89EE}.Release|Any CPU.Build.0 = Release|Any CPU
		{696814CE-6DDB-C704-9110-00212F83A8B0}.Debug|Any CPU.ActiveCfg = Debug|Any CPU
		{696814CE-6DDB-C704-9110-00212F83A8B0}.Debug|Any CPU.Build.0 = Debug|Any CPU
		{696814CE-6DDB-C704-9110-00212F83A8B0}.Release|Any CPU.ActiveCfg = Release|Any CPU
		{696814CE-6DDB-C704-9110-00212F83A8B0}.Release|Any CPU.Build.0 = Release|Any CPU
		{124F5513-4C68-58AD-19F1-A854B5CA95C6}.Debug|Any CPU.ActiveCfg = Debug|Any CPU
		{124F5513-4C68-58AD-19F1-A854B5CA95C6}.Debug|Any CPU.Build.0 = Debug|Any CPU
		{124F5513-4C68-58AD-19F1-A854B5CA95C6}.Release|Any CPU.ActiveCfg = Release|Any CPU
		{124F5513-4C68-58AD-19F1-A854B5CA95C6}.Release|Any CPU.Build.0 = Release|Any CPU
		{95774FCB-88CB-C67D-AA9A-5F1F78D39992}.Debug|Any CPU.ActiveCfg = Debug|Any CPU
		{95774FCB-88CB-C67D-AA9A-5F1F78D39992}.Debug|Any CPU.Build.0 = Debug|Any CPU
		{95774FCB-88CB-C67D-AA9A-5F1F78D39992}.Release|Any CPU.ActiveCfg = Release|Any CPU
		{95774FCB-88CB-C67D-AA9A-5F1F78D39992}.Release|Any CPU.Build.0 = Release|Any CPU
		{11608E0E-43FC-14E9-D893-37B58DF7B572}.Debug|Any CPU.ActiveCfg = Debug|Any CPU
		{11608E0E-43FC-14E9-D893-37B58DF7B572}.Debug|Any CPU.Build.0 = Debug|Any CPU
		{11608E0E-43FC-14E9-D893-37B58DF7B572}.Release|Any CPU.ActiveCfg = Release|Any CPU
		{11608E0E-43FC-14E9-D893-37B58DF7B572}.Release|Any CPU.Build.0 = Release|Any CPU
		{9EEE84CB-6238-0E6D-0031-6E94E3C184B9}.Debug|Any CPU.ActiveCfg = Debug|Any CPU
		{9EEE84CB-6238-0E6D-0031-6E94E3C184B9}.Debug|Any CPU.Build.0 = Debug|Any CPU
		{9EEE84CB-6238-0E6D-0031-6E94E3C184B9}.Release|Any CPU.ActiveCfg = Release|Any CPU
		{9EEE84CB-6238-0E6D-0031-6E94E3C184B9}.Release|Any CPU.Build.0 = Release|Any CPU
		{387ADCC1-E040-3BE5-7499-99A6DCAD8C09}.Debug|Any CPU.ActiveCfg = Debug|Any CPU
		{387ADCC1-E040-3BE5-7499-99A6DCAD8C09}.Debug|Any CPU.Build.0 = Debug|Any CPU
		{387ADCC1-E040-3BE5-7499-99A6DCAD8C09}.Release|Any CPU.ActiveCfg = Release|Any CPU
		{387ADCC1-E040-3BE5-7499-99A6DCAD8C09}.Release|Any CPU.Build.0 = Release|Any CPU
		{4EB18A6B-A87A-D231-704E-5810356048D3}.Debug|Any CPU.ActiveCfg = Debug|Any CPU
		{4EB18A6B-A87A-D231-704E-5810356048D3}.Debug|Any CPU.Build.0 = Debug|Any CPU
		{4EB18A6B-A87A-D231-704E-5810356048D3}.Release|Any CPU.ActiveCfg = Release|Any CPU
		{4EB18A6B-A87A-D231-704E-5810356048D3}.Release|Any CPU.Build.0 = Release|Any CPU
		{0269DA6D-85CF-8AF1-668B-269A09BF1E90}.Debug|Any CPU.ActiveCfg = Debug|Any CPU
		{0269DA6D-85CF-8AF1-668B-269A09BF1E90}.Debug|Any CPU.Build.0 = Debug|Any CPU
		{0269DA6D-85CF-8AF1-668B-269A09BF1E90}.Release|Any CPU.ActiveCfg = Release|Any CPU
		{0269DA6D-85CF-8AF1-668B-269A09BF1E90}.Release|Any CPU.Build.0 = Release|Any CPU
		{C4355E41-6C6D-0ACC-49DD-DA783116962A}.Debug|Any CPU.ActiveCfg = Debug|Any CPU
		{C4355E41-6C6D-0ACC-49DD-DA783116962A}.Debug|Any CPU.Build.0 = Debug|Any CPU
		{C4355E41-6C6D-0ACC-49DD-DA783116962A}.Release|Any CPU.ActiveCfg = Release|Any CPU
		{C4355E41-6C6D-0ACC-49DD-DA783116962A}.Release|Any CPU.Build.0 = Release|Any CPU
		{8B4136B2-C47A-CB5D-D7A7-58121908000A}.Debug|Any CPU.ActiveCfg = Debug|Any CPU
		{8B4136B2-C47A-CB5D-D7A7-58121908000A}.Debug|Any CPU.Build.0 = Debug|Any CPU
		{8B4136B2-C47A-CB5D-D7A7-58121908000A}.Release|Any CPU.ActiveCfg = Release|Any CPU
		{8B4136B2-C47A-CB5D-D7A7-58121908000A}.Release|Any CPU.Build.0 = Release|Any CPU
		{6B96BD59-DE06-A0BD-B95D-6EBB46BB93E6}.Debug|Any CPU.ActiveCfg = Debug|Any CPU
		{6B96BD59-DE06-A0BD-B95D-6EBB46BB93E6}.Debug|Any CPU.Build.0 = Debug|Any CPU
		{6B96BD59-DE06-A0BD-B95D-6EBB46BB93E6}.Release|Any CPU.ActiveCfg = Release|Any CPU
		{6B96BD59-DE06-A0BD-B95D-6EBB46BB93E6}.Release|Any CPU.Build.0 = Release|Any CPU
		{013ACA8D-A47E-B51D-E2A2-8F66CDAF5391}.Debug|Any CPU.ActiveCfg = Debug|Any CPU
		{013ACA8D-A47E-B51D-E2A2-8F66CDAF5391}.Debug|Any CPU.Build.0 = Debug|Any CPU
		{013ACA8D-A47E-B51D-E2A2-8F66CDAF5391}.Release|Any CPU.ActiveCfg = Release|Any CPU
		{013ACA8D-A47E-B51D-E2A2-8F66CDAF5391}.Release|Any CPU.Build.0 = Release|Any CPU
		{FD169F70-2E7D-A8DC-09BC-7C11FDDDA3BE}.Debug|Any CPU.ActiveCfg = Debug|Any CPU
		{FD169F70-2E7D-A8DC-09BC-7C11FDDDA3BE}.Debug|Any CPU.Build.0 = Debug|Any CPU
		{FD169F70-2E7D-A8DC-09BC-7C11FDDDA3BE}.Release|Any CPU.ActiveCfg = Release|Any CPU
		{FD169F70-2E7D-A8DC-09BC-7C11FDDDA3BE}.Release|Any CPU.Build.0 = Release|Any CPU
		{6BBBD315-ECDD-05DF-0C5E-C40525E05D84}.Debug|Any CPU.ActiveCfg = Debug|Any CPU
		{6BBBD315-ECDD-05DF-0C5E-C40525E05D84}.Debug|Any CPU.Build.0 = Debug|Any CPU
		{6BBBD315-ECDD-05DF-0C5E-C40525E05D84}.Release|Any CPU.ActiveCfg = Release|Any CPU
		{6BBBD315-ECDD-05DF-0C5E-C40525E05D84}.Release|Any CPU.Build.0 = Release|Any CPU
		{63B746AA-D802-FB91-2322-6F0B67538941}.Debug|Any CPU.ActiveCfg = Debug|Any CPU
		{63B746AA-D802-FB91-2322-6F0B67538941}.Debug|Any CPU.Build.0 = Debug|Any CPU
		{63B746AA-D802-FB91-2322-6F0B67538941}.Release|Any CPU.ActiveCfg = Release|Any CPU
		{63B746AA-D802-FB91-2322-6F0B67538941}.Release|Any CPU.Build.0 = Release|Any CPU
		{4951FCF8-1DF8-EC90-B0F7-2F0638A54C78}.Debug|Any CPU.ActiveCfg = Debug|Any CPU
		{4951FCF8-1DF8-EC90-B0F7-2F0638A54C78}.Debug|Any CPU.Build.0 = Debug|Any CPU
		{4951FCF8-1DF8-EC90-B0F7-2F0638A54C78}.Release|Any CPU.ActiveCfg = Release|Any CPU
		{4951FCF8-1DF8-EC90-B0F7-2F0638A54C78}.Release|Any CPU.Build.0 = Release|Any CPU
		{EF22C4C8-B6DE-E03F-05C0-8FB98A34E7AC}.Debug|Any CPU.ActiveCfg = Debug|Any CPU
		{EF22C4C8-B6DE-E03F-05C0-8FB98A34E7AC}.Debug|Any CPU.Build.0 = Debug|Any CPU
		{EF22C4C8-B6DE-E03F-05C0-8FB98A34E7AC}.Release|Any CPU.ActiveCfg = Release|Any CPU
		{EF22C4C8-B6DE-E03F-05C0-8FB98A34E7AC}.Release|Any CPU.Build.0 = Release|Any CPU
		{F97A8911-3E6A-757B-D8BF-789A3E6CBF9B}.Debug|Any CPU.ActiveCfg = Debug|Any CPU
		{F97A8911-3E6A-757B-D8BF-789A3E6CBF9B}.Debug|Any CPU.Build.0 = Debug|Any CPU
		{F97A8911-3E6A-757B-D8BF-789A3E6CBF9B}.Release|Any CPU.ActiveCfg = Release|Any CPU
		{F97A8911-3E6A-757B-D8BF-789A3E6CBF9B}.Release|Any CPU.Build.0 = Release|Any CPU
		{1DA63196-C066-73A8-E6F2-A0BA3591CD46}.Debug|Any CPU.ActiveCfg = Debug|Any CPU
		{1DA63196-C066-73A8-E6F2-A0BA3591CD46}.Debug|Any CPU.Build.0 = Debug|Any CPU
		{1DA63196-C066-73A8-E6F2-A0BA3591CD46}.Release|Any CPU.ActiveCfg = Release|Any CPU
		{1DA63196-C066-73A8-E6F2-A0BA3591CD46}.Release|Any CPU.Build.0 = Release|Any CPU
		{54F4173D-DF68-10B7-F22D-C5F9A17549F0}.Debug|Any CPU.ActiveCfg = Debug|Any CPU
		{54F4173D-DF68-10B7-F22D-C5F9A17549F0}.Debug|Any CPU.Build.0 = Debug|Any CPU
		{54F4173D-DF68-10B7-F22D-C5F9A17549F0}.Release|Any CPU.ActiveCfg = Release|Any CPU
		{54F4173D-DF68-10B7-F22D-C5F9A17549F0}.Release|Any CPU.Build.0 = Release|Any CPU
		{DF514CAF-2647-2A15-C6A6-D2ACFDEAF465}.Debug|Any CPU.ActiveCfg = Debug|Any CPU
		{DF514CAF-2647-2A15-C6A6-D2ACFDEAF465}.Debug|Any CPU.Build.0 = Debug|Any CPU
		{DF514CAF-2647-2A15-C6A6-D2ACFDEAF465}.Release|Any CPU.ActiveCfg = Release|Any CPU
		{DF514CAF-2647-2A15-C6A6-D2ACFDEAF465}.Release|Any CPU.Build.0 = Release|Any CPU
		{0F2C3441-AF19-7E5C-9F7A-7C96548A6A50}.Debug|Any CPU.ActiveCfg = Debug|Any CPU
		{0F2C3441-AF19-7E5C-9F7A-7C96548A6A50}.Debug|Any CPU.Build.0 = Debug|Any CPU
		{0F2C3441-AF19-7E5C-9F7A-7C96548A6A50}.Release|Any CPU.ActiveCfg = Release|Any CPU
		{0F2C3441-AF19-7E5C-9F7A-7C96548A6A50}.Release|Any CPU.Build.0 = Release|Any CPU
		{CFA62030-B13F-05BF-B293-155FBAF2126D}.Debug|Any CPU.ActiveCfg = Debug|Any CPU
		{CFA62030-B13F-05BF-B293-155FBAF2126D}.Debug|Any CPU.Build.0 = Debug|Any CPU
		{CFA62030-B13F-05BF-B293-155FBAF2126D}.Release|Any CPU.ActiveCfg = Release|Any CPU
		{CFA62030-B13F-05BF-B293-155FBAF2126D}.Release|Any CPU.Build.0 = Release|Any CPU
		{E1A3FF1E-4ADE-6580-96C2-A6600A40E063}.Debug|Any CPU.ActiveCfg = Debug|Any CPU
		{E1A3FF1E-4ADE-6580-96C2-A6600A40E063}.Debug|Any CPU.Build.0 = Debug|Any CPU
		{E1A3FF1E-4ADE-6580-96C2-A6600A40E063}.Release|Any CPU.ActiveCfg = Release|Any CPU
		{E1A3FF1E-4ADE-6580-96C2-A6600A40E063}.Release|Any CPU.Build.0 = Release|Any CPU
		{CF1F62B4-C790-A0DE-570C-616C83620412}.Debug|Any CPU.ActiveCfg = Debug|Any CPU
		{CF1F62B4-C790-A0DE-570C-616C83620412}.Debug|Any CPU.Build.0 = Debug|Any CPU
		{CF1F62B4-C790-A0DE-570C-616C83620412}.Release|Any CPU.ActiveCfg = Release|Any CPU
		{CF1F62B4-C790-A0DE-570C-616C83620412}.Release|Any CPU.Build.0 = Release|Any CPU
		{1F5FB91B-8DF1-54F9-19C0-15E778F403AF}.Debug|Any CPU.ActiveCfg = Debug|Any CPU
		{1F5FB91B-8DF1-54F9-19C0-15E778F403AF}.Debug|Any CPU.Build.0 = Debug|Any CPU
		{1F5FB91B-8DF1-54F9-19C0-15E778F403AF}.Release|Any CPU.ActiveCfg = Release|Any CPU
		{1F5FB91B-8DF1-54F9-19C0-15E778F403AF}.Release|Any CPU.Build.0 = Release|Any CPU
		{EEE2C22D-1C6F-A3E4-01F8-AD701C358FA5}.Debug|Any CPU.ActiveCfg = Debug|Any CPU
		{EEE2C22D-1C6F-A3E4-01F8-AD701C358FA5}.Debug|Any CPU.Build.0 = Debug|Any CPU
		{EEE2C22D-1C6F-A3E4-01F8-AD701C358FA5}.Release|Any CPU.ActiveCfg = Release|Any CPU
		{EEE2C22D-1C6F-A3E4-01F8-AD701C358FA5}.Release|Any CPU.Build.0 = Release|Any CPU
		{BCEE7EE0-9799-2779-98C1-B15D777CC71C}.Debug|Any CPU.ActiveCfg = Debug|Any CPU
		{BCEE7EE0-9799-2779-98C1-B15D777CC71C}.Debug|Any CPU.Build.0 = Debug|Any CPU
		{BCEE7EE0-9799-2779-98C1-B15D777CC71C}.Release|Any CPU.ActiveCfg = Release|Any CPU
		{BCEE7EE0-9799-2779-98C1-B15D777CC71C}.Release|Any CPU.Build.0 = Release|Any CPU
		{A7D86D75-D8B7-48A5-5C8A-24EEBAEBBEE7}.Debug|Any CPU.ActiveCfg = Debug|Any CPU
		{A7D86D75-D8B7-48A5-5C8A-24EEBAEBBEE7}.Debug|Any CPU.Build.0 = Debug|Any CPU
		{A7D86D75-D8B7-48A5-5C8A-24EEBAEBBEE7}.Release|Any CPU.ActiveCfg = Release|Any CPU
		{A7D86D75-D8B7-48A5-5C8A-24EEBAEBBEE7}.Release|Any CPU.Build.0 = Release|Any CPU
		{DC0081B6-1390-F4E0-EAF1-7A2D1A834112}.Debug|Any CPU.ActiveCfg = Debug|Any CPU
		{DC0081B6-1390-F4E0-EAF1-7A2D1A834112}.Debug|Any CPU.Build.0 = Debug|Any CPU
		{DC0081B6-1390-F4E0-EAF1-7A2D1A834112}.Release|Any CPU.ActiveCfg = Release|Any CPU
		{DC0081B6-1390-F4E0-EAF1-7A2D1A834112}.Release|Any CPU.Build.0 = Release|Any CPU
		{D8296E33-235D-83A8-24AE-F10DFF534A8E}.Debug|Any CPU.ActiveCfg = Debug|Any CPU
		{D8296E33-235D-83A8-24AE-F10DFF534A8E}.Debug|Any CPU.Build.0 = Debug|Any CPU
		{D8296E33-235D-83A8-24AE-F10DFF534A8E}.Release|Any CPU.ActiveCfg = Release|Any CPU
		{D8296E33-235D-83A8-24AE-F10DFF534A8E}.Release|Any CPU.Build.0 = Release|Any CPU
		{1B71F6A7-4C9A-2563-A8DD-49718FC20BC8}.Debug|Any CPU.ActiveCfg = Debug|Any CPU
		{1B71F6A7-4C9A-2563-A8DD-49718FC20BC8}.Debug|Any CPU.Build.0 = Debug|Any CPU
		{1B71F6A7-4C9A-2563-A8DD-49718FC20BC8}.Release|Any CPU.ActiveCfg = Release|Any CPU
		{1B71F6A7-4C9A-2563-A8DD-49718FC20BC8}.Release|Any CPU.Build.0 = Release|Any CPU
		{444D33C6-966D-E5D3-7C0E-F3B1B957A10B}.Debug|Any CPU.ActiveCfg = Debug|Any CPU
		{444D33C6-966D-E5D3-7C0E-F3B1B957A10B}.Debug|Any CPU.Build.0 = Debug|Any CPU
		{444D33C6-966D-E5D3-7C0E-F3B1B957A10B}.Release|Any CPU.ActiveCfg = Release|Any CPU
		{444D33C6-966D-E5D3-7C0E-F3B1B957A10B}.Release|Any CPU.Build.0 = Release|Any CPU
		{E307926F-83BD-1C71-0256-F9A319A2B03B}.Debug|Any CPU.ActiveCfg = Debug|Any CPU
		{E307926F-83BD-1C71-0256-F9A319A2B03B}.Debug|Any CPU.Build.0 = Debug|Any CPU
		{E307926F-83BD-1C71-0256-F9A319A2B03B}.Release|Any CPU.ActiveCfg = Release|Any CPU
		{E307926F-83BD-1C71-0256-F9A319A2B03B}.Release|Any CPU.Build.0 = Release|Any CPU
		{C028DA96-C126-71C1-50B9-079DABFA5D7E}.Debug|Any CPU.ActiveCfg = Debug|Any CPU
		{C028DA96-C126-71C1-50B9-079DABFA5D7E}.Debug|Any CPU.Build.0 = Debug|Any CPU
		{C028DA96-C126-71C1-50B9-079DABFA5D7E}.Release|Any CPU.ActiveCfg = Release|Any CPU
		{C028DA96-C126-71C1-50B9-079DABFA5D7E}.Release|Any CPU.Build.0 = Release|Any CPU
		{BC4DBAAD-6FC4-4323-7CB6-FE32BF46F2D8}.Debug|Any CPU.ActiveCfg = Debug|Any CPU
		{BC4DBAAD-6FC4-4323-7CB6-FE32BF46F2D8}.Debug|Any CPU.Build.0 = Debug|Any CPU
		{BC4DBAAD-6FC4-4323-7CB6-FE32BF46F2D8}.Release|Any CPU.ActiveCfg = Release|Any CPU
		{BC4DBAAD-6FC4-4323-7CB6-FE32BF46F2D8}.Release|Any CPU.Build.0 = Release|Any CPU
		{2AD2D43B-D514-4008-1CBA-AA0075CBE87C}.Debug|Any CPU.ActiveCfg = Debug|Any CPU
		{2AD2D43B-D514-4008-1CBA-AA0075CBE87C}.Debug|Any CPU.Build.0 = Debug|Any CPU
		{2AD2D43B-D514-4008-1CBA-AA0075CBE87C}.Release|Any CPU.ActiveCfg = Release|Any CPU
		{2AD2D43B-D514-4008-1CBA-AA0075CBE87C}.Release|Any CPU.Build.0 = Release|Any CPU
		{5025CC08-A9C4-9A35-5163-46FB02A8C9C0}.Debug|Any CPU.ActiveCfg = Debug|Any CPU
		{5025CC08-A9C4-9A35-5163-46FB02A8C9C0}.Debug|Any CPU.Build.0 = Debug|Any CPU
		{5025CC08-A9C4-9A35-5163-46FB02A8C9C0}.Release|Any CPU.ActiveCfg = Release|Any CPU
		{5025CC08-A9C4-9A35-5163-46FB02A8C9C0}.Release|Any CPU.Build.0 = Release|Any CPU
		{183E223A-3231-B1C4-63EB-1806AEFAE7DB}.Debug|Any CPU.ActiveCfg = Debug|Any CPU
		{183E223A-3231-B1C4-63EB-1806AEFAE7DB}.Debug|Any CPU.Build.0 = Debug|Any CPU
		{183E223A-3231-B1C4-63EB-1806AEFAE7DB}.Release|Any CPU.ActiveCfg = Release|Any CPU
		{183E223A-3231-B1C4-63EB-1806AEFAE7DB}.Release|Any CPU.Build.0 = Release|Any CPU
	EndGlobalSection
	GlobalSection(SolutionProperties) = preSolution
		HideSolutionNode = FALSE
	EndGlobalSection
EndGlobal
