
Microsoft Visual Studio Solution File, Format Version 12.00
# Visual Studio 15
Project("{FAE04EC0-301F-11D3-BF4B-00C04F79EFBC}") = "Unity.Timeline", "Unity.Timeline.csproj", "{7DDB68CE-7C86-7666-828D-394D43FAE8FB}"
EndProject
Project("{FAE04EC0-301F-11D3-BF4B-00C04F79EFBC}") = "Unity.VisualEffectGraph.Editor", "Unity.VisualEffectGraph.Editor.csproj", "{37B99B2A-03C2-166A-7982-D19368D222A0}"
EndProject
Project("{FAE04EC0-301F-11D3-BF4B-00C04F79EFBC}") = "Unity.RenderPipelines.GPUDriven.Runtime", "Unity.RenderPipelines.GPUDriven.Runtime.csproj", "{FCB040D4-B8AC-EDCD-E431-4F229D8D3501}"
EndProject
Project("{FAE04EC0-301F-11D3-BF4B-00C04F79EFBC}") = "Unity.XR.OpenVR.Editor", "Unity.XR.OpenVR.Editor.csproj", "{433DBB6C-A698-6441-1E1E-C3CC9F86462D}"
EndProject
Project("{FAE04EC0-301F-11D3-BF4B-00C04F79EFBC}") = "Unity.ShaderGraph.Editor", "Unity.ShaderGraph.Editor.csproj", "{04255D3C-0BB1-AC15-C071-8D2F884E0455}"
EndProject
Project("{FAE04EC0-301F-11D3-BF4B-00C04F79EFBC}") = "Unity.RenderPipelines.Core.Runtime", "Unity.RenderPipelines.Core.Runtime.csproj", "{AF67B2D1-9698-9397-7094-4C3E62F6DB3B}"
EndProject
Project("{FAE04EC0-301F-11D3-BF4B-00C04F79EFBC}") = "Unity.ScriptableBuildPipeline.Editor", "Unity.ScriptableBuildPipeline.Editor.csproj", "{3A2DEC87-628F-4902-71C2-3A60EAD88E78}"
EndProject
Project("{FAE04EC0-301F-11D3-BF4B-00C04F79EFBC}") = "BasisSDK", "BasisSDK.csproj", "{1664F3B8-E531-5803-3C00-18E715449E9F}"
EndProject
Project("{FAE04EC0-301F-11D3-BF4B-00C04F79EFBC}") = "LiteNetLib", "LiteNetLib.csproj", "{1B61A2A2-044D-10B2-3D3A-E15D3BA21BFA}"
EndProject
Project("{FAE04EC0-301F-11D3-BF4B-00C04F79EFBC}") = "Unity.Mathematics", "Unity.Mathematics.csproj", "{F1CCAC9B-B3B1-B7C0-9ABF-0247AA11F777}"
EndProject
Project("{FAE04EC0-301F-11D3-BF4B-00C04F79EFBC}") = "Unity.Timeline.Editor", "Unity.Timeline.Editor.csproj", "{C36CDEFE-F01A-DC24-BE88-36D43850A614}"
EndProject
Project("{FAE04EC0-301F-11D3-BF4B-00C04F79EFBC}") = "Unity.RenderPipelines.Core.Editor", "Unity.RenderPipelines.Core.Editor.csproj", "{D9CBCEBC-B1BE-0693-3C44-7C8D455E54D8}"
EndProject
Project("{FAE04EC0-301F-11D3-BF4B-00C04F79EFBC}") = "Unity.Collections", "Unity.Collections.csproj", "{485B60EB-BF4D-FCBF-C84F-8032673E06CF}"
EndProject
Project("{FAE04EC0-301F-11D3-BF4B-00C04F79EFBC}") = "UnityEngine.UI", "UnityEngine.UI.csproj", "{D85FB965-3220-4927-23FA-4B7A57EA1B74}"
EndProject
Project("{FAE04EC0-301F-11D3-BF4B-00C04F79EFBC}") = "SteamAudioUnityEditor", "SteamAudioUnityEditor.csproj", "{B71E4739-0999-5CE2-D397-17FC3E50B361}"
EndProject
Project("{FAE04EC0-301F-11D3-BF4B-00C04F79EFBC}") = "Unity.Addressables.Editor", "Unity.Addressables.Editor.csproj", "{7353DA1F-2AEA-7EC7-8544-4F4C97EA3061}"
EndProject
Project("{FAE04EC0-301F-11D3-BF4B-00C04F79EFBC}") = "uLipSync.Runtime", "uLipSync.Runtime.csproj", "{6B482A3E-B1E1-DC8A-5591-8ADFDF372046}"
EndProject
Project("{FAE04EC0-301F-11D3-BF4B-00C04F79EFBC}") = "Unity.RenderPipelines.Universal.2D.Runtime", "Unity.RenderPipelines.Universal.2D.Runtime.csproj", "{665E3251-1F32-805A-F61D-F78AF357BE73}"
EndProject
Project("{FAE04EC0-301F-11D3-BF4B-00C04F79EFBC}") = "BasisSDKEditor", "BasisSDKEditor.csproj", "{98F5464A-1032-2870-53D3-677BE24C6F06}"
EndProject
Project("{FAE04EC0-301F-11D3-BF4B-00C04F79EFBC}") = "Unity.RenderPipelines.Universal.Editor", "Unity.RenderPipelines.Universal.Editor.csproj", "{243B5750-03BE-1C7B-1170-76D7E3C5D694}"
EndProject
Project("{FAE04EC0-301F-11D3-BF4B-00C04F79EFBC}") = "Unity.PerformanceTesting.Editor", "Unity.PerformanceTesting.Editor.csproj", "{53A84948-12BE-2269-3161-642EE8AFBC87}"
EndProject
Project("{FAE04EC0-301F-11D3-BF4B-00C04F79EFBC}") = "UnityEngine.TestRunner", "UnityEngine.TestRunner.csproj", "{F3A1E07B-0215-8755-71CD-B97B83C8404F}"
EndProject
Project("{FAE04EC0-301F-11D3-BF4B-00C04F79EFBC}") = "Unity.Burst", "Unity.Burst.csproj", "{19C96733-6628-FC83-A27A-78445E9872E5}"
EndProject
Project("{FAE04EC0-301F-11D3-BF4B-00C04F79EFBC}") = "Unity.Animation.Rigging", "Unity.Animation.Rigging.csproj", "{BA49F2F2-B0FB-1AE4-5FEB-56946349158C}"
EndProject
Project("{FAE04EC0-301F-11D3-BF4B-00C04F79EFBC}") = "BasisNetworkCore", "BasisNetworkCore.csproj", "{F8379EF4-14C3-3FD9-E603-6B6CE12C3F93}"
EndProject
Project("{FAE04EC0-301F-11D3-BF4B-00C04F79EFBC}") = "BasisEditor", "BasisEditor.csproj", "{CDC281D4-A9B4-625E-2152-0D4A847F6F7B}"
EndProject
Project("{FAE04EC0-301F-11D3-BF4B-00C04F79EFBC}") = "Unity.InputSystem", "Unity.InputSystem.csproj", "{ABE39A9C-2183-B3A5-8BD1-90F3E45406A6}"
EndProject
Project("{FAE04EC0-301F-11D3-BF4B-00C04F79EFBC}") = "Unity.Animation.Rigging.Editor", "Unity.Animation.Rigging.Editor.csproj", "{F7256CD4-2921-2018-B8F1-A7A5D0F4875D}"
EndProject
Project("{FAE04EC0-301F-11D3-BF4B-00C04F79EFBC}") = "Unity.VisualStudio.Editor", "Unity.VisualStudio.Editor.csproj", "{AA5EA10B-CCE3-9CBD-6747-DDA3CBB6FE77}"
EndProject
Project("{FAE04EC0-301F-11D3-BF4B-00C04F79EFBC}") = "Unity.MemoryProfiler.Editor", "Unity.MemoryProfiler.Editor.csproj", "{9EDF041D-CEE8-F009-F015-7DC04379A074}"
EndProject
Project("{FAE04EC0-301F-11D3-BF4B-00C04F79EFBC}") = "PPv2URPConverters", "PPv2URPConverters.csproj", "{A7033403-16D5-6BDA-3000-0979FE018AE0}"
EndProject
Project("{FAE04EC0-301F-11D3-BF4B-00C04F79EFBC}") = "Unity.XR.OpenXR", "Unity.XR.OpenXR.csproj", "{1D6BB2E2-8430-A28A-6D12-F09CE2381FE3}"
EndProject
Project("{FAE04EC0-301F-11D3-BF4B-00C04F79EFBC}") = "Unity.XR.CoreUtils", "Unity.XR.CoreUtils.csproj", "{D3F1042D-778C-4AB3-581D-8DF9A5EF038B}"
EndProject
Project("{FAE04EC0-301F-11D3-BF4B-00C04F79EFBC}") = "Naelstrof.JigglePhysics", "Naelstrof.JigglePhysics.csproj", "{41722686-65BB-5E26-5B6F-A62FC1B9F5B0}"
EndProject
Project("{FAE04EC0-301F-11D3-BF4B-00C04F79EFBC}") = "Unity.Searcher.Editor", "Unity.Searcher.Editor.csproj", "{25CD7869-8C20-5C38-47FD-787BE43382B5}"
EndProject
Project("{FAE04EC0-301F-11D3-BF4B-00C04F79EFBC}") = "Unity.ResourceManager", "Unity.ResourceManager.csproj", "{9C9961D8-82B0-24AC-0412-1C54E9208B62}"
EndProject
Project("{FAE04EC0-301F-11D3-BF4B-00C04F79EFBC}") = "UnityEditor.TestRunner", "UnityEditor.TestRunner.csproj", "{EB158A42-8BDE-9BA6-DC92-45FBC076B236}"
EndProject
Project("{FAE04EC0-301F-11D3-BF4B-00C04F79EFBC}") = "Unity.RenderPipelines.Universal.Runtime", "Unity.RenderPipelines.Universal.Runtime.csproj", "{77D8DD24-8DCA-85EE-F672-126D3714D408}"
EndProject
Project("{FAE04EC0-301F-11D3-BF4B-00C04F79EFBC}") = "BasisAddressableDriver", "BasisAddressableDriver.csproj", "{F7B417BA-ACFB-CA33-DF0B-C2A47CA47821}"
EndProject
Project("{FAE04EC0-301F-11D3-BF4B-00C04F79EFBC}") = "BasisSerializer.OdinSerializer", "BasisSerializer.OdinSerializer.csproj", "{B9932C32-0996-492C-5B70-FA0BEBC5C5F9}"
EndProject
Project("{FAE04EC0-301F-11D3-BF4B-00C04F79EFBC}") = "Unity.VisualEffectGraph.Runtime", "Unity.VisualEffectGraph.Runtime.csproj", "{97A30969-A9D4-1BF7-EB9E-340E1F8D12F7}"
EndProject
Project("{FAE04EC0-301F-11D3-BF4B-00C04F79EFBC}") = "Unity.Burst.CodeGen", "Unity.Burst.CodeGen.csproj", "{1F1F98E2-9C5C-355E-C62C-05CFF088C662}"
EndProject
Project("{FAE04EC0-301F-11D3-BF4B-00C04F79EFBC}") = "BattlePhazeSettingsManger", "BattlePhazeSettingsManger.csproj", "{2136F796-BCE8-0C1A-FBA1-553551703CC4}"
EndProject
Project("{FAE04EC0-301F-11D3-BF4B-00C04F79EFBC}") = "Unity.Addressables.Editor.Tests.DocExampleCode", "Unity.Addressables.Editor.Tests.DocExampleCode.csproj", "{AC38A3B6-DCB1-4CA4-6227-3A4A9931F9A8}"
EndProject
Project("{FAE04EC0-301F-11D3-BF4B-00C04F79EFBC}") = "Unity.PerformanceTesting", "Unity.PerformanceTesting.csproj", "{B257BAB9-B683-5862-2B75-AF05FEB74F88}"
EndProject
Project("{FAE04EC0-301F-11D3-BF4B-00C04F79EFBC}") = "SteamVR", "SteamVR.csproj", "{76EB6543-AA89-28DB-7AFE-DB52C98BB30D}"
EndProject
Project("{FAE04EC0-301F-11D3-BF4B-00C04F79EFBC}") = "HVR.Basis.Comms.Editor", "HVR.Basis.Comms.Editor.csproj", "{CC34F7D6-BA37-0988-0B1F-A9D66CBB95F9}"
EndProject
Project("{FAE04EC0-301F-11D3-BF4B-00C04F79EFBC}") = "Unity.TextMeshPro", "Unity.TextMeshPro.csproj", "{187E0516-C1DD-AEE6-77AB-FDFEDAD38019}"
EndProject
Project("{FAE04EC0-301F-11D3-BF4B-00C04F79EFBC}") = "SettingsManagerModules", "SettingsManagerModules.csproj", "{B9BB7A5A-5792-7958-E1FD-CC19473EFC93}"
EndProject
Project("{FAE04EC0-301F-11D3-BF4B-00C04F79EFBC}") = "Unity.TextMeshPro.Editor", "Unity.TextMeshPro.Editor.csproj", "{1CC3B629-7871-D388-675F-FD85A4807DD1}"
EndProject
Project("{FAE04EC0-301F-11D3-BF4B-00C04F79EFBC}") = "Unity.Rendering.LightTransport.Runtime", "Unity.Rendering.LightTransport.Runtime.csproj", "{66ABC735-F474-CD6D-3619-EC1229C0C746}"
EndProject
Project("{FAE04EC0-301F-11D3-BF4B-00C04F79EFBC}") = "Unity.Burst.Editor", "Unity.Burst.Editor.csproj", "{AEEE32DA-FA07-335B-565B-8D310F0B3F65}"
EndProject
Project("{FAE04EC0-301F-11D3-BF4B-00C04F79EFBC}") = "Unity.Rider.Editor", "Unity.Rider.Editor.csproj", "{95C3C6FD-AD05-3B86-638D-CF3FAE120496}"
EndProject
Project("{FAE04EC0-301F-11D3-BF4B-00C04F79EFBC}") = "SteamAudioUnity", "SteamAudioUnity.csproj", "{0393EBC3-B4B1-1B15-AEB9-4246062758BA}"
EndProject
Project("{FAE04EC0-301F-11D3-BF4B-00C04F79EFBC}") = "uLipSync.Samples.Common", "uLipSync.Samples.Common.csproj", "{DB1C6BE5-6F65-5EF5-61F7-35E3007D8CDE}"
EndProject
Project("{FAE04EC0-301F-11D3-BF4B-00C04F79EFBC}") = "Unity.XR.Management.Editor", "Unity.XR.Management.Editor.csproj", "{89FB7364-03DC-26A1-EFB8-606520B23917}"
EndProject
Project("{FAE04EC0-301F-11D3-BF4B-00C04F79EFBC}") = "UnityEditor.UI", "UnityEditor.UI.csproj", "{260F66AB-7577-F32C-1174-593F73BBD0E0}"
EndProject
Project("{FAE04EC0-301F-11D3-BF4B-00C04F79EFBC}") = "SteamVR_Actions", "SteamVR_Actions.csproj", "{85E31693-146C-F768-58ED-6FE8B9EF09D8}"
EndProject
Project("{FAE04EC0-301F-11D3-BF4B-00C04F79EFBC}") = "uLipSync.Editor", "uLipSync.Editor.csproj", "{01DB87B3-3FDD-DEB7-B7BD-F38517C5575A}"
EndProject
Project("{FAE04EC0-301F-11D3-BF4B-00C04F79EFBC}") = "Basis", "Basis.csproj", "{72CD38CC-2981-5503-74FE-DD863B4B317F}"
EndProject
Project("{FAE04EC0-301F-11D3-BF4B-00C04F79EFBC}") = "BasisOpenVR", "BasisOpenVR.csproj", "{B04052E2-ABD6-38A6-07E6-629A4F63FE80}"
EndProject
Project("{FAE04EC0-301F-11D3-BF4B-00C04F79EFBC}") = "Unity.XR.CoreUtils.Editor", "Unity.XR.CoreUtils.Editor.csproj", "{1435BABF-8E8A-A1C5-7300-AE4990D778A7}"
EndProject
Project("{FAE04EC0-301F-11D3-BF4B-00C04F79EFBC}") = "BasisExamples", "BasisExamples.csproj", "{2F896A0F-9806-41F9-B4B3-9374A4AFA216}"
EndProject
Project("{FAE04EC0-301F-11D3-BF4B-00C04F79EFBC}") = "Unity.2D.Sprite.Editor", "Unity.2D.Sprite.Editor.csproj", "{558E98A5-67B0-0FE7-D452-ADC311F8D921}"
EndProject
Project("{FAE04EC0-301F-11D3-BF4B-00C04F79EFBC}") = "Unity.MemoryProfiler.Editor.MemoryProfilerModule", "Unity.MemoryProfiler.Editor.MemoryProfilerModule.csproj", "{D4B61458-D8B4-9F31-D92B-01CA054F2D4C}"
EndProject
Project("{FAE04EC0-301F-11D3-BF4B-00C04F79EFBC}") = "Unity.XR.OpenXR.Editor", "Unity.XR.OpenXR.Editor.csproj", "{82F89050-2625-1961-1F56-0B36CB33E6C1}"
EndProject
Project("{FAE04EC0-301F-11D3-BF4B-00C04F79EFBC}") = "SettingsManagerEditor", "SettingsManagerEditor.csproj", "{6F1E02C5-11D3-B3F1-FE12-FCF7A2A9D318}"
EndProject
Project("{FAE04EC0-301F-11D3-BF4B-00C04F79EFBC}") = "AudioLink", "AudioLink.csproj", "{A0453BEF-3C0E-D054-6FD6-8915F48B8D26}"
EndProject
Project("{FAE04EC0-301F-11D3-BF4B-00C04F79EFBC}") = "Unity.XR.OpenVR", "Unity.XR.OpenVR.csproj", "{20B37340-48CF-8247-55A5-B93A41C3EC17}"
EndProject
Project("{FAE04EC0-301F-11D3-BF4B-00C04F79EFBC}") = "SteamVR_Input_Editor", "SteamVR_Input_Editor.csproj", "{54A4B2D3-3314-7BDF-19AB-FFBC642D40C1}"
EndProject
Project("{FAE04EC0-301F-11D3-BF4B-00C04F79EFBC}") = "BasisNetworkServer", "BasisNetworkServer.csproj", "{0F4B0B5C-A8D4-C20B-8503-AE360C2E9203}"
EndProject
Project("{FAE04EC0-301F-11D3-BF4B-00C04F79EFBC}") = "Unity.InputSystem.ForUI", "Unity.InputSystem.ForUI.csproj", "{A4E47C8A-2102-9AA8-28A4-FB6CC4946714}"
EndProject
Project("{FAE04EC0-301F-11D3-BF4B-00C04F79EFBC}") = "HVR.Basis.Comms", "HVR.Basis.Comms.csproj", "{CD2C966F-7DDF-0534-4CE9-90DC719E12A3}"
EndProject
Project("{FAE04EC0-301F-11D3-BF4B-00C04F79EFBC}") = "Unity.Collections.CodeGen", "Unity.Collections.CodeGen.csproj", "{4D9EEE56-9A63-79EF-A220-EA6BA7DD675C}"
EndProject
Project("{FAE04EC0-301F-11D3-BF4B-00C04F79EFBC}") = "Unity.Addressables", "Unity.Addressables.csproj", "{52D04FA4-F3DA-8D18-C2DA-54E136501836}"
EndProject
Project("{FAE04EC0-301F-11D3-BF4B-00C04F79EFBC}") = "Unity.XR.Management", "Unity.XR.Management.csproj", "{05CD6DA9-D4BD-B830-D2A3-D7B7B44CD992}"
EndProject
Project("{FAE04EC0-301F-11D3-BF4B-00C04F79EFBC}") = "Unity.Mathematics.Editor", "Unity.Mathematics.Editor.csproj", "{2FAE76E0-BCCD-3582-7D17-6BFF9CADC3B8}"
EndProject
Project("{FAE04EC0-301F-11D3-BF4B-00C04F79EFBC}") = "Unity.XR.OpenXR.Features.MetaQuestSupport.Editor", "Unity.XR.OpenXR.Features.MetaQuestSupport.Editor.csproj", "{E3462D6C-C11D-3339-CAC2-34F161ED1605}"
EndProject
Project("{FAE04EC0-301F-11D3-BF4B-00C04F79EFBC}") = "Unity.InputSystem.TestFramework", "Unity.InputSystem.TestFramework.csproj", "{3FC14771-59AA-3FC7-EC20-9188C4214BF8}"
EndProject
Project("{FAE04EC0-301F-11D3-BF4B-00C04F79EFBC}") = "UnityEditor.XR.LegacyInputHelpers", "UnityEditor.XR.LegacyInputHelpers.csproj", "{E964580D-F880-12DB-A9F5-BB11A24F7E30}"
EndProject
Project("{FAE04EC0-301F-11D3-BF4B-00C04F79EFBC}") = "Unity.ShaderGraph.Utilities", "Unity.ShaderGraph.Utilities.csproj", "{FDA5FB3D-0674-62CD-0DF4-0E0BE6C33E2E}"
EndProject
Project("{FAE04EC0-301F-11D3-BF4B-00C04F79EFBC}") = "RNNoiseIntergration", "RNNoiseIntergration.csproj", "{F1BF6064-1E6B-C55A-1FFF-2A73D4D1FEBE}"
EndProject
Project("{FAE04EC0-301F-11D3-BF4B-00C04F79EFBC}") = "AudioLink.Editor", "AudioLink.Editor.csproj", "{F5DAD85E-B228-20F2-C7EA-D3BE8076252A}"
EndProject
Project("{FAE04EC0-301F-11D3-BF4B-00C04F79EFBC}") = "Unity.XR.OpenXR.Features.OculusQuestSupport.Editor", "Unity.XR.OpenXR.Features.OculusQuestSupport.Editor.csproj", "{553BA67D-5005-3352-AC08-2BD35EDD0EB8}"
EndProject
Project("{FAE04EC0-301F-11D3-BF4B-00C04F79EFBC}") = "Unity.Profiling.Core", "Unity.Profiling.Core.csproj", "{2DB6248F-9811-6B0A-6AD8-EF5DC768D674}"
EndProject
Project("{FAE04EC0-301F-11D3-BF4B-00C04F79EFBC}") = "Unity.XR.OpenXR.Features.ConformanceAutomation", "Unity.XR.OpenXR.Features.ConformanceAutomation.csproj", "{F488E724-80BB-EC86-4868-C4C2A30D9D7B}"
EndProject
Project("{FAE04EC0-301F-11D3-BF4B-00C04F79EFBC}") = "Unity.Animation.Rigging.DocCodeExamples", "Unity.Animation.Rigging.DocCodeExamples.csproj", "{58AD2A7A-53F3-AE5E-D112-3B0A3FDD4D98}"
EndProject
Project("{FAE04EC0-301F-11D3-BF4B-00C04F79EFBC}") = "Unity.EditorCoroutines.Editor", "Unity.EditorCoroutines.Editor.csproj", "{FD7F1663-5443-F1BD-5E44-A2A210B183D7}"
EndProject
Project("{FAE04EC0-301F-11D3-BF4B-00C04F79EFBC}") = "BasisCommon", "BasisCommon.csproj", "{BD8549D2-E964-36F8-A2EB-58724CAF890D}"
EndProject
Project("{FAE04EC0-301F-11D3-BF4B-00C04F79EFBC}") = "Unity.XR.OpenXR.Features.MockRuntime", "Unity.XR.OpenXR.Features.MockRuntime.csproj", "{1580FF76-216F-AFEA-A65B-CC1EC635F08E}"
EndProject
Project("{FAE04EC0-301F-11D3-BF4B-00C04F79EFBC}") = "Unity.RenderPipeline.Universal.ShaderLibrary", "Unity.RenderPipeline.Universal.ShaderLibrary.csproj", "{EF5B3FCE-57A3-EDE4-1F20-958873F61919}"
EndProject
Project("{FAE04EC0-301F-11D3-BF4B-00C04F79EFBC}") = "uLipSync.Samples.VRM.Editor", "uLipSync.Samples.VRM.Editor.csproj", "{2EBD8BDA-6112-CE7A-1998-C11AC8E417E4}"
EndProject
Project("{FAE04EC0-301F-11D3-BF4B-00C04F79EFBC}") = "BasisGizmos", "BasisGizmos.csproj", "{E585FF9E-C662-F531-A782-FA9B659E2DCB}"
EndProject
Project("{FAE04EC0-301F-11D3-BF4B-00C04F79EFBC}") = "Assembly-CSharp", "Assembly-CSharp.csproj", "{5E5267E5-ED0E-0893-292B-15BD9C649C58}"
EndProject
Project("{FAE04EC0-301F-11D3-BF4B-00C04F79EFBC}") = "OpusIntergration", "OpusIntergration.csproj", "{F132C3F1-8A69-6964-E4C7-9A9654DBE08B}"
EndProject
Project("{FAE04EC0-301F-11D3-BF4B-00C04F79EFBC}") = "SMUniversalRenderPipeline", "SMUniversalRenderPipeline.csproj", "{FF2E02D0-259A-8F71-8D58-42C083DA305E}"
EndProject
Project("{FAE04EC0-301F-11D3-BF4B-00C04F79EFBC}") = "UnityEngine.SpatialTracking", "UnityEngine.SpatialTracking.csproj", "{E095ACDC-EF86-4989-2869-0AB774C5FE7F}"
EndProject
Project("{FAE04EC0-301F-11D3-BF4B-00C04F79EFBC}") = "BasisOpenXR", "BasisOpenXR.csproj", "{C665F2DA-6E5E-D95F-70B4-0B8200892511}"
EndProject
Project("{FAE04EC0-301F-11D3-BF4B-00C04F79EFBC}") = "BasisConsoleDisplay", "BasisConsoleDisplay.csproj", "{C89E5954-9697-E30A-C299-9FB773CF50C5}"
EndProject
Project("{FAE04EC0-301F-11D3-BF4B-00C04F79EFBC}") = "UnityEngine.XR.LegacyInputHelpers", "UnityEngine.XR.LegacyInputHelpers.csproj", "{68707337-5513-435E-19B0-EAA764C8A881}"
EndProject
Project("{FAE04EC0-301F-11D3-BF4B-00C04F79EFBC}") = "uLipSync.Samples.RuntimeSetup.Runtime", "uLipSync.Samples.RuntimeSetup.Runtime.csproj", "{E071E7C5-CE72-D5AF-1D03-748EB867727B}"
EndProject
Project("{FAE04EC0-301F-11D3-BF4B-00C04F79EFBC}") = "Unity.Rendering.LightTransport.Editor", "Unity.Rendering.LightTransport.Editor.csproj", "{36E8833E-75F6-04C1-BC3F-59F698727968}"
EndProject
Project("{FAE04EC0-301F-11D3-BF4B-00C04F79EFBC}") = "Unity.RenderPipelines.Universal.Shaders", "Unity.RenderPipelines.Universal.Shaders.csproj", "{36236F90-216C-B07A-FD23-E9596F0D820D}"
EndProject
Project("{FAE04EC0-301F-11D3-BF4B-00C04F79EFBC}") = "Unity.RenderPipelines.Core.Runtime.Shared", "Unity.RenderPipelines.Core.Runtime.Shared.csproj", "{5D6593ED-08F7-A0AC-2706-122F7FB937FD}"
EndProject
Project("{FAE04EC0-301F-11D3-BF4B-00C04F79EFBC}") = "Unity.MemoryProfiler", "Unity.MemoryProfiler.csproj", "{A8C7F2CE-9C8D-0A5B-4130-5BD8D7E9FCD7}"
EndProject
Project("{FAE04EC0-301F-11D3-BF4B-00C04F79EFBC}") = "Unity.XR.OpenXR.Features.RuntimeDebugger.Editor", "Unity.XR.OpenXR.Features.RuntimeDebugger.Editor.csproj", "{C7B26CCD-8536-6E8D-A751-D0419F939EC1}"
EndProject
Project("{FAE04EC0-301F-11D3-BF4B-00C04F79EFBC}") = "uLipSync.Samples.VRM.Runtime", "uLipSync.Samples.VRM.Runtime.csproj", "{D3A2AE54-BE46-4775-B825-D73279A4C24A}"
EndProject
Project("{FAE04EC0-301F-11D3-BF4B-00C04F79EFBC}") = "Unity.ScriptableBuildPipeline", "Unity.ScriptableBuildPipeline.csproj", "{18F1FBB9-A889-21DC-A6AD-298ED84F8849}"
EndProject
Project("{FAE04EC0-301F-11D3-BF4B-00C04F79EFBC}") = "Unity.XR.OpenXR.Features.OculusQuestSupport", "Unity.XR.OpenXR.Features.OculusQuestSupport.csproj", "{2F5D78B6-22DE-5F2A-8AC6-498B3889FC98}"
EndProject
Project("{FAE04EC0-301F-11D3-BF4B-00C04F79EFBC}") = "UnityEditor.SpatialTracking", "UnityEditor.SpatialTracking.csproj", "{BDF7CF33-EDAC-30BE-1A27-53E6CDCB315E}"
EndProject
Project("{FAE04EC0-301F-11D3-BF4B-00C04F79EFBC}") = "BasisNetworkClient", "BasisNetworkClient.csproj", "{57C936B1-3424-5771-9156-E9170D20D859}"
EndProject
Project("{FAE04EC0-301F-11D3-BF4B-00C04F79EFBC}") = "Unity.XR.OpenXR.Features.RuntimeDebugger", "Unity.XR.OpenXR.Features.RuntimeDebugger.csproj", "{B700B8F3-CDD3-92B3-46BC-B9F613E7D3F2}"
EndProject
Project("{FAE04EC0-301F-11D3-BF4B-00C04F79EFBC}") = "Unity.XR.OpenXR.Features.MetaQuestSupport", "Unity.XR.OpenXR.Features.MetaQuestSupport.csproj", "{FE29283C-F20D-3526-B6F0-20D5B4FC9722}"
EndProject
Project("{FAE04EC0-301F-11D3-BF4B-00C04F79EFBC}") = "Unity.Collections.Editor", "Unity.Collections.Editor.csproj", "{7B06AD6B-0723-2164-77A2-D0FED2D0572F}"
EndProject
Project("{FAE04EC0-301F-11D3-BF4B-00C04F79EFBC}") = "HVR.Basis.NDMF", "HVR.Basis.NDMF.csproj", "{88320F15-2E55-8BC0-8B39-89DF7402FC6B}"
EndProject
Project("{FAE04EC0-301F-11D3-BF4B-00C04F79EFBC}") = "Unity.RenderPipelines.Universal.Config.Runtime", "Unity.RenderPipelines.Universal.Config.Runtime.csproj", "{ACB114D9-32E0-6A60-D9F7-247EE6661B5C}"
EndProject
Project("{FAE04EC0-301F-11D3-BF4B-00C04F79EFBC}") = "Unity.RenderPipelines.ShaderGraph.ShaderGraphLibrary", "Unity.RenderPipelines.ShaderGraph.ShaderGraphLibrary.csproj", "{1960F417-4825-434E-6555-6E03B2D8DD6F}"
EndProject
Project("{FAE04EC0-301F-11D3-BF4B-00C04F79EFBC}") = "Unity.RenderPipelines.Core.ShaderLibrary", "Unity.RenderPipelines.Core.ShaderLibrary.csproj", "{E1C7CAF9-A14A-8252-F20B-2834D491AB8E}"
EndProject
Project("{FAE04EC0-301F-11D3-BF4B-00C04F79EFBC}") = "Unity.RenderPipelines.Core.Editor.Shared", "Unity.RenderPipelines.Core.Editor.Shared.csproj", "{B1FD4410-10DB-679B-7F7E-5B67DF0A87D3}"
EndProject
Project("{FAE04EC0-301F-11D3-BF4B-00C04F79EFBC}") = "Unity.Timeline", "Unity.Timeline.Player.csproj", "{E8887250-EA8A-910C-3431-02E2959A6CAD}"
EndProject
Project("{FAE04EC0-301F-11D3-BF4B-00C04F79EFBC}") = "Unity.RenderPipelines.GPUDriven.Runtime", "Unity.RenderPipelines.GPUDriven.Runtime.Player.csproj", "{3491D3FE-454B-49EC-116D-B8F2E92D2F85}"
EndProject
Project("{FAE04EC0-301F-11D3-BF4B-00C04F79EFBC}") = "Unity.RenderPipelines.Core.Runtime", "Unity.RenderPipelines.Core.Runtime.Player.csproj", "{C10EF620-BAE1-0811-D63E-B43C83992C4C}"
EndProject
Project("{FAE04EC0-301F-11D3-BF4B-00C04F79EFBC}") = "BasisSDK", "BasisSDK.Player.csproj", "{1F495036-CF17-0844-D7EA-FA3CF367C8A3}"
EndProject
Project("{FAE04EC0-301F-11D3-BF4B-00C04F79EFBC}") = "LiteNetLib", "LiteNetLib.Player.csproj", "{A2803A7B-469B-A17F-0A5A-A714B616EC4D}"
EndProject
Project("{FAE04EC0-301F-11D3-BF4B-00C04F79EFBC}") = "Unity.Mathematics", "Unity.Mathematics.Player.csproj", "{C8D76531-C9AC-AF25-ABB2-16705BFCB332}"
EndProject
Project("{FAE04EC0-301F-11D3-BF4B-00C04F79EFBC}") = "Unity.Collections", "Unity.Collections.Player.csproj", "{782B855B-6A38-724F-34D7-ABFAF6696098}"
EndProject
Project("{FAE04EC0-301F-11D3-BF4B-00C04F79EFBC}") = "UnityEngine.UI", "UnityEngine.UI.Player.csproj", "{82F6ADF6-AD7F-3060-A94D-862FEEE7CCEC}"
EndProject
Project("{FAE04EC0-301F-11D3-BF4B-00C04F79EFBC}") = "uLipSync.Runtime", "uLipSync.Runtime.Player.csproj", "{AB824413-15A4-8931-0384-DDA6897C13E9}"
EndProject
Project("{FAE04EC0-301F-11D3-BF4B-00C04F79EFBC}") = "Unity.RenderPipelines.Universal.2D.Runtime", "Unity.RenderPipelines.Universal.2D.Runtime.Player.csproj", "{9C8486EB-4B00-240F-A23F-3DBF63B55AC3}"
EndProject
Project("{FAE04EC0-301F-11D3-BF4B-00C04F79EFBC}") = "UnityEngine.TestRunner", "UnityEngine.TestRunner.Player.csproj", "{83D54996-424D-3FB2-3466-55D8EFF757FC}"
EndProject
Project("{FAE04EC0-301F-11D3-BF4B-00C04F79EFBC}") = "Unity.Burst", "Unity.Burst.Player.csproj", "{9E574638-26E7-79A4-B4FE-EEAA02375BA9}"
EndProject
Project("{FAE04EC0-301F-11D3-BF4B-00C04F79EFBC}") = "Unity.Animation.Rigging", "Unity.Animation.Rigging.Player.csproj", "{6F5CE1CA-FBB0-FEFE-52A3-2F3B0AB22F38}"
EndProject
Project("{FAE04EC0-301F-11D3-BF4B-00C04F79EFBC}") = "BasisNetworkCore", "BasisNetworkCore.Player.csproj", "{CD23A616-50F9-99A8-6459-BDC645F346AF}"
EndProject
Project("{FAE04EC0-301F-11D3-BF4B-00C04F79EFBC}") = "Unity.InputSystem", "Unity.InputSystem.Player.csproj", "{385F973E-65A5-84C5-8B11-D23FC6257FDE}"
EndProject
Project("{FAE04EC0-301F-11D3-BF4B-00C04F79EFBC}") = "Unity.XR.OpenXR", "Unity.XR.OpenXR.Player.csproj", "{8F7E447F-75A6-A919-CCE0-9D832E364BF8}"
EndProject
Project("{FAE04EC0-301F-11D3-BF4B-00C04F79EFBC}") = "Unity.XR.CoreUtils", "Unity.XR.CoreUtils.Player.csproj", "{BAB0406E-EDC2-A5C7-D15B-C805B734F2A1}"
EndProject
Project("{FAE04EC0-301F-11D3-BF4B-00C04F79EFBC}") = "Naelstrof.JigglePhysics", "Naelstrof.JigglePhysics.Player.csproj", "{B6E25BC1-69C0-14E2-2B49-C77E9B4EE122}"
EndProject
Project("{FAE04EC0-301F-11D3-BF4B-00C04F79EFBC}") = "Unity.ResourceManager", "Unity.ResourceManager.Player.csproj", "{DF26CA20-4A25-1D5D-EAE9-B11DEF253804}"
EndProject
Project("{FAE04EC0-301F-11D3-BF4B-00C04F79EFBC}") = "Unity.RenderPipelines.Universal.Runtime", "Unity.RenderPipelines.Universal.Runtime.Player.csproj", "{DF6B175C-923B-E2FE-36DE-68BB77089A86}"
EndProject
Project("{FAE04EC0-301F-11D3-BF4B-00C04F79EFBC}") = "BasisAddressableDriver", "BasisAddressableDriver.Player.csproj", "{583047CC-AD2D-27BB-E03A-9CD5611C6487}"
EndProject
Project("{FAE04EC0-301F-11D3-BF4B-00C04F79EFBC}") = "BasisSerializer.OdinSerializer", "BasisSerializer.OdinSerializer.Player.csproj", "{5F81B6B0-EB04-730B-B2E0-563277266F73}"
EndProject
Project("{FAE04EC0-301F-11D3-BF4B-00C04F79EFBC}") = "Unity.VisualEffectGraph.Runtime", "Unity.VisualEffectGraph.Runtime.Player.csproj", "{DE608CE1-C7BB-2911-710A-BD6DACCDC7C4}"
EndProject
Project("{FAE04EC0-301F-11D3-BF4B-00C04F79EFBC}") = "BattlePhazeSettingsManger", "BattlePhazeSettingsManger.Player.csproj", "{9F5D9270-1705-404E-BA4D-43420BAFF7AF}"
EndProject
Project("{FAE04EC0-301F-11D3-BF4B-00C04F79EFBC}") = "Unity.PerformanceTesting", "Unity.PerformanceTesting.Player.csproj", "{20A8A8BD-2AAD-997A-DB6F-61EE3850147C}"
EndProject
Project("{FAE04EC0-301F-11D3-BF4B-00C04F79EFBC}") = "SteamVR", "SteamVR.Player.csproj", "{2A949F99-E739-9C0F-77C0-D19A30FEC7C7}"
EndProject
Project("{FAE04EC0-301F-11D3-BF4B-00C04F79EFBC}") = "Unity.TextMeshPro", "Unity.TextMeshPro.Player.csproj", "{9323167B-5A1F-CCA7-378D-D3051AACE053}"
EndProject
Project("{FAE04EC0-301F-11D3-BF4B-00C04F79EFBC}") = "SettingsManagerModules", "SettingsManagerModules.Player.csproj", "{809ED5C5-DAFB-15F8-5B06-6D94A52FCCCC}"
EndProject
Project("{FAE04EC0-301F-11D3-BF4B-00C04F79EFBC}") = "Unity.Rendering.LightTransport.Runtime", "Unity.Rendering.LightTransport.Runtime.Player.csproj", "{84E43743-FA5A-3A11-C6E3-8622F1F0E387}"
EndProject
Project("{FAE04EC0-301F-11D3-BF4B-00C04F79EFBC}") = "SteamAudioUnity", "SteamAudioUnity.Player.csproj", "{90C21B9A-0FE8-6F87-18D9-ED17A1ACB812}"
EndProject
Project("{FAE04EC0-301F-11D3-BF4B-00C04F79EFBC}") = "uLipSync.Samples.Common", "uLipSync.Samples.Common.Player.csproj", "{B8CE25FE-FC30-B94C-95FD-2609D32DB0A1}"
EndProject
Project("{FAE04EC0-301F-11D3-BF4B-00C04F79EFBC}") = "SteamVR_Actions", "SteamVR_Actions.Player.csproj", "{CCB5656E-DAB8-A998-B843-ACEC45C06ED3}"
EndProject
Project("{FAE04EC0-301F-11D3-BF4B-00C04F79EFBC}") = "Basis", "Basis.Player.csproj", "{67CDD50F-E4A4-B576-49C7-8239FAAC440F}"
EndProject
Project("{FAE04EC0-301F-11D3-BF4B-00C04F79EFBC}") = "BasisOpenVR", "BasisOpenVR.Player.csproj", "{99E3CC59-F4CB-7533-8EF6-6A2227796BE2}"
EndProject
Project("{FAE04EC0-301F-11D3-BF4B-00C04F79EFBC}") = "BasisExamples", "BasisExamples.Player.csproj", "{6FC0104A-DCEB-3EC0-2AC0-943BA0B3B2A5}"
EndProject
Project("{FAE04EC0-301F-11D3-BF4B-00C04F79EFBC}") = "AudioLink", "AudioLink.Player.csproj", "{BAF90D1B-DF4C-FA44-5111-DFDE80081AEF}"
EndProject
Project("{FAE04EC0-301F-11D3-BF4B-00C04F79EFBC}") = "Unity.XR.OpenVR", "Unity.XR.OpenVR.Player.csproj", "{206E1DB9-F630-8E43-5075-F3CE9E0C425C}"
EndProject
Project("{FAE04EC0-301F-11D3-BF4B-00C04F79EFBC}") = "BasisNetworkServer", "BasisNetworkServer.Player.csproj", "{9BDD1C09-DE94-ED8E-B0F9-6ABADB1257BA}"
EndProject
Project("{FAE04EC0-301F-11D3-BF4B-00C04F79EFBC}") = "Unity.InputSystem.ForUI", "Unity.InputSystem.ForUI.Player.csproj", "{F7F43DE2-19AA-1997-2BEF-51D6EFB763BC}"
EndProject
Project("{FAE04EC0-301F-11D3-BF4B-00C04F79EFBC}") = "HVR.Basis.Comms", "HVR.Basis.Comms.Player.csproj", "{F54DA4AC-0DCC-A69B-EBC1-98A8B40B50A2}"
EndProject
Project("{FAE04EC0-301F-11D3-BF4B-00C04F79EFBC}") = "Unity.Addressables", "Unity.Addressables.Player.csproj", "{FF790C18-BD8C-1F64-CEF0-01CAF68C38D5}"
EndProject
Project("{FAE04EC0-301F-11D3-BF4B-00C04F79EFBC}") = "Unity.XR.Management", "Unity.XR.Management.Player.csproj", "{5AB9C950-C93E-D599-2A21-16B844CF6FA5}"
EndProject
Project("{FAE04EC0-301F-11D3-BF4B-00C04F79EFBC}") = "Unity.InputSystem.TestFramework", "Unity.InputSystem.TestFramework.Player.csproj", "{ABE4CB2B-B68E-6E32-D65E-A918A8EE8040}"
EndProject
Project("{FAE04EC0-301F-11D3-BF4B-00C04F79EFBC}") = "RNNoiseIntergration", "RNNoiseIntergration.Player.csproj", "{AAA20463-0998-D512-C7D9-842F040C8471}"
EndProject
Project("{FAE04EC0-301F-11D3-BF4B-00C04F79EFBC}") = "Unity.Profiling.Core", "Unity.Profiling.Core.Player.csproj", "{BBDD2309-2658-D133-2453-35DBD58BC734}"
EndProject
Project("{FAE04EC0-301F-11D3-BF4B-00C04F79EFBC}") = "Unity.XR.OpenXR.Features.ConformanceAutomation", "Unity.XR.OpenXR.Features.ConformanceAutomation.Player.csproj", "{D57469D8-407E-740D-B09C-276DD9E42659}"
EndProject
Project("{FAE04EC0-301F-11D3-BF4B-00C04F79EFBC}") = "Unity.Animation.Rigging.DocCodeExamples", "Unity.Animation.Rigging.DocCodeExamples.Player.csproj", "{13D5177E-97E3-2973-B75B-E4B6BDE6FC65}"
EndProject
Project("{FAE04EC0-301F-11D3-BF4B-00C04F79EFBC}") = "BasisCommon", "BasisCommon.Player.csproj", "{FFE17BF0-62D3-DA60-442A-E499FBAE0A79}"
EndProject
Project("{FAE04EC0-301F-11D3-BF4B-00C04F79EFBC}") = "Unity.XR.OpenXR.Features.MockRuntime", "Unity.XR.OpenXR.Features.MockRuntime.Player.csproj", "{D91E7BA0-9445-C5DB-A69F-B56C4A831904}"
EndProject
Project("{FAE04EC0-301F-11D3-BF4B-00C04F79EFBC}") = "Unity.RenderPipeline.Universal.ShaderLibrary", "Unity.RenderPipeline.Universal.ShaderLibrary.Player.csproj", "{8C8FE634-0A3E-238E-1643-0B1117C8C941}"
EndProject
Project("{FAE04EC0-301F-11D3-BF4B-00C04F79EFBC}") = "BasisGizmos", "BasisGizmos.Player.csproj", "{81D8DFA2-3A27-2F03-1DC7-F5DA936C4DFF}"
EndProject
Project("{FAE04EC0-301F-11D3-BF4B-00C04F79EFBC}") = "Assembly-CSharp", "Assembly-CSharp.Player.csproj", "{A3CDB854-8970-2DA0-9FCE-37C025AD97A4}"
EndProject
Project("{FAE04EC0-301F-11D3-BF4B-00C04F79EFBC}") = "OpusIntergration", "OpusIntergration.Player.csproj", "{9FCE3E18-8C0D-9A18-D7A3-C370F19F8068}"
EndProject
Project("{FAE04EC0-301F-11D3-BF4B-00C04F79EFBC}") = "SMUniversalRenderPipeline", "SMUniversalRenderPipeline.Player.csproj", "{DD1A405D-646F-813D-D7B6-DB2ECA822235}"
EndProject
Project("{FAE04EC0-301F-11D3-BF4B-00C04F79EFBC}") = "UnityEngine.SpatialTracking", "UnityEngine.SpatialTracking.Player.csproj", "{62AA5E72-17AD-A1AA-D070-1B8D5B534C6E}"
EndProject
Project("{FAE04EC0-301F-11D3-BF4B-00C04F79EFBC}") = "BasisOpenXR", "BasisOpenXR.Player.csproj", "{A61E6F12-2FE4-C4AF-4B14-CE34DD34D683}"
EndProject
Project("{FAE04EC0-301F-11D3-BF4B-00C04F79EFBC}") = "BasisConsoleDisplay", "BasisConsoleDisplay.Player.csproj", "{67CD3036-8A8E-0BE2-CD48-60F3F47702FA}"
EndProject
Project("{FAE04EC0-301F-11D3-BF4B-00C04F79EFBC}") = "UnityEngine.XR.LegacyInputHelpers", "UnityEngine.XR.LegacyInputHelpers.Player.csproj", "{41209A6F-7DEE-6BC7-76B0-F050D66E1813}"
EndProject
Project("{FAE04EC0-301F-11D3-BF4B-00C04F79EFBC}") = "uLipSync.Samples.RuntimeSetup.Runtime", "uLipSync.Samples.RuntimeSetup.Runtime.Player.csproj", "{0807C172-C602-B3F0-0CBE-D92899C949FD}"
EndProject
Project("{FAE04EC0-301F-11D3-BF4B-00C04F79EFBC}") = "Unity.RenderPipelines.Universal.Shaders", "Unity.RenderPipelines.Universal.Shaders.Player.csproj", "{5C4A0C1E-D3EB-BDF8-86FC-B3772F18B135}"
EndProject
Project("{FAE04EC0-301F-11D3-BF4B-00C04F79EFBC}") = "Unity.RenderPipelines.Core.Runtime.Shared", "Unity.RenderPipelines.Core.Runtime.Shared.Player.csproj", "{4F0A1B16-627D-B870-E31A-C18C24087D02}"
EndProject
Project("{FAE04EC0-301F-11D3-BF4B-00C04F79EFBC}") = "Unity.MemoryProfiler", "Unity.MemoryProfiler.Player.csproj", "{4C2CEEE2-D471-A927-EBD6-EFD3F55DFF1C}"
EndProject
Project("{FAE04EC0-301F-11D3-BF4B-00C04F79EFBC}") = "uLipSync.Samples.VRM.Runtime", "uLipSync.Samples.VRM.Runtime.Player.csproj", "{C15A8817-6402-A196-D1EB-C6C07A669A2E}"
EndProject
Project("{FAE04EC0-301F-11D3-BF4B-00C04F79EFBC}") = "Unity.ScriptableBuildPipeline", "Unity.ScriptableBuildPipeline.Player.csproj", "{F41B4544-5377-C185-39EA-A39092F8BE4B}"
EndProject
Project("{FAE04EC0-301F-11D3-BF4B-00C04F79EFBC}") = "Unity.XR.OpenXR.Features.OculusQuestSupport", "Unity.XR.OpenXR.Features.OculusQuestSupport.Player.csproj", "{7D921D0E-72D6-61F0-AE95-3E759B9750C4}"
EndProject
Project("{FAE04EC0-301F-11D3-BF4B-00C04F79EFBC}") = "BasisNetworkClient", "BasisNetworkClient.Player.csproj", "{DE40DE0B-D7DD-C301-BB34-3086D9A1CFAB}"
EndProject
Project("{FAE04EC0-301F-11D3-BF4B-00C04F79EFBC}") = "Unity.XR.OpenXR.Features.RuntimeDebugger", "Unity.XR.OpenXR.Features.RuntimeDebugger.Player.csproj", "{8EE625CC-B424-E280-8241-83CEE8B3B672}"
EndProject
Project("{FAE04EC0-301F-11D3-BF4B-00C04F79EFBC}") = "Unity.XR.OpenXR.Features.MetaQuestSupport", "Unity.XR.OpenXR.Features.MetaQuestSupport.Player.csproj", "{0C50355C-1168-9F02-B2F0-0A74ED6A83DB}"
EndProject
Project("{FAE04EC0-301F-11D3-BF4B-00C04F79EFBC}") = "Unity.RenderPipelines.Universal.Config.Runtime", "Unity.RenderPipelines.Universal.Config.Runtime.Player.csproj", "{A8DC25D6-C212-3FED-0B3A-0D388BB73A12}"
EndProject
Project("{FAE04EC0-301F-11D3-BF4B-00C04F79EFBC}") = "Unity.RenderPipelines.ShaderGraph.ShaderGraphLibrary", "Unity.RenderPipelines.ShaderGraph.ShaderGraphLibrary.Player.csproj", "{798BACF7-9C77-E073-170D-5158ACC65758}"
EndProject
Project("{FAE04EC0-301F-11D3-BF4B-00C04F79EFBC}") = "Unity.RenderPipelines.Core.ShaderLibrary", "Unity.RenderPipelines.Core.ShaderLibrary.Player.csproj", "{497B4A90-FB40-4908-05B0-DFA1FD70DFDA}"
EndProject
Global
	GlobalSection(SolutionConfigurationPlatforms) = preSolution
		Debug|Any CPU = Debug|Any CPU
		Release|Any CPU = Release|Any CPU
	EndGlobalSection
	GlobalSection(ProjectConfigurationPlatforms) = postSolution
		{7DDB68CE-7C86-7666-828D-394D43FAE8FB}.Debug|Any CPU.ActiveCfg = Debug|Any CPU
		{7DDB68CE-7C86-7666-828D-394D43FAE8FB}.Debug|Any CPU.Build.0 = Debug|Any CPU
		{7DDB68CE-7C86-7666-828D-394D43FAE8FB}.Release|Any CPU.ActiveCfg = Release|Any CPU
		{7DDB68CE-7C86-7666-828D-394D43FAE8FB}.Release|Any CPU.Build.0 = Release|Any CPU
		{37B99B2A-03C2-166A-7982-D19368D222A0}.Debug|Any CPU.ActiveCfg = Debug|Any CPU
		{37B99B2A-03C2-166A-7982-D19368D222A0}.Debug|Any CPU.Build.0 = Debug|Any CPU
		{37B99B2A-03C2-166A-7982-D19368D222A0}.Release|Any CPU.ActiveCfg = Release|Any CPU
		{37B99B2A-03C2-166A-7982-D19368D222A0}.Release|Any CPU.Build.0 = Release|Any CPU
		{FCB040D4-B8AC-EDCD-E431-4F229D8D3501}.Debug|Any CPU.ActiveCfg = Debug|Any CPU
		{FCB040D4-B8AC-EDCD-E431-4F229D8D3501}.Debug|Any CPU.Build.0 = Debug|Any CPU
		{FCB040D4-B8AC-EDCD-E431-4F229D8D3501}.Release|Any CPU.ActiveCfg = Release|Any CPU
		{FCB040D4-B8AC-EDCD-E431-4F229D8D3501}.Release|Any CPU.Build.0 = Release|Any CPU
		{433DBB6C-A698-6441-1E1E-C3CC9F86462D}.Debug|Any CPU.ActiveCfg = Debug|Any CPU
		{433DBB6C-A698-6441-1E1E-C3CC9F86462D}.Debug|Any CPU.Build.0 = Debug|Any CPU
		{433DBB6C-A698-6441-1E1E-C3CC9F86462D}.Release|Any CPU.ActiveCfg = Release|Any CPU
		{433DBB6C-A698-6441-1E1E-C3CC9F86462D}.Release|Any CPU.Build.0 = Release|Any CPU
		{04255D3C-0BB1-AC15-C071-8D2F884E0455}.Debug|Any CPU.ActiveCfg = Debug|Any CPU
		{04255D3C-0BB1-AC15-C071-8D2F884E0455}.Debug|Any CPU.Build.0 = Debug|Any CPU
		{04255D3C-0BB1-AC15-C071-8D2F884E0455}.Release|Any CPU.ActiveCfg = Release|Any CPU
		{04255D3C-0BB1-AC15-C071-8D2F884E0455}.Release|Any CPU.Build.0 = Release|Any CPU
		{AF67B2D1-9698-9397-7094-4C3E62F6DB3B}.Debug|Any CPU.ActiveCfg = Debug|Any CPU
		{AF67B2D1-9698-9397-7094-4C3E62F6DB3B}.Debug|Any CPU.Build.0 = Debug|Any CPU
		{AF67B2D1-9698-9397-7094-4C3E62F6DB3B}.Release|Any CPU.ActiveCfg = Release|Any CPU
		{AF67B2D1-9698-9397-7094-4C3E62F6DB3B}.Release|Any CPU.Build.0 = Release|Any CPU
		{3A2DEC87-628F-4902-71C2-3A60EAD88E78}.Debug|Any CPU.ActiveCfg = Debug|Any CPU
		{3A2DEC87-628F-4902-71C2-3A60EAD88E78}.Debug|Any CPU.Build.0 = Debug|Any CPU
		{3A2DEC87-628F-4902-71C2-3A60EAD88E78}.Release|Any CPU.ActiveCfg = Release|Any CPU
		{3A2DEC87-628F-4902-71C2-3A60EAD88E78}.Release|Any CPU.Build.0 = Release|Any CPU
		{1664F3B8-E531-5803-3C00-18E715449E9F}.Debug|Any CPU.ActiveCfg = Debug|Any CPU
		{1664F3B8-E531-5803-3C00-18E715449E9F}.Debug|Any CPU.Build.0 = Debug|Any CPU
		{1664F3B8-E531-5803-3C00-18E715449E9F}.Release|Any CPU.ActiveCfg = Release|Any CPU
		{1664F3B8-E531-5803-3C00-18E715449E9F}.Release|Any CPU.Build.0 = Release|Any CPU
		{1B61A2A2-044D-10B2-3D3A-E15D3BA21BFA}.Debug|Any CPU.ActiveCfg = Debug|Any CPU
		{1B61A2A2-044D-10B2-3D3A-E15D3BA21BFA}.Debug|Any CPU.Build.0 = Debug|Any CPU
		{1B61A2A2-044D-10B2-3D3A-E15D3BA21BFA}.Release|Any CPU.ActiveCfg = Release|Any CPU
		{1B61A2A2-044D-10B2-3D3A-E15D3BA21BFA}.Release|Any CPU.Build.0 = Release|Any CPU
		{F1CCAC9B-B3B1-B7C0-9ABF-0247AA11F777}.Debug|Any CPU.ActiveCfg = Debug|Any CPU
		{F1CCAC9B-B3B1-B7C0-9ABF-0247AA11F777}.Debug|Any CPU.Build.0 = Debug|Any CPU
		{F1CCAC9B-B3B1-B7C0-9ABF-0247AA11F777}.Release|Any CPU.ActiveCfg = Release|Any CPU
		{F1CCAC9B-B3B1-B7C0-9ABF-0247AA11F777}.Release|Any CPU.Build.0 = Release|Any CPU
		{C36CDEFE-F01A-DC24-BE88-36D43850A614}.Debug|Any CPU.ActiveCfg = Debug|Any CPU
		{C36CDEFE-F01A-DC24-BE88-36D43850A614}.Debug|Any CPU.Build.0 = Debug|Any CPU
		{C36CDEFE-F01A-DC24-BE88-36D43850A614}.Release|Any CPU.ActiveCfg = Release|Any CPU
		{C36CDEFE-F01A-DC24-BE88-36D43850A614}.Release|Any CPU.Build.0 = Release|Any CPU
		{D9CBCEBC-B1BE-0693-3C44-7C8D455E54D8}.Debug|Any CPU.ActiveCfg = Debug|Any CPU
		{D9CBCEBC-B1BE-0693-3C44-7C8D455E54D8}.Debug|Any CPU.Build.0 = Debug|Any CPU
		{D9CBCEBC-B1BE-0693-3C44-7C8D455E54D8}.Release|Any CPU.ActiveCfg = Release|Any CPU
		{D9CBCEBC-B1BE-0693-3C44-7C8D455E54D8}.Release|Any CPU.Build.0 = Release|Any CPU
		{485B60EB-BF4D-FCBF-C84F-8032673E06CF}.Debug|Any CPU.ActiveCfg = Debug|Any CPU
		{485B60EB-BF4D-FCBF-C84F-8032673E06CF}.Debug|Any CPU.Build.0 = Debug|Any CPU
		{485B60EB-BF4D-FCBF-C84F-8032673E06CF}.Release|Any CPU.ActiveCfg = Release|Any CPU
		{485B60EB-BF4D-FCBF-C84F-8032673E06CF}.Release|Any CPU.Build.0 = Release|Any CPU
		{D85FB965-3220-4927-23FA-4B7A57EA1B74}.Debug|Any CPU.ActiveCfg = Debug|Any CPU
		{D85FB965-3220-4927-23FA-4B7A57EA1B74}.Debug|Any CPU.Build.0 = Debug|Any CPU
		{D85FB965-3220-4927-23FA-4B7A57EA1B74}.Release|Any CPU.ActiveCfg = Release|Any CPU
		{D85FB965-3220-4927-23FA-4B7A57EA1B74}.Release|Any CPU.Build.0 = Release|Any CPU
		{B71E4739-0999-5CE2-D397-17FC3E50B361}.Debug|Any CPU.ActiveCfg = Debug|Any CPU
		{B71E4739-0999-5CE2-D397-17FC3E50B361}.Debug|Any CPU.Build.0 = Debug|Any CPU
		{B71E4739-0999-5CE2-D397-17FC3E50B361}.Release|Any CPU.ActiveCfg = Release|Any CPU
		{B71E4739-0999-5CE2-D397-17FC3E50B361}.Release|Any CPU.Build.0 = Release|Any CPU
		{7353DA1F-2AEA-7EC7-8544-4F4C97EA3061}.Debug|Any CPU.ActiveCfg = Debug|Any CPU
		{7353DA1F-2AEA-7EC7-8544-4F4C97EA3061}.Debug|Any CPU.Build.0 = Debug|Any CPU
		{7353DA1F-2AEA-7EC7-8544-4F4C97EA3061}.Release|Any CPU.ActiveCfg = Release|Any CPU
		{7353DA1F-2AEA-7EC7-8544-4F4C97EA3061}.Release|Any CPU.Build.0 = Release|Any CPU
		{6B482A3E-B1E1-DC8A-5591-8ADFDF372046}.Debug|Any CPU.ActiveCfg = Debug|Any CPU
		{6B482A3E-B1E1-DC8A-5591-8ADFDF372046}.Debug|Any CPU.Build.0 = Debug|Any CPU
		{6B482A3E-B1E1-DC8A-5591-8ADFDF372046}.Release|Any CPU.ActiveCfg = Release|Any CPU
		{6B482A3E-B1E1-DC8A-5591-8ADFDF372046}.Release|Any CPU.Build.0 = Release|Any CPU
		{665E3251-1F32-805A-F61D-F78AF357BE73}.Debug|Any CPU.ActiveCfg = Debug|Any CPU
		{665E3251-1F32-805A-F61D-F78AF357BE73}.Debug|Any CPU.Build.0 = Debug|Any CPU
		{665E3251-1F32-805A-F61D-F78AF357BE73}.Release|Any CPU.ActiveCfg = Release|Any CPU
		{665E3251-1F32-805A-F61D-F78AF357BE73}.Release|Any CPU.Build.0 = Release|Any CPU
		{98F5464A-1032-2870-53D3-677BE24C6F06}.Debug|Any CPU.ActiveCfg = Debug|Any CPU
		{98F5464A-1032-2870-53D3-677BE24C6F06}.Debug|Any CPU.Build.0 = Debug|Any CPU
		{98F5464A-1032-2870-53D3-677BE24C6F06}.Release|Any CPU.ActiveCfg = Release|Any CPU
		{98F5464A-1032-2870-53D3-677BE24C6F06}.Release|Any CPU.Build.0 = Release|Any CPU
		{243B5750-03BE-1C7B-1170-76D7E3C5D694}.Debug|Any CPU.ActiveCfg = Debug|Any CPU
		{243B5750-03BE-1C7B-1170-76D7E3C5D694}.Debug|Any CPU.Build.0 = Debug|Any CPU
		{243B5750-03BE-1C7B-1170-76D7E3C5D694}.Release|Any CPU.ActiveCfg = Release|Any CPU
		{243B5750-03BE-1C7B-1170-76D7E3C5D694}.Release|Any CPU.Build.0 = Release|Any CPU
		{53A84948-12BE-2269-3161-642EE8AFBC87}.Debug|Any CPU.ActiveCfg = Debug|Any CPU
		{53A84948-12BE-2269-3161-642EE8AFBC87}.Debug|Any CPU.Build.0 = Debug|Any CPU
		{53A84948-12BE-2269-3161-642EE8AFBC87}.Release|Any CPU.ActiveCfg = Release|Any CPU
		{53A84948-12BE-2269-3161-642EE8AFBC87}.Release|Any CPU.Build.0 = Release|Any CPU
		{F3A1E07B-0215-8755-71CD-B97B83C8404F}.Debug|Any CPU.ActiveCfg = Debug|Any CPU
		{F3A1E07B-0215-8755-71CD-B97B83C8404F}.Debug|Any CPU.Build.0 = Debug|Any CPU
		{F3A1E07B-0215-8755-71CD-B97B83C8404F}.Release|Any CPU.ActiveCfg = Release|Any CPU
		{F3A1E07B-0215-8755-71CD-B97B83C8404F}.Release|Any CPU.Build.0 = Release|Any CPU
		{19C96733-6628-FC83-A27A-78445E9872E5}.Debug|Any CPU.ActiveCfg = Debug|Any CPU
		{19C96733-6628-FC83-A27A-78445E9872E5}.Debug|Any CPU.Build.0 = Debug|Any CPU
		{19C96733-6628-FC83-A27A-78445E9872E5}.Release|Any CPU.ActiveCfg = Release|Any CPU
		{19C96733-6628-FC83-A27A-78445E9872E5}.Release|Any CPU.Build.0 = Release|Any CPU
		{BA49F2F2-B0FB-1AE4-5FEB-56946349158C}.Debug|Any CPU.ActiveCfg = Debug|Any CPU
		{BA49F2F2-B0FB-1AE4-5FEB-56946349158C}.Debug|Any CPU.Build.0 = Debug|Any CPU
		{BA49F2F2-B0FB-1AE4-5FEB-56946349158C}.Release|Any CPU.ActiveCfg = Release|Any CPU
		{BA49F2F2-B0FB-1AE4-5FEB-56946349158C}.Release|Any CPU.Build.0 = Release|Any CPU
		{F8379EF4-14C3-3FD9-E603-6B6CE12C3F93}.Debug|Any CPU.ActiveCfg = Debug|Any CPU
		{F8379EF4-14C3-3FD9-E603-6B6CE12C3F93}.Debug|Any CPU.Build.0 = Debug|Any CPU
		{F8379EF4-14C3-3FD9-E603-6B6CE12C3F93}.Release|Any CPU.ActiveCfg = Release|Any CPU
		{F8379EF4-14C3-3FD9-E603-6B6CE12C3F93}.Release|Any CPU.Build.0 = Release|Any CPU
		{CDC281D4-A9B4-625E-2152-0D4A847F6F7B}.Debug|Any CPU.ActiveCfg = Debug|Any CPU
		{CDC281D4-A9B4-625E-2152-0D4A847F6F7B}.Debug|Any CPU.Build.0 = Debug|Any CPU
		{CDC281D4-A9B4-625E-2152-0D4A847F6F7B}.Release|Any CPU.ActiveCfg = Release|Any CPU
		{CDC281D4-A9B4-625E-2152-0D4A847F6F7B}.Release|Any CPU.Build.0 = Release|Any CPU
		{ABE39A9C-2183-B3A5-8BD1-90F3E45406A6}.Debug|Any CPU.ActiveCfg = Debug|Any CPU
		{ABE39A9C-2183-B3A5-8BD1-90F3E45406A6}.Debug|Any CPU.Build.0 = Debug|Any CPU
		{ABE39A9C-2183-B3A5-8BD1-90F3E45406A6}.Release|Any CPU.ActiveCfg = Release|Any CPU
		{ABE39A9C-2183-B3A5-8BD1-90F3E45406A6}.Release|Any CPU.Build.0 = Release|Any CPU
		{F7256CD4-2921-2018-B8F1-A7A5D0F4875D}.Debug|Any CPU.ActiveCfg = Debug|Any CPU
		{F7256CD4-2921-2018-B8F1-A7A5D0F4875D}.Debug|Any CPU.Build.0 = Debug|Any CPU
		{F7256CD4-2921-2018-B8F1-A7A5D0F4875D}.Release|Any CPU.ActiveCfg = Release|Any CPU
		{F7256CD4-2921-2018-B8F1-A7A5D0F4875D}.Release|Any CPU.Build.0 = Release|Any CPU
		{AA5EA10B-CCE3-9CBD-6747-DDA3CBB6FE77}.Debug|Any CPU.ActiveCfg = Debug|Any CPU
		{AA5EA10B-CCE3-9CBD-6747-DDA3CBB6FE77}.Debug|Any CPU.Build.0 = Debug|Any CPU
		{AA5EA10B-CCE3-9CBD-6747-DDA3CBB6FE77}.Release|Any CPU.ActiveCfg = Release|Any CPU
		{AA5EA10B-CCE3-9CBD-6747-DDA3CBB6FE77}.Release|Any CPU.Build.0 = Release|Any CPU
		{9EDF041D-CEE8-F009-F015-7DC04379A074}.Debug|Any CPU.ActiveCfg = Debug|Any CPU
		{9EDF041D-CEE8-F009-F015-7DC04379A074}.Debug|Any CPU.Build.0 = Debug|Any CPU
		{9EDF041D-CEE8-F009-F015-7DC04379A074}.Release|Any CPU.ActiveCfg = Release|Any CPU
		{9EDF041D-CEE8-F009-F015-7DC04379A074}.Release|Any CPU.Build.0 = Release|Any CPU
		{A7033403-16D5-6BDA-3000-0979FE018AE0}.Debug|Any CPU.ActiveCfg = Debug|Any CPU
		{A7033403-16D5-6BDA-3000-0979FE018AE0}.Debug|Any CPU.Build.0 = Debug|Any CPU
		{A7033403-16D5-6BDA-3000-0979FE018AE0}.Release|Any CPU.ActiveCfg = Release|Any CPU
		{A7033403-16D5-6BDA-3000-0979FE018AE0}.Release|Any CPU.Build.0 = Release|Any CPU
		{1D6BB2E2-8430-A28A-6D12-F09CE2381FE3}.Debug|Any CPU.ActiveCfg = Debug|Any CPU
		{1D6BB2E2-8430-A28A-6D12-F09CE2381FE3}.Debug|Any CPU.Build.0 = Debug|Any CPU
		{1D6BB2E2-8430-A28A-6D12-F09CE2381FE3}.Release|Any CPU.ActiveCfg = Release|Any CPU
		{1D6BB2E2-8430-A28A-6D12-F09CE2381FE3}.Release|Any CPU.Build.0 = Release|Any CPU
		{D3F1042D-778C-4AB3-581D-8DF9A5EF038B}.Debug|Any CPU.ActiveCfg = Debug|Any CPU
		{D3F1042D-778C-4AB3-581D-8DF9A5EF038B}.Debug|Any CPU.Build.0 = Debug|Any CPU
		{D3F1042D-778C-4AB3-581D-8DF9A5EF038B}.Release|Any CPU.ActiveCfg = Release|Any CPU
		{D3F1042D-778C-4AB3-581D-8DF9A5EF038B}.Release|Any CPU.Build.0 = Release|Any CPU
		{41722686-65BB-5E26-5B6F-A62FC1B9F5B0}.Debug|Any CPU.ActiveCfg = Debug|Any CPU
		{41722686-65BB-5E26-5B6F-A62FC1B9F5B0}.Debug|Any CPU.Build.0 = Debug|Any CPU
		{41722686-65BB-5E26-5B6F-A62FC1B9F5B0}.Release|Any CPU.ActiveCfg = Release|Any CPU
		{41722686-65BB-5E26-5B6F-A62FC1B9F5B0}.Release|Any CPU.Build.0 = Release|Any CPU
		{25CD7869-8C20-5C38-47FD-787BE43382B5}.Debug|Any CPU.ActiveCfg = Debug|Any CPU
		{25CD7869-8C20-5C38-47FD-787BE43382B5}.Debug|Any CPU.Build.0 = Debug|Any CPU
		{25CD7869-8C20-5C38-47FD-787BE43382B5}.Release|Any CPU.ActiveCfg = Release|Any CPU
		{25CD7869-8C20-5C38-47FD-787BE43382B5}.Release|Any CPU.Build.0 = Release|Any CPU
		{9C9961D8-82B0-24AC-0412-1C54E9208B62}.Debug|Any CPU.ActiveCfg = Debug|Any CPU
		{9C9961D8-82B0-24AC-0412-1C54E9208B62}.Debug|Any CPU.Build.0 = Debug|Any CPU
		{9C9961D8-82B0-24AC-0412-1C54E9208B62}.Release|Any CPU.ActiveCfg = Release|Any CPU
		{9C9961D8-82B0-24AC-0412-1C54E9208B62}.Release|Any CPU.Build.0 = Release|Any CPU
		{EB158A42-8BDE-9BA6-DC92-45FBC076B236}.Debug|Any CPU.ActiveCfg = Debug|Any CPU
		{EB158A42-8BDE-9BA6-DC92-45FBC076B236}.Debug|Any CPU.Build.0 = Debug|Any CPU
		{EB158A42-8BDE-9BA6-DC92-45FBC076B236}.Release|Any CPU.ActiveCfg = Release|Any CPU
		{EB158A42-8BDE-9BA6-DC92-45FBC076B236}.Release|Any CPU.Build.0 = Release|Any CPU
		{77D8DD24-8DCA-85EE-F672-126D3714D408}.Debug|Any CPU.ActiveCfg = Debug|Any CPU
		{77D8DD24-8DCA-85EE-F672-126D3714D408}.Debug|Any CPU.Build.0 = Debug|Any CPU
		{77D8DD24-8DCA-85EE-F672-126D3714D408}.Release|Any CPU.ActiveCfg = Release|Any CPU
		{77D8DD24-8DCA-85EE-F672-126D3714D408}.Release|Any CPU.Build.0 = Release|Any CPU
		{F7B417BA-ACFB-CA33-DF0B-C2A47CA47821}.Debug|Any CPU.ActiveCfg = Debug|Any CPU
		{F7B417BA-ACFB-CA33-DF0B-C2A47CA47821}.Debug|Any CPU.Build.0 = Debug|Any CPU
		{F7B417BA-ACFB-CA33-DF0B-C2A47CA47821}.Release|Any CPU.ActiveCfg = Release|Any CPU
		{F7B417BA-ACFB-CA33-DF0B-C2A47CA47821}.Release|Any CPU.Build.0 = Release|Any CPU
		{B9932C32-0996-492C-5B70-FA0BEBC5C5F9}.Debug|Any CPU.ActiveCfg = Debug|Any CPU
		{B9932C32-0996-492C-5B70-FA0BEBC5C5F9}.Debug|Any CPU.Build.0 = Debug|Any CPU
		{B9932C32-0996-492C-5B70-FA0BEBC5C5F9}.Release|Any CPU.ActiveCfg = Release|Any CPU
		{B9932C32-0996-492C-5B70-FA0BEBC5C5F9}.Release|Any CPU.Build.0 = Release|Any CPU
		{97A30969-A9D4-1BF7-EB9E-340E1F8D12F7}.Debug|Any CPU.ActiveCfg = Debug|Any CPU
		{97A30969-A9D4-1BF7-EB9E-340E1F8D12F7}.Debug|Any CPU.Build.0 = Debug|Any CPU
		{97A30969-A9D4-1BF7-EB9E-340E1F8D12F7}.Release|Any CPU.ActiveCfg = Release|Any CPU
		{97A30969-A9D4-1BF7-EB9E-340E1F8D12F7}.Release|Any CPU.Build.0 = Release|Any CPU
		{1F1F98E2-9C5C-355E-C62C-05CFF088C662}.Debug|Any CPU.ActiveCfg = Debug|Any CPU
		{1F1F98E2-9C5C-355E-C62C-05CFF088C662}.Debug|Any CPU.Build.0 = Debug|Any CPU
		{1F1F98E2-9C5C-355E-C62C-05CFF088C662}.Release|Any CPU.ActiveCfg = Release|Any CPU
		{1F1F98E2-9C5C-355E-C62C-05CFF088C662}.Release|Any CPU.Build.0 = Release|Any CPU
		{2136F796-BCE8-0C1A-FBA1-553551703CC4}.Debug|Any CPU.ActiveCfg = Debug|Any CPU
		{2136F796-BCE8-0C1A-FBA1-553551703CC4}.Debug|Any CPU.Build.0 = Debug|Any CPU
		{2136F796-BCE8-0C1A-FBA1-553551703CC4}.Release|Any CPU.ActiveCfg = Release|Any CPU
		{2136F796-BCE8-0C1A-FBA1-553551703CC4}.Release|Any CPU.Build.0 = Release|Any CPU
		{AC38A3B6-DCB1-4CA4-6227-3A4A9931F9A8}.Debug|Any CPU.ActiveCfg = Debug|Any CPU
		{AC38A3B6-DCB1-4CA4-6227-3A4A9931F9A8}.Debug|Any CPU.Build.0 = Debug|Any CPU
		{AC38A3B6-DCB1-4CA4-6227-3A4A9931F9A8}.Release|Any CPU.ActiveCfg = Release|Any CPU
		{AC38A3B6-DCB1-4CA4-6227-3A4A9931F9A8}.Release|Any CPU.Build.0 = Release|Any CPU
		{B257BAB9-B683-5862-2B75-AF05FEB74F88}.Debug|Any CPU.ActiveCfg = Debug|Any CPU
		{B257BAB9-B683-5862-2B75-AF05FEB74F88}.Debug|Any CPU.Build.0 = Debug|Any CPU
		{B257BAB9-B683-5862-2B75-AF05FEB74F88}.Release|Any CPU.ActiveCfg = Release|Any CPU
		{B257BAB9-B683-5862-2B75-AF05FEB74F88}.Release|Any CPU.Build.0 = Release|Any CPU
		{76EB6543-AA89-28DB-7AFE-DB52C98BB30D}.Debug|Any CPU.ActiveCfg = Debug|Any CPU
		{76EB6543-AA89-28DB-7AFE-DB52C98BB30D}.Debug|Any CPU.Build.0 = Debug|Any CPU
		{76EB6543-AA89-28DB-7AFE-DB52C98BB30D}.Release|Any CPU.ActiveCfg = Release|Any CPU
		{76EB6543-AA89-28DB-7AFE-DB52C98BB30D}.Release|Any CPU.Build.0 = Release|Any CPU
		{CC34F7D6-BA37-0988-0B1F-A9D66CBB95F9}.Debug|Any CPU.ActiveCfg = Debug|Any CPU
		{CC34F7D6-BA37-0988-0B1F-A9D66CBB95F9}.Debug|Any CPU.Build.0 = Debug|Any CPU
		{CC34F7D6-BA37-0988-0B1F-A9D66CBB95F9}.Release|Any CPU.ActiveCfg = Release|Any CPU
		{CC34F7D6-BA37-0988-0B1F-A9D66CBB95F9}.Release|Any CPU.Build.0 = Release|Any CPU
		{187E0516-C1DD-AEE6-77AB-FDFEDAD38019}.Debug|Any CPU.ActiveCfg = Debug|Any CPU
		{187E0516-C1DD-AEE6-77AB-FDFEDAD38019}.Debug|Any CPU.Build.0 = Debug|Any CPU
		{187E0516-C1DD-AEE6-77AB-FDFEDAD38019}.Release|Any CPU.ActiveCfg = Release|Any CPU
		{187E0516-C1DD-AEE6-77AB-FDFEDAD38019}.Release|Any CPU.Build.0 = Release|Any CPU
		{B9BB7A5A-5792-7958-E1FD-CC19473EFC93}.Debug|Any CPU.ActiveCfg = Debug|Any CPU
		{B9BB7A5A-5792-7958-E1FD-CC19473EFC93}.Debug|Any CPU.Build.0 = Debug|Any CPU
		{B9BB7A5A-5792-7958-E1FD-CC19473EFC93}.Release|Any CPU.ActiveCfg = Release|Any CPU
		{B9BB7A5A-5792-7958-E1FD-CC19473EFC93}.Release|Any CPU.Build.0 = Release|Any CPU
		{1CC3B629-7871-D388-675F-FD85A4807DD1}.Debug|Any CPU.ActiveCfg = Debug|Any CPU
		{1CC3B629-7871-D388-675F-FD85A4807DD1}.Debug|Any CPU.Build.0 = Debug|Any CPU
		{1CC3B629-7871-D388-675F-FD85A4807DD1}.Release|Any CPU.ActiveCfg = Release|Any CPU
		{1CC3B629-7871-D388-675F-FD85A4807DD1}.Release|Any CPU.Build.0 = Release|Any CPU
		{66ABC735-F474-CD6D-3619-EC1229C0C746}.Debug|Any CPU.ActiveCfg = Debug|Any CPU
		{66ABC735-F474-CD6D-3619-EC1229C0C746}.Debug|Any CPU.Build.0 = Debug|Any CPU
		{66ABC735-F474-CD6D-3619-EC1229C0C746}.Release|Any CPU.ActiveCfg = Release|Any CPU
		{66ABC735-F474-CD6D-3619-EC1229C0C746}.Release|Any CPU.Build.0 = Release|Any CPU
		{AEEE32DA-FA07-335B-565B-8D310F0B3F65}.Debug|Any CPU.ActiveCfg = Debug|Any CPU
		{AEEE32DA-FA07-335B-565B-8D310F0B3F65}.Debug|Any CPU.Build.0 = Debug|Any CPU
		{AEEE32DA-FA07-335B-565B-8D310F0B3F65}.Release|Any CPU.ActiveCfg = Release|Any CPU
		{AEEE32DA-FA07-335B-565B-8D310F0B3F65}.Release|Any CPU.Build.0 = Release|Any CPU
		{95C3C6FD-AD05-3B86-638D-CF3FAE120496}.Debug|Any CPU.ActiveCfg = Debug|Any CPU
		{95C3C6FD-AD05-3B86-638D-CF3FAE120496}.Debug|Any CPU.Build.0 = Debug|Any CPU
		{95C3C6FD-AD05-3B86-638D-CF3FAE120496}.Release|Any CPU.ActiveCfg = Release|Any CPU
		{95C3C6FD-AD05-3B86-638D-CF3FAE120496}.Release|Any CPU.Build.0 = Release|Any CPU
		{0393EBC3-B4B1-1B15-AEB9-4246062758BA}.Debug|Any CPU.ActiveCfg = Debug|Any CPU
		{0393EBC3-B4B1-1B15-AEB9-4246062758BA}.Debug|Any CPU.Build.0 = Debug|Any CPU
		{0393EBC3-B4B1-1B15-AEB9-4246062758BA}.Release|Any CPU.ActiveCfg = Release|Any CPU
		{0393EBC3-B4B1-1B15-AEB9-4246062758BA}.Release|Any CPU.Build.0 = Release|Any CPU
		{DB1C6BE5-6F65-5EF5-61F7-35E3007D8CDE}.Debug|Any CPU.ActiveCfg = Debug|Any CPU
		{DB1C6BE5-6F65-5EF5-61F7-35E3007D8CDE}.Debug|Any CPU.Build.0 = Debug|Any CPU
		{DB1C6BE5-6F65-5EF5-61F7-35E3007D8CDE}.Release|Any CPU.ActiveCfg = Release|Any CPU
		{DB1C6BE5-6F65-5EF5-61F7-35E3007D8CDE}.Release|Any CPU.Build.0 = Release|Any CPU
		{89FB7364-03DC-26A1-EFB8-606520B23917}.Debug|Any CPU.ActiveCfg = Debug|Any CPU
		{89FB7364-03DC-26A1-EFB8-606520B23917}.Debug|Any CPU.Build.0 = Debug|Any CPU
		{89FB7364-03DC-26A1-EFB8-606520B23917}.Release|Any CPU.ActiveCfg = Release|Any CPU
		{89FB7364-03DC-26A1-EFB8-606520B23917}.Release|Any CPU.Build.0 = Release|Any CPU
		{260F66AB-7577-F32C-1174-593F73BBD0E0}.Debug|Any CPU.ActiveCfg = Debug|Any CPU
		{260F66AB-7577-F32C-1174-593F73BBD0E0}.Debug|Any CPU.Build.0 = Debug|Any CPU
		{260F66AB-7577-F32C-1174-593F73BBD0E0}.Release|Any CPU.ActiveCfg = Release|Any CPU
		{260F66AB-7577-F32C-1174-593F73BBD0E0}.Release|Any CPU.Build.0 = Release|Any CPU
		{85E31693-146C-F768-58ED-6FE8B9EF09D8}.Debug|Any CPU.ActiveCfg = Debug|Any CPU
		{85E31693-146C-F768-58ED-6FE8B9EF09D8}.Debug|Any CPU.Build.0 = Debug|Any CPU
		{85E31693-146C-F768-58ED-6FE8B9EF09D8}.Release|Any CPU.ActiveCfg = Release|Any CPU
		{85E31693-146C-F768-58ED-6FE8B9EF09D8}.Release|Any CPU.Build.0 = Release|Any CPU
		{01DB87B3-3FDD-DEB7-B7BD-F38517C5575A}.Debug|Any CPU.ActiveCfg = Debug|Any CPU
		{01DB87B3-3FDD-DEB7-B7BD-F38517C5575A}.Debug|Any CPU.Build.0 = Debug|Any CPU
		{01DB87B3-3FDD-DEB7-B7BD-F38517C5575A}.Release|Any CPU.ActiveCfg = Release|Any CPU
		{01DB87B3-3FDD-DEB7-B7BD-F38517C5575A}.Release|Any CPU.Build.0 = Release|Any CPU
		{72CD38CC-2981-5503-74FE-DD863B4B317F}.Debug|Any CPU.ActiveCfg = Debug|Any CPU
		{72CD38CC-2981-5503-74FE-DD863B4B317F}.Debug|Any CPU.Build.0 = Debug|Any CPU
		{72CD38CC-2981-5503-74FE-DD863B4B317F}.Release|Any CPU.ActiveCfg = Release|Any CPU
		{72CD38CC-2981-5503-74FE-DD863B4B317F}.Release|Any CPU.Build.0 = Release|Any CPU
		{B04052E2-ABD6-38A6-07E6-629A4F63FE80}.Debug|Any CPU.ActiveCfg = Debug|Any CPU
		{B04052E2-ABD6-38A6-07E6-629A4F63FE80}.Debug|Any CPU.Build.0 = Debug|Any CPU
		{B04052E2-ABD6-38A6-07E6-629A4F63FE80}.Release|Any CPU.ActiveCfg = Release|Any CPU
		{B04052E2-ABD6-38A6-07E6-629A4F63FE80}.Release|Any CPU.Build.0 = Release|Any CPU
		{1435BABF-8E8A-A1C5-7300-AE4990D778A7}.Debug|Any CPU.ActiveCfg = Debug|Any CPU
		{1435BABF-8E8A-A1C5-7300-AE4990D778A7}.Debug|Any CPU.Build.0 = Debug|Any CPU
		{1435BABF-8E8A-A1C5-7300-AE4990D778A7}.Release|Any CPU.ActiveCfg = Release|Any CPU
		{1435BABF-8E8A-A1C5-7300-AE4990D778A7}.Release|Any CPU.Build.0 = Release|Any CPU
		{2F896A0F-9806-41F9-B4B3-9374A4AFA216}.Debug|Any CPU.ActiveCfg = Debug|Any CPU
		{2F896A0F-9806-41F9-B4B3-9374A4AFA216}.Debug|Any CPU.Build.0 = Debug|Any CPU
		{2F896A0F-9806-41F9-B4B3-9374A4AFA216}.Release|Any CPU.ActiveCfg = Release|Any CPU
		{2F896A0F-9806-41F9-B4B3-9374A4AFA216}.Release|Any CPU.Build.0 = Release|Any CPU
		{558E98A5-67B0-0FE7-D452-ADC311F8D921}.Debug|Any CPU.ActiveCfg = Debug|Any CPU
		{558E98A5-67B0-0FE7-D452-ADC311F8D921}.Debug|Any CPU.Build.0 = Debug|Any CPU
		{558E98A5-67B0-0FE7-D452-ADC311F8D921}.Release|Any CPU.ActiveCfg = Release|Any CPU
		{558E98A5-67B0-0FE7-D452-ADC311F8D921}.Release|Any CPU.Build.0 = Release|Any CPU
		{D4B61458-D8B4-9F31-D92B-01CA054F2D4C}.Debug|Any CPU.ActiveCfg = Debug|Any CPU
		{D4B61458-D8B4-9F31-D92B-01CA054F2D4C}.Debug|Any CPU.Build.0 = Debug|Any CPU
		{D4B61458-D8B4-9F31-D92B-01CA054F2D4C}.Release|Any CPU.ActiveCfg = Release|Any CPU
		{D4B61458-D8B4-9F31-D92B-01CA054F2D4C}.Release|Any CPU.Build.0 = Release|Any CPU
		{82F89050-2625-1961-1F56-0B36CB33E6C1}.Debug|Any CPU.ActiveCfg = Debug|Any CPU
		{82F89050-2625-1961-1F56-0B36CB33E6C1}.Debug|Any CPU.Build.0 = Debug|Any CPU
		{82F89050-2625-1961-1F56-0B36CB33E6C1}.Release|Any CPU.ActiveCfg = Release|Any CPU
		{82F89050-2625-1961-1F56-0B36CB33E6C1}.Release|Any CPU.Build.0 = Release|Any CPU
		{6F1E02C5-11D3-B3F1-FE12-FCF7A2A9D318}.Debug|Any CPU.ActiveCfg = Debug|Any CPU
		{6F1E02C5-11D3-B3F1-FE12-FCF7A2A9D318}.Debug|Any CPU.Build.0 = Debug|Any CPU
		{6F1E02C5-11D3-B3F1-FE12-FCF7A2A9D318}.Release|Any CPU.ActiveCfg = Release|Any CPU
		{6F1E02C5-11D3-B3F1-FE12-FCF7A2A9D318}.Release|Any CPU.Build.0 = Release|Any CPU
		{A0453BEF-3C0E-D054-6FD6-8915F48B8D26}.Debug|Any CPU.ActiveCfg = Debug|Any CPU
		{A0453BEF-3C0E-D054-6FD6-8915F48B8D26}.Debug|Any CPU.Build.0 = Debug|Any CPU
		{A0453BEF-3C0E-D054-6FD6-8915F48B8D26}.Release|Any CPU.ActiveCfg = Release|Any CPU
		{A0453BEF-3C0E-D054-6FD6-8915F48B8D26}.Release|Any CPU.Build.0 = Release|Any CPU
		{20B37340-48CF-8247-55A5-B93A41C3EC17}.Debug|Any CPU.ActiveCfg = Debug|Any CPU
		{20B37340-48CF-8247-55A5-B93A41C3EC17}.Debug|Any CPU.Build.0 = Debug|Any CPU
		{20B37340-48CF-8247-55A5-B93A41C3EC17}.Release|Any CPU.ActiveCfg = Release|Any CPU
		{20B37340-48CF-8247-55A5-B93A41C3EC17}.Release|Any CPU.Build.0 = Release|Any CPU
		{54A4B2D3-3314-7BDF-19AB-FFBC642D40C1}.Debug|Any CPU.ActiveCfg = Debug|Any CPU
		{54A4B2D3-3314-7BDF-19AB-FFBC642D40C1}.Debug|Any CPU.Build.0 = Debug|Any CPU
		{54A4B2D3-3314-7BDF-19AB-FFBC642D40C1}.Release|Any CPU.ActiveCfg = Release|Any CPU
		{54A4B2D3-3314-7BDF-19AB-FFBC642D40C1}.Release|Any CPU.Build.0 = Release|Any CPU
		{0F4B0B5C-A8D4-C20B-8503-AE360C2E9203}.Debug|Any CPU.ActiveCfg = Debug|Any CPU
		{0F4B0B5C-A8D4-C20B-8503-AE360C2E9203}.Debug|Any CPU.Build.0 = Debug|Any CPU
		{0F4B0B5C-A8D4-C20B-8503-AE360C2E9203}.Release|Any CPU.ActiveCfg = Release|Any CPU
		{0F4B0B5C-A8D4-C20B-8503-AE360C2E9203}.Release|Any CPU.Build.0 = Release|Any CPU
		{A4E47C8A-2102-9AA8-28A4-FB6CC4946714}.Debug|Any CPU.ActiveCfg = Debug|Any CPU
		{A4E47C8A-2102-9AA8-28A4-FB6CC4946714}.Debug|Any CPU.Build.0 = Debug|Any CPU
		{A4E47C8A-2102-9AA8-28A4-FB6CC4946714}.Release|Any CPU.ActiveCfg = Release|Any CPU
		{A4E47C8A-2102-9AA8-28A4-FB6CC4946714}.Release|Any CPU.Build.0 = Release|Any CPU
		{CD2C966F-7DDF-0534-4CE9-90DC719E12A3}.Debug|Any CPU.ActiveCfg = Debug|Any CPU
		{CD2C966F-7DDF-0534-4CE9-90DC719E12A3}.Debug|Any CPU.Build.0 = Debug|Any CPU
		{CD2C966F-7DDF-0534-4CE9-90DC719E12A3}.Release|Any CPU.ActiveCfg = Release|Any CPU
		{CD2C966F-7DDF-0534-4CE9-90DC719E12A3}.Release|Any CPU.Build.0 = Release|Any CPU
		{4D9EEE56-9A63-79EF-A220-EA6BA7DD675C}.Debug|Any CPU.ActiveCfg = Debug|Any CPU
		{4D9EEE56-9A63-79EF-A220-EA6BA7DD675C}.Debug|Any CPU.Build.0 = Debug|Any CPU
		{4D9EEE56-9A63-79EF-A220-EA6BA7DD675C}.Release|Any CPU.ActiveCfg = Release|Any CPU
		{4D9EEE56-9A63-79EF-A220-EA6BA7DD675C}.Release|Any CPU.Build.0 = Release|Any CPU
		{52D04FA4-F3DA-8D18-C2DA-54E136501836}.Debug|Any CPU.ActiveCfg = Debug|Any CPU
		{52D04FA4-F3DA-8D18-C2DA-54E136501836}.Debug|Any CPU.Build.0 = Debug|Any CPU
		{52D04FA4-F3DA-8D18-C2DA-54E136501836}.Release|Any CPU.ActiveCfg = Release|Any CPU
		{52D04FA4-F3DA-8D18-C2DA-54E136501836}.Release|Any CPU.Build.0 = Release|Any CPU
		{05CD6DA9-D4BD-B830-D2A3-D7B7B44CD992}.Debug|Any CPU.ActiveCfg = Debug|Any CPU
		{05CD6DA9-D4BD-B830-D2A3-D7B7B44CD992}.Debug|Any CPU.Build.0 = Debug|Any CPU
		{05CD6DA9-D4BD-B830-D2A3-D7B7B44CD992}.Release|Any CPU.ActiveCfg = Release|Any CPU
		{05CD6DA9-D4BD-B830-D2A3-D7B7B44CD992}.Release|Any CPU.Build.0 = Release|Any CPU
		{2FAE76E0-BCCD-3582-7D17-6BFF9CADC3B8}.Debug|Any CPU.ActiveCfg = Debug|Any CPU
		{2FAE76E0-BCCD-3582-7D17-6BFF9CADC3B8}.Debug|Any CPU.Build.0 = Debug|Any CPU
		{2FAE76E0-BCCD-3582-7D17-6BFF9CADC3B8}.Release|Any CPU.ActiveCfg = Release|Any CPU
		{2FAE76E0-BCCD-3582-7D17-6BFF9CADC3B8}.Release|Any CPU.Build.0 = Release|Any CPU
		{E3462D6C-C11D-3339-CAC2-34F161ED1605}.Debug|Any CPU.ActiveCfg = Debug|Any CPU
		{E3462D6C-C11D-3339-CAC2-34F161ED1605}.Debug|Any CPU.Build.0 = Debug|Any CPU
		{E3462D6C-C11D-3339-CAC2-34F161ED1605}.Release|Any CPU.ActiveCfg = Release|Any CPU
		{E3462D6C-C11D-3339-CAC2-34F161ED1605}.Release|Any CPU.Build.0 = Release|Any CPU
		{3FC14771-59AA-3FC7-EC20-9188C4214BF8}.Debug|Any CPU.ActiveCfg = Debug|Any CPU
		{3FC14771-59AA-3FC7-EC20-9188C4214BF8}.Debug|Any CPU.Build.0 = Debug|Any CPU
		{3FC14771-59AA-3FC7-EC20-9188C4214BF8}.Release|Any CPU.ActiveCfg = Release|Any CPU
		{3FC14771-59AA-3FC7-EC20-9188C4214BF8}.Release|Any CPU.Build.0 = Release|Any CPU
		{E964580D-F880-12DB-A9F5-BB11A24F7E30}.Debug|Any CPU.ActiveCfg = Debug|Any CPU
		{E964580D-F880-12DB-A9F5-BB11A24F7E30}.Debug|Any CPU.Build.0 = Debug|Any CPU
		{E964580D-F880-12DB-A9F5-BB11A24F7E30}.Release|Any CPU.ActiveCfg = Release|Any CPU
		{E964580D-F880-12DB-A9F5-BB11A24F7E30}.Release|Any CPU.Build.0 = Release|Any CPU
		{FDA5FB3D-0674-62CD-0DF4-0E0BE6C33E2E}.Debug|Any CPU.ActiveCfg = Debug|Any CPU
		{FDA5FB3D-0674-62CD-0DF4-0E0BE6C33E2E}.Debug|Any CPU.Build.0 = Debug|Any CPU
		{FDA5FB3D-0674-62CD-0DF4-0E0BE6C33E2E}.Release|Any CPU.ActiveCfg = Release|Any CPU
		{FDA5FB3D-0674-62CD-0DF4-0E0BE6C33E2E}.Release|Any CPU.Build.0 = Release|Any CPU
		{F1BF6064-1E6B-C55A-1FFF-2A73D4D1FEBE}.Debug|Any CPU.ActiveCfg = Debug|Any CPU
		{F1BF6064-1E6B-C55A-1FFF-2A73D4D1FEBE}.Debug|Any CPU.Build.0 = Debug|Any CPU
		{F1BF6064-1E6B-C55A-1FFF-2A73D4D1FEBE}.Release|Any CPU.ActiveCfg = Release|Any CPU
		{F1BF6064-1E6B-C55A-1FFF-2A73D4D1FEBE}.Release|Any CPU.Build.0 = Release|Any CPU
		{F5DAD85E-B228-20F2-C7EA-D3BE8076252A}.Debug|Any CPU.ActiveCfg = Debug|Any CPU
		{F5DAD85E-B228-20F2-C7EA-D3BE8076252A}.Debug|Any CPU.Build.0 = Debug|Any CPU
		{F5DAD85E-B228-20F2-C7EA-D3BE8076252A}.Release|Any CPU.ActiveCfg = Release|Any CPU
		{F5DAD85E-B228-20F2-C7EA-D3BE8076252A}.Release|Any CPU.Build.0 = Release|Any CPU
		{553BA67D-5005-3352-AC08-2BD35EDD0EB8}.Debug|Any CPU.ActiveCfg = Debug|Any CPU
		{553BA67D-5005-3352-AC08-2BD35EDD0EB8}.Debug|Any CPU.Build.0 = Debug|Any CPU
		{553BA67D-5005-3352-AC08-2BD35EDD0EB8}.Release|Any CPU.ActiveCfg = Release|Any CPU
		{553BA67D-5005-3352-AC08-2BD35EDD0EB8}.Release|Any CPU.Build.0 = Release|Any CPU
		{2DB6248F-9811-6B0A-6AD8-EF5DC768D674}.Debug|Any CPU.ActiveCfg = Debug|Any CPU
		{2DB6248F-9811-6B0A-6AD8-EF5DC768D674}.Debug|Any CPU.Build.0 = Debug|Any CPU
		{2DB6248F-9811-6B0A-6AD8-EF5DC768D674}.Release|Any CPU.ActiveCfg = Release|Any CPU
		{2DB6248F-9811-6B0A-6AD8-EF5DC768D674}.Release|Any CPU.Build.0 = Release|Any CPU
		{F488E724-80BB-EC86-4868-C4C2A30D9D7B}.Debug|Any CPU.ActiveCfg = Debug|Any CPU
		{F488E724-80BB-EC86-4868-C4C2A30D9D7B}.Debug|Any CPU.Build.0 = Debug|Any CPU
		{F488E724-80BB-EC86-4868-C4C2A30D9D7B}.Release|Any CPU.ActiveCfg = Release|Any CPU
		{F488E724-80BB-EC86-4868-C4C2A30D9D7B}.Release|Any CPU.Build.0 = Release|Any CPU
		{58AD2A7A-53F3-AE5E-D112-3B0A3FDD4D98}.Debug|Any CPU.ActiveCfg = Debug|Any CPU
		{58AD2A7A-53F3-AE5E-D112-3B0A3FDD4D98}.Debug|Any CPU.Build.0 = Debug|Any CPU
		{58AD2A7A-53F3-AE5E-D112-3B0A3FDD4D98}.Release|Any CPU.ActiveCfg = Release|Any CPU
		{58AD2A7A-53F3-AE5E-D112-3B0A3FDD4D98}.Release|Any CPU.Build.0 = Release|Any CPU
		{FD7F1663-5443-F1BD-5E44-A2A210B183D7}.Debug|Any CPU.ActiveCfg = Debug|Any CPU
		{FD7F1663-5443-F1BD-5E44-A2A210B183D7}.Debug|Any CPU.Build.0 = Debug|Any CPU
		{FD7F1663-5443-F1BD-5E44-A2A210B183D7}.Release|Any CPU.ActiveCfg = Release|Any CPU
		{FD7F1663-5443-F1BD-5E44-A2A210B183D7}.Release|Any CPU.Build.0 = Release|Any CPU
		{BD8549D2-E964-36F8-A2EB-58724CAF890D}.Debug|Any CPU.ActiveCfg = Debug|Any CPU
		{BD8549D2-E964-36F8-A2EB-58724CAF890D}.Debug|Any CPU.Build.0 = Debug|Any CPU
		{BD8549D2-E964-36F8-A2EB-58724CAF890D}.Release|Any CPU.ActiveCfg = Release|Any CPU
		{BD8549D2-E964-36F8-A2EB-58724CAF890D}.Release|Any CPU.Build.0 = Release|Any CPU
		{1580FF76-216F-AFEA-A65B-CC1EC635F08E}.Debug|Any CPU.ActiveCfg = Debug|Any CPU
		{1580FF76-216F-AFEA-A65B-CC1EC635F08E}.Debug|Any CPU.Build.0 = Debug|Any CPU
		{1580FF76-216F-AFEA-A65B-CC1EC635F08E}.Release|Any CPU.ActiveCfg = Release|Any CPU
		{1580FF76-216F-AFEA-A65B-CC1EC635F08E}.Release|Any CPU.Build.0 = Release|Any CPU
		{EF5B3FCE-57A3-EDE4-1F20-958873F61919}.Debug|Any CPU.ActiveCfg = Debug|Any CPU
		{EF5B3FCE-57A3-EDE4-1F20-958873F61919}.Debug|Any CPU.Build.0 = Debug|Any CPU
		{EF5B3FCE-57A3-EDE4-1F20-958873F61919}.Release|Any CPU.ActiveCfg = Release|Any CPU
		{EF5B3FCE-57A3-EDE4-1F20-958873F61919}.Release|Any CPU.Build.0 = Release|Any CPU
		{2EBD8BDA-6112-CE7A-1998-C11AC8E417E4}.Debug|Any CPU.ActiveCfg = Debug|Any CPU
		{2EBD8BDA-6112-CE7A-1998-C11AC8E417E4}.Debug|Any CPU.Build.0 = Debug|Any CPU
		{2EBD8BDA-6112-CE7A-1998-C11AC8E417E4}.Release|Any CPU.ActiveCfg = Release|Any CPU
		{2EBD8BDA-6112-CE7A-1998-C11AC8E417E4}.Release|Any CPU.Build.0 = Release|Any CPU
		{E585FF9E-C662-F531-A782-FA9B659E2DCB}.Debug|Any CPU.ActiveCfg = Debug|Any CPU
		{E585FF9E-C662-F531-A782-FA9B659E2DCB}.Debug|Any CPU.Build.0 = Debug|Any CPU
		{E585FF9E-C662-F531-A782-FA9B659E2DCB}.Release|Any CPU.ActiveCfg = Release|Any CPU
		{E585FF9E-C662-F531-A782-FA9B659E2DCB}.Release|Any CPU.Build.0 = Release|Any CPU
		{5E5267E5-ED0E-0893-292B-15BD9C649C58}.Debug|Any CPU.ActiveCfg = Debug|Any CPU
		{5E5267E5-ED0E-0893-292B-15BD9C649C58}.Debug|Any CPU.Build.0 = Debug|Any CPU
		{5E5267E5-ED0E-0893-292B-15BD9C649C58}.Release|Any CPU.ActiveCfg = Release|Any CPU
		{5E5267E5-ED0E-0893-292B-15BD9C649C58}.Release|Any CPU.Build.0 = Release|Any CPU
		{F132C3F1-8A69-6964-E4C7-9A9654DBE08B}.Debug|Any CPU.ActiveCfg = Debug|Any CPU
		{F132C3F1-8A69-6964-E4C7-9A9654DBE08B}.Debug|Any CPU.Build.0 = Debug|Any CPU
		{F132C3F1-8A69-6964-E4C7-9A9654DBE08B}.Release|Any CPU.ActiveCfg = Release|Any CPU
		{F132C3F1-8A69-6964-E4C7-9A9654DBE08B}.Release|Any CPU.Build.0 = Release|Any CPU
		{FF2E02D0-259A-8F71-8D58-42C083DA305E}.Debug|Any CPU.ActiveCfg = Debug|Any CPU
		{FF2E02D0-259A-8F71-8D58-42C083DA305E}.Debug|Any CPU.Build.0 = Debug|Any CPU
		{FF2E02D0-259A-8F71-8D58-42C083DA305E}.Release|Any CPU.ActiveCfg = Release|Any CPU
		{FF2E02D0-259A-8F71-8D58-42C083DA305E}.Release|Any CPU.Build.0 = Release|Any CPU
		{E095ACDC-EF86-4989-2869-0AB774C5FE7F}.Debug|Any CPU.ActiveCfg = Debug|Any CPU
		{E095ACDC-EF86-4989-2869-0AB774C5FE7F}.Debug|Any CPU.Build.0 = Debug|Any CPU
		{E095ACDC-EF86-4989-2869-0AB774C5FE7F}.Release|Any CPU.ActiveCfg = Release|Any CPU
		{E095ACDC-EF86-4989-2869-0AB774C5FE7F}.Release|Any CPU.Build.0 = Release|Any CPU
		{C665F2DA-6E5E-D95F-70B4-0B8200892511}.Debug|Any CPU.ActiveCfg = Debug|Any CPU
		{C665F2DA-6E5E-D95F-70B4-0B8200892511}.Debug|Any CPU.Build.0 = Debug|Any CPU
		{C665F2DA-6E5E-D95F-70B4-0B8200892511}.Release|Any CPU.ActiveCfg = Release|Any CPU
		{C665F2DA-6E5E-D95F-70B4-0B8200892511}.Release|Any CPU.Build.0 = Release|Any CPU
		{C89E5954-9697-E30A-C299-9FB773CF50C5}.Debug|Any CPU.ActiveCfg = Debug|Any CPU
		{C89E5954-9697-E30A-C299-9FB773CF50C5}.Debug|Any CPU.Build.0 = Debug|Any CPU
		{C89E5954-9697-E30A-C299-9FB773CF50C5}.Release|Any CPU.ActiveCfg = Release|Any CPU
		{C89E5954-9697-E30A-C299-9FB773CF50C5}.Release|Any CPU.Build.0 = Release|Any CPU
		{68707337-5513-435E-19B0-EAA764C8A881}.Debug|Any CPU.ActiveCfg = Debug|Any CPU
		{68707337-5513-435E-19B0-EAA764C8A881}.Debug|Any CPU.Build.0 = Debug|Any CPU
		{68707337-5513-435E-19B0-EAA764C8A881}.Release|Any CPU.ActiveCfg = Release|Any CPU
		{68707337-5513-435E-19B0-EAA764C8A881}.Release|Any CPU.Build.0 = Release|Any CPU
		{E071E7C5-CE72-D5AF-1D03-748EB867727B}.Debug|Any CPU.ActiveCfg = Debug|Any CPU
		{E071E7C5-CE72-D5AF-1D03-748EB867727B}.Debug|Any CPU.Build.0 = Debug|Any CPU
		{E071E7C5-CE72-D5AF-1D03-748EB867727B}.Release|Any CPU.ActiveCfg = Release|Any CPU
		{E071E7C5-CE72-D5AF-1D03-748EB867727B}.Release|Any CPU.Build.0 = Release|Any CPU
		{36E8833E-75F6-04C1-BC3F-59F698727968}.Debug|Any CPU.ActiveCfg = Debug|Any CPU
		{36E8833E-75F6-04C1-BC3F-59F698727968}.Debug|Any CPU.Build.0 = Debug|Any CPU
		{36E8833E-75F6-04C1-BC3F-59F698727968}.Release|Any CPU.ActiveCfg = Release|Any CPU
		{36E8833E-75F6-04C1-BC3F-59F698727968}.Release|Any CPU.Build.0 = Release|Any CPU
		{36236F90-216C-B07A-FD23-E9596F0D820D}.Debug|Any CPU.ActiveCfg = Debug|Any CPU
		{36236F90-216C-B07A-FD23-E9596F0D820D}.Debug|Any CPU.Build.0 = Debug|Any CPU
		{36236F90-216C-B07A-FD23-E9596F0D820D}.Release|Any CPU.ActiveCfg = Release|Any CPU
		{36236F90-216C-B07A-FD23-E9596F0D820D}.Release|Any CPU.Build.0 = Release|Any CPU
		{5D6593ED-08F7-A0AC-2706-122F7FB937FD}.Debug|Any CPU.ActiveCfg = Debug|Any CPU
		{5D6593ED-08F7-A0AC-2706-122F7FB937FD}.Debug|Any CPU.Build.0 = Debug|Any CPU
		{5D6593ED-08F7-A0AC-2706-122F7FB937FD}.Release|Any CPU.ActiveCfg = Release|Any CPU
		{5D6593ED-08F7-A0AC-2706-122F7FB937FD}.Release|Any CPU.Build.0 = Release|Any CPU
		{A8C7F2CE-9C8D-0A5B-4130-5BD8D7E9FCD7}.Debug|Any CPU.ActiveCfg = Debug|Any CPU
		{A8C7F2CE-9C8D-0A5B-4130-5BD8D7E9FCD7}.Debug|Any CPU.Build.0 = Debug|Any CPU
		{A8C7F2CE-9C8D-0A5B-4130-5BD8D7E9FCD7}.Release|Any CPU.ActiveCfg = Release|Any CPU
		{A8C7F2CE-9C8D-0A5B-4130-5BD8D7E9FCD7}.Release|Any CPU.Build.0 = Release|Any CPU
		{C7B26CCD-8536-6E8D-A751-D0419F939EC1}.Debug|Any CPU.ActiveCfg = Debug|Any CPU
		{C7B26CCD-8536-6E8D-A751-D0419F939EC1}.Debug|Any CPU.Build.0 = Debug|Any CPU
		{C7B26CCD-8536-6E8D-A751-D0419F939EC1}.Release|Any CPU.ActiveCfg = Release|Any CPU
		{C7B26CCD-8536-6E8D-A751-D0419F939EC1}.Release|Any CPU.Build.0 = Release|Any CPU
		{D3A2AE54-BE46-4775-B825-D73279A4C24A}.Debug|Any CPU.ActiveCfg = Debug|Any CPU
		{D3A2AE54-BE46-4775-B825-D73279A4C24A}.Debug|Any CPU.Build.0 = Debug|Any CPU
		{D3A2AE54-BE46-4775-B825-D73279A4C24A}.Release|Any CPU.ActiveCfg = Release|Any CPU
		{D3A2AE54-BE46-4775-B825-D73279A4C24A}.Release|Any CPU.Build.0 = Release|Any CPU
		{18F1FBB9-A889-21DC-A6AD-298ED84F8849}.Debug|Any CPU.ActiveCfg = Debug|Any CPU
		{18F1FBB9-A889-21DC-A6AD-298ED84F8849}.Debug|Any CPU.Build.0 = Debug|Any CPU
		{18F1FBB9-A889-21DC-A6AD-298ED84F8849}.Release|Any CPU.ActiveCfg = Release|Any CPU
		{18F1FBB9-A889-21DC-A6AD-298ED84F8849}.Release|Any CPU.Build.0 = Release|Any CPU
		{2F5D78B6-22DE-5F2A-8AC6-498B3889FC98}.Debug|Any CPU.ActiveCfg = Debug|Any CPU
		{2F5D78B6-22DE-5F2A-8AC6-498B3889FC98}.Debug|Any CPU.Build.0 = Debug|Any CPU
		{2F5D78B6-22DE-5F2A-8AC6-498B3889FC98}.Release|Any CPU.ActiveCfg = Release|Any CPU
		{2F5D78B6-22DE-5F2A-8AC6-498B3889FC98}.Release|Any CPU.Build.0 = Release|Any CPU
		{BDF7CF33-EDAC-30BE-1A27-53E6CDCB315E}.Debug|Any CPU.ActiveCfg = Debug|Any CPU
		{BDF7CF33-EDAC-30BE-1A27-53E6CDCB315E}.Debug|Any CPU.Build.0 = Debug|Any CPU
		{BDF7CF33-EDAC-30BE-1A27-53E6CDCB315E}.Release|Any CPU.ActiveCfg = Release|Any CPU
		{BDF7CF33-EDAC-30BE-1A27-53E6CDCB315E}.Release|Any CPU.Build.0 = Release|Any CPU
		{57C936B1-3424-5771-9156-E9170D20D859}.Debug|Any CPU.ActiveCfg = Debug|Any CPU
		{57C936B1-3424-5771-9156-E9170D20D859}.Debug|Any CPU.Build.0 = Debug|Any CPU
		{57C936B1-3424-5771-9156-E9170D20D859}.Release|Any CPU.ActiveCfg = Release|Any CPU
		{57C936B1-3424-5771-9156-E9170D20D859}.Release|Any CPU.Build.0 = Release|Any CPU
		{B700B8F3-CDD3-92B3-46BC-B9F613E7D3F2}.Debug|Any CPU.ActiveCfg = Debug|Any CPU
		{B700B8F3-CDD3-92B3-46BC-B9F613E7D3F2}.Debug|Any CPU.Build.0 = Debug|Any CPU
		{B700B8F3-CDD3-92B3-46BC-B9F613E7D3F2}.Release|Any CPU.ActiveCfg = Release|Any CPU
		{B700B8F3-CDD3-92B3-46BC-B9F613E7D3F2}.Release|Any CPU.Build.0 = Release|Any CPU
		{FE29283C-F20D-3526-B6F0-20D5B4FC9722}.Debug|Any CPU.ActiveCfg = Debug|Any CPU
		{FE29283C-F20D-3526-B6F0-20D5B4FC9722}.Debug|Any CPU.Build.0 = Debug|Any CPU
		{FE29283C-F20D-3526-B6F0-20D5B4FC9722}.Release|Any CPU.ActiveCfg = Release|Any CPU
		{FE29283C-F20D-3526-B6F0-20D5B4FC9722}.Release|Any CPU.Build.0 = Release|Any CPU
		{7B06AD6B-0723-2164-77A2-D0FED2D0572F}.Debug|Any CPU.ActiveCfg = Debug|Any CPU
		{7B06AD6B-0723-2164-77A2-D0FED2D0572F}.Debug|Any CPU.Build.0 = Debug|Any CPU
		{7B06AD6B-0723-2164-77A2-D0FED2D0572F}.Release|Any CPU.ActiveCfg = Release|Any CPU
		{7B06AD6B-0723-2164-77A2-D0FED2D0572F}.Release|Any CPU.Build.0 = Release|Any CPU
		{88320F15-2E55-8BC0-8B39-89DF7402FC6B}.Debug|Any CPU.ActiveCfg = Debug|Any CPU
		{88320F15-2E55-8BC0-8B39-89DF7402FC6B}.Debug|Any CPU.Build.0 = Debug|Any CPU
		{88320F15-2E55-8BC0-8B39-89DF7402FC6B}.Release|Any CPU.ActiveCfg = Release|Any CPU
		{88320F15-2E55-8BC0-8B39-89DF7402FC6B}.Release|Any CPU.Build.0 = Release|Any CPU
		{ACB114D9-32E0-6A60-D9F7-247EE6661B5C}.Debug|Any CPU.ActiveCfg = Debug|Any CPU
		{ACB114D9-32E0-6A60-D9F7-247EE6661B5C}.Debug|Any CPU.Build.0 = Debug|Any CPU
		{ACB114D9-32E0-6A60-D9F7-247EE6661B5C}.Release|Any CPU.ActiveCfg = Release|Any CPU
		{ACB114D9-32E0-6A60-D9F7-247EE6661B5C}.Release|Any CPU.Build.0 = Release|Any CPU
		{1960F417-4825-434E-6555-6E03B2D8DD6F}.Debug|Any CPU.ActiveCfg = Debug|Any CPU
		{1960F417-4825-434E-6555-6E03B2D8DD6F}.Debug|Any CPU.Build.0 = Debug|Any CPU
		{1960F417-4825-434E-6555-6E03B2D8DD6F}.Release|Any CPU.ActiveCfg = Release|Any CPU
		{1960F417-4825-434E-6555-6E03B2D8DD6F}.Release|Any CPU.Build.0 = Release|Any CPU
		{E1C7CAF9-A14A-8252-F20B-2834D491AB8E}.Debug|Any CPU.ActiveCfg = Debug|Any CPU
		{E1C7CAF9-A14A-8252-F20B-2834D491AB8E}.Debug|Any CPU.Build.0 = Debug|Any CPU
		{E1C7CAF9-A14A-8252-F20B-2834D491AB8E}.Release|Any CPU.ActiveCfg = Release|Any CPU
		{E1C7CAF9-A14A-8252-F20B-2834D491AB8E}.Release|Any CPU.Build.0 = Release|Any CPU
		{B1FD4410-10DB-679B-7F7E-5B67DF0A87D3}.Debug|Any CPU.ActiveCfg = Debug|Any CPU
		{B1FD4410-10DB-679B-7F7E-5B67DF0A87D3}.Debug|Any CPU.Build.0 = Debug|Any CPU
		{B1FD4410-10DB-679B-7F7E-5B67DF0A87D3}.Release|Any CPU.ActiveCfg = Release|Any CPU
		{B1FD4410-10DB-679B-7F7E-5B67DF0A87D3}.Release|Any CPU.Build.0 = Release|Any CPU
		{E8887250-EA8A-910C-3431-02E2959A6CAD}.Debug|Any CPU.ActiveCfg = Debug|Any CPU
		{E8887250-EA8A-910C-3431-02E2959A6CAD}.Debug|Any CPU.Build.0 = Debug|Any CPU
		{E8887250-EA8A-910C-3431-02E2959A6CAD}.Release|Any CPU.ActiveCfg = Release|Any CPU
		{E8887250-EA8A-910C-3431-02E2959A6CAD}.Release|Any CPU.Build.0 = Release|Any CPU
		{3491D3FE-454B-49EC-116D-B8F2E92D2F85}.Debug|Any CPU.ActiveCfg = Debug|Any CPU
		{3491D3FE-454B-49EC-116D-B8F2E92D2F85}.Debug|Any CPU.Build.0 = Debug|Any CPU
		{3491D3FE-454B-49EC-116D-B8F2E92D2F85}.Release|Any CPU.ActiveCfg = Release|Any CPU
		{3491D3FE-454B-49EC-116D-B8F2E92D2F85}.Release|Any CPU.Build.0 = Release|Any CPU
		{C10EF620-BAE1-0811-D63E-B43C83992C4C}.Debug|Any CPU.ActiveCfg = Debug|Any CPU
		{C10EF620-BAE1-0811-D63E-B43C83992C4C}.Debug|Any CPU.Build.0 = Debug|Any CPU
		{C10EF620-BAE1-0811-D63E-B43C83992C4C}.Release|Any CPU.ActiveCfg = Release|Any CPU
		{C10EF620-BAE1-0811-D63E-B43C83992C4C}.Release|Any CPU.Build.0 = Release|Any CPU
		{1F495036-CF17-0844-D7EA-FA3CF367C8A3}.Debug|Any CPU.ActiveCfg = Debug|Any CPU
		{1F495036-CF17-0844-D7EA-FA3CF367C8A3}.Debug|Any CPU.Build.0 = Debug|Any CPU
		{1F495036-CF17-0844-D7EA-FA3CF367C8A3}.Release|Any CPU.ActiveCfg = Release|Any CPU
		{1F495036-CF17-0844-D7EA-FA3CF367C8A3}.Release|Any CPU.Build.0 = Release|Any CPU
		{A2803A7B-469B-A17F-0A5A-A714B616EC4D}.Debug|Any CPU.ActiveCfg = Debug|Any CPU
		{A2803A7B-469B-A17F-0A5A-A714B616EC4D}.Debug|Any CPU.Build.0 = Debug|Any CPU
		{A2803A7B-469B-A17F-0A5A-A714B616EC4D}.Release|Any CPU.ActiveCfg = Release|Any CPU
		{A2803A7B-469B-A17F-0A5A-A714B616EC4D}.Release|Any CPU.Build.0 = Release|Any CPU
		{C8D76531-C9AC-AF25-ABB2-16705BFCB332}.Debug|Any CPU.ActiveCfg = Debug|Any CPU
		{C8D76531-C9AC-AF25-ABB2-16705BFCB332}.Debug|Any CPU.Build.0 = Debug|Any CPU
		{C8D76531-C9AC-AF25-ABB2-16705BFCB332}.Release|Any CPU.ActiveCfg = Release|Any CPU
		{C8D76531-C9AC-AF25-ABB2-16705BFCB332}.Release|Any CPU.Build.0 = Release|Any CPU
		{782B855B-6A38-724F-34D7-ABFAF6696098}.Debug|Any CPU.ActiveCfg = Debug|Any CPU
		{782B855B-6A38-724F-34D7-ABFAF6696098}.Debug|Any CPU.Build.0 = Debug|Any CPU
		{782B855B-6A38-724F-34D7-ABFAF6696098}.Release|Any CPU.ActiveCfg = Release|Any CPU
		{782B855B-6A38-724F-34D7-ABFAF6696098}.Release|Any CPU.Build.0 = Release|Any CPU
		{82F6ADF6-AD7F-3060-A94D-862FEEE7CCEC}.Debug|Any CPU.ActiveCfg = Debug|Any CPU
		{82F6ADF6-AD7F-3060-A94D-862FEEE7CCEC}.Debug|Any CPU.Build.0 = Debug|Any CPU
		{82F6ADF6-AD7F-3060-A94D-862FEEE7CCEC}.Release|Any CPU.ActiveCfg = Release|Any CPU
		{82F6ADF6-AD7F-3060-A94D-862FEEE7CCEC}.Release|Any CPU.Build.0 = Release|Any CPU
		{AB824413-15A4-8931-0384-DDA6897C13E9}.Debug|Any CPU.ActiveCfg = Debug|Any CPU
		{AB824413-15A4-8931-0384-DDA6897C13E9}.Debug|Any CPU.Build.0 = Debug|Any CPU
		{AB824413-15A4-8931-0384-DDA6897C13E9}.Release|Any CPU.ActiveCfg = Release|Any CPU
		{AB824413-15A4-8931-0384-DDA6897C13E9}.Release|Any CPU.Build.0 = Release|Any CPU
		{9C8486EB-4B00-240F-A23F-3DBF63B55AC3}.Debug|Any CPU.ActiveCfg = Debug|Any CPU
		{9C8486EB-4B00-240F-A23F-3DBF63B55AC3}.Debug|Any CPU.Build.0 = Debug|Any CPU
		{9C8486EB-4B00-240F-A23F-3DBF63B55AC3}.Release|Any CPU.ActiveCfg = Release|Any CPU
		{9C8486EB-4B00-240F-A23F-3DBF63B55AC3}.Release|Any CPU.Build.0 = Release|Any CPU
		{83D54996-424D-3FB2-3466-55D8EFF757FC}.Debug|Any CPU.ActiveCfg = Debug|Any CPU
		{83D54996-424D-3FB2-3466-55D8EFF757FC}.Debug|Any CPU.Build.0 = Debug|Any CPU
		{83D54996-424D-3FB2-3466-55D8EFF757FC}.Release|Any CPU.ActiveCfg = Release|Any CPU
		{83D54996-424D-3FB2-3466-55D8EFF757FC}.Release|Any CPU.Build.0 = Release|Any CPU
		{9E574638-26E7-79A4-B4FE-EEAA02375BA9}.Debug|Any CPU.ActiveCfg = Debug|Any CPU
		{9E574638-26E7-79A4-B4FE-EEAA02375BA9}.Debug|Any CPU.Build.0 = Debug|Any CPU
		{9E574638-26E7-79A4-B4FE-EEAA02375BA9}.Release|Any CPU.ActiveCfg = Release|Any CPU
		{9E574638-26E7-79A4-B4FE-EEAA02375BA9}.Release|Any CPU.Build.0 = Release|Any CPU
		{6F5CE1CA-FBB0-FEFE-52A3-2F3B0AB22F38}.Debug|Any CPU.ActiveCfg = Debug|Any CPU
		{6F5CE1CA-FBB0-FEFE-52A3-2F3B0AB22F38}.Debug|Any CPU.Build.0 = Debug|Any CPU
		{6F5CE1CA-FBB0-FEFE-52A3-2F3B0AB22F38}.Release|Any CPU.ActiveCfg = Release|Any CPU
		{6F5CE1CA-FBB0-FEFE-52A3-2F3B0AB22F38}.Release|Any CPU.Build.0 = Release|Any CPU
		{CD23A616-50F9-99A8-6459-BDC645F346AF}.Debug|Any CPU.ActiveCfg = Debug|Any CPU
		{CD23A616-50F9-99A8-6459-BDC645F346AF}.Debug|Any CPU.Build.0 = Debug|Any CPU
		{CD23A616-50F9-99A8-6459-BDC645F346AF}.Release|Any CPU.ActiveCfg = Release|Any CPU
		{CD23A616-50F9-99A8-6459-BDC645F346AF}.Release|Any CPU.Build.0 = Release|Any CPU
		{385F973E-65A5-84C5-8B11-D23FC6257FDE}.Debug|Any CPU.ActiveCfg = Debug|Any CPU
		{385F973E-65A5-84C5-8B11-D23FC6257FDE}.Debug|Any CPU.Build.0 = Debug|Any CPU
		{385F973E-65A5-84C5-8B11-D23FC6257FDE}.Release|Any CPU.ActiveCfg = Release|Any CPU
		{385F973E-65A5-84C5-8B11-D23FC6257FDE}.Release|Any CPU.Build.0 = Release|Any CPU
		{8F7E447F-75A6-A919-CCE0-9D832E364BF8}.Debug|Any CPU.ActiveCfg = Debug|Any CPU
		{8F7E447F-75A6-A919-CCE0-9D832E364BF8}.Debug|Any CPU.Build.0 = Debug|Any CPU
		{8F7E447F-75A6-A919-CCE0-9D832E364BF8}.Release|Any CPU.ActiveCfg = Release|Any CPU
		{8F7E447F-75A6-A919-CCE0-9D832E364BF8}.Release|Any CPU.Build.0 = Release|Any CPU
		{BAB0406E-EDC2-A5C7-D15B-C805B734F2A1}.Debug|Any CPU.ActiveCfg = Debug|Any CPU
		{BAB0406E-EDC2-A5C7-D15B-C805B734F2A1}.Debug|Any CPU.Build.0 = Debug|Any CPU
		{BAB0406E-EDC2-A5C7-D15B-C805B734F2A1}.Release|Any CPU.ActiveCfg = Release|Any CPU
		{BAB0406E-EDC2-A5C7-D15B-C805B734F2A1}.Release|Any CPU.Build.0 = Release|Any CPU
		{B6E25BC1-69C0-14E2-2B49-C77E9B4EE122}.Debug|Any CPU.ActiveCfg = Debug|Any CPU
		{B6E25BC1-69C0-14E2-2B49-C77E9B4EE122}.Debug|Any CPU.Build.0 = Debug|Any CPU
		{B6E25BC1-69C0-14E2-2B49-C77E9B4EE122}.Release|Any CPU.ActiveCfg = Release|Any CPU
		{B6E25BC1-69C0-14E2-2B49-C77E9B4EE122}.Release|Any CPU.Build.0 = Release|Any CPU
		{DF26CA20-4A25-1D5D-EAE9-B11DEF253804}.Debug|Any CPU.ActiveCfg = Debug|Any CPU
		{DF26CA20-4A25-1D5D-EAE9-B11DEF253804}.Debug|Any CPU.Build.0 = Debug|Any CPU
		{DF26CA20-4A25-1D5D-EAE9-B11DEF253804}.Release|Any CPU.ActiveCfg = Release|Any CPU
		{DF26CA20-4A25-1D5D-EAE9-B11DEF253804}.Release|Any CPU.Build.0 = Release|Any CPU
		{DF6B175C-923B-E2FE-36DE-68BB77089A86}.Debug|Any CPU.ActiveCfg = Debug|Any CPU
		{DF6B175C-923B-E2FE-36DE-68BB77089A86}.Debug|Any CPU.Build.0 = Debug|Any CPU
		{DF6B175C-923B-E2FE-36DE-68BB77089A86}.Release|Any CPU.ActiveCfg = Release|Any CPU
		{DF6B175C-923B-E2FE-36DE-68BB77089A86}.Release|Any CPU.Build.0 = Release|Any CPU
		{583047CC-AD2D-27BB-E03A-9CD5611C6487}.Debug|Any CPU.ActiveCfg = Debug|Any CPU
		{583047CC-AD2D-27BB-E03A-9CD5611C6487}.Debug|Any CPU.Build.0 = Debug|Any CPU
		{583047CC-AD2D-27BB-E03A-9CD5611C6487}.Release|Any CPU.ActiveCfg = Release|Any CPU
		{583047CC-AD2D-27BB-E03A-9CD5611C6487}.Release|Any CPU.Build.0 = Release|Any CPU
		{5F81B6B0-EB04-730B-B2E0-563277266F73}.Debug|Any CPU.ActiveCfg = Debug|Any CPU
		{5F81B6B0-EB04-730B-B2E0-563277266F73}.Debug|Any CPU.Build.0 = Debug|Any CPU
		{5F81B6B0-EB04-730B-B2E0-563277266F73}.Release|Any CPU.ActiveCfg = Release|Any CPU
		{5F81B6B0-EB04-730B-B2E0-563277266F73}.Release|Any CPU.Build.0 = Release|Any CPU
		{DE608CE1-C7BB-2911-710A-BD6DACCDC7C4}.Debug|Any CPU.ActiveCfg = Debug|Any CPU
		{DE608CE1-C7BB-2911-710A-BD6DACCDC7C4}.Debug|Any CPU.Build.0 = Debug|Any CPU
		{DE608CE1-C7BB-2911-710A-BD6DACCDC7C4}.Release|Any CPU.ActiveCfg = Release|Any CPU
		{DE608CE1-C7BB-2911-710A-BD6DACCDC7C4}.Release|Any CPU.Build.0 = Release|Any CPU
		{9F5D9270-1705-404E-BA4D-43420BAFF7AF}.Debug|Any CPU.ActiveCfg = Debug|Any CPU
		{9F5D9270-1705-404E-BA4D-43420BAFF7AF}.Debug|Any CPU.Build.0 = Debug|Any CPU
		{9F5D9270-1705-404E-BA4D-43420BAFF7AF}.Release|Any CPU.ActiveCfg = Release|Any CPU
		{9F5D9270-1705-404E-BA4D-43420BAFF7AF}.Release|Any CPU.Build.0 = Release|Any CPU
		{20A8A8BD-2AAD-997A-DB6F-61EE3850147C}.Debug|Any CPU.ActiveCfg = Debug|Any CPU
		{20A8A8BD-2AAD-997A-DB6F-61EE3850147C}.Debug|Any CPU.Build.0 = Debug|Any CPU
		{20A8A8BD-2AAD-997A-DB6F-61EE3850147C}.Release|Any CPU.ActiveCfg = Release|Any CPU
		{20A8A8BD-2AAD-997A-DB6F-61EE3850147C}.Release|Any CPU.Build.0 = Release|Any CPU
		{2A949F99-E739-9C0F-77C0-D19A30FEC7C7}.Debug|Any CPU.ActiveCfg = Debug|Any CPU
		{2A949F99-E739-9C0F-77C0-D19A30FEC7C7}.Debug|Any CPU.Build.0 = Debug|Any CPU
		{2A949F99-E739-9C0F-77C0-D19A30FEC7C7}.Release|Any CPU.ActiveCfg = Release|Any CPU
		{2A949F99-E739-9C0F-77C0-D19A30FEC7C7}.Release|Any CPU.Build.0 = Release|Any CPU
		{9323167B-5A1F-CCA7-378D-D3051AACE053}.Debug|Any CPU.ActiveCfg = Debug|Any CPU
		{9323167B-5A1F-CCA7-378D-D3051AACE053}.Debug|Any CPU.Build.0 = Debug|Any CPU
		{9323167B-5A1F-CCA7-378D-D3051AACE053}.Release|Any CPU.ActiveCfg = Release|Any CPU
		{9323167B-5A1F-CCA7-378D-D3051AACE053}.Release|Any CPU.Build.0 = Release|Any CPU
		{809ED5C5-DAFB-15F8-5B06-6D94A52FCCCC}.Debug|Any CPU.ActiveCfg = Debug|Any CPU
		{809ED5C5-DAFB-15F8-5B06-6D94A52FCCCC}.Debug|Any CPU.Build.0 = Debug|Any CPU
		{809ED5C5-DAFB-15F8-5B06-6D94A52FCCCC}.Release|Any CPU.ActiveCfg = Release|Any CPU
		{809ED5C5-DAFB-15F8-5B06-6D94A52FCCCC}.Release|Any CPU.Build.0 = Release|Any CPU
		{84E43743-FA5A-3A11-C6E3-8622F1F0E387}.Debug|Any CPU.ActiveCfg = Debug|Any CPU
		{84E43743-FA5A-3A11-C6E3-8622F1F0E387}.Debug|Any CPU.Build.0 = Debug|Any CPU
		{84E43743-FA5A-3A11-C6E3-8622F1F0E387}.Release|Any CPU.ActiveCfg = Release|Any CPU
		{84E43743-FA5A-3A11-C6E3-8622F1F0E387}.Release|Any CPU.Build.0 = Release|Any CPU
		{90C21B9A-0FE8-6F87-18D9-ED17A1ACB812}.Debug|Any CPU.ActiveCfg = Debug|Any CPU
		{90C21B9A-0FE8-6F87-18D9-ED17A1ACB812}.Debug|Any CPU.Build.0 = Debug|Any CPU
		{90C21B9A-0FE8-6F87-18D9-ED17A1ACB812}.Release|Any CPU.ActiveCfg = Release|Any CPU
		{90C21B9A-0FE8-6F87-18D9-ED17A1ACB812}.Release|Any CPU.Build.0 = Release|Any CPU
		{B8CE25FE-FC30-B94C-95FD-2609D32DB0A1}.Debug|Any CPU.ActiveCfg = Debug|Any CPU
		{B8CE25FE-FC30-B94C-95FD-2609D32DB0A1}.Debug|Any CPU.Build.0 = Debug|Any CPU
		{B8CE25FE-FC30-B94C-95FD-2609D32DB0A1}.Release|Any CPU.ActiveCfg = Release|Any CPU
		{B8CE25FE-FC30-B94C-95FD-2609D32DB0A1}.Release|Any CPU.Build.0 = Release|Any CPU
		{CCB5656E-DAB8-A998-B843-ACEC45C06ED3}.Debug|Any CPU.ActiveCfg = Debug|Any CPU
		{CCB5656E-DAB8-A998-B843-ACEC45C06ED3}.Debug|Any CPU.Build.0 = Debug|Any CPU
		{CCB5656E-DAB8-A998-B843-ACEC45C06ED3}.Release|Any CPU.ActiveCfg = Release|Any CPU
		{CCB5656E-DAB8-A998-B843-ACEC45C06ED3}.Release|Any CPU.Build.0 = Release|Any CPU
		{67CDD50F-E4A4-B576-49C7-8239FAAC440F}.Debug|Any CPU.ActiveCfg = Debug|Any CPU
		{67CDD50F-E4A4-B576-49C7-8239FAAC440F}.Debug|Any CPU.Build.0 = Debug|Any CPU
		{67CDD50F-E4A4-B576-49C7-8239FAAC440F}.Release|Any CPU.ActiveCfg = Release|Any CPU
		{67CDD50F-E4A4-B576-49C7-8239FAAC440F}.Release|Any CPU.Build.0 = Release|Any CPU
		{99E3CC59-F4CB-7533-8EF6-6A2227796BE2}.Debug|Any CPU.ActiveCfg = Debug|Any CPU
		{99E3CC59-F4CB-7533-8EF6-6A2227796BE2}.Debug|Any CPU.Build.0 = Debug|Any CPU
		{99E3CC59-F4CB-7533-8EF6-6A2227796BE2}.Release|Any CPU.ActiveCfg = Release|Any CPU
		{99E3CC59-F4CB-7533-8EF6-6A2227796BE2}.Release|Any CPU.Build.0 = Release|Any CPU
		{6FC0104A-DCEB-3EC0-2AC0-943BA0B3B2A5}.Debug|Any CPU.ActiveCfg = Debug|Any CPU
		{6FC0104A-DCEB-3EC0-2AC0-943BA0B3B2A5}.Debug|Any CPU.Build.0 = Debug|Any CPU
		{6FC0104A-DCEB-3EC0-2AC0-943BA0B3B2A5}.Release|Any CPU.ActiveCfg = Release|Any CPU
		{6FC0104A-DCEB-3EC0-2AC0-943BA0B3B2A5}.Release|Any CPU.Build.0 = Release|Any CPU
		{BAF90D1B-DF4C-FA44-5111-DFDE80081AEF}.Debug|Any CPU.ActiveCfg = Debug|Any CPU
		{BAF90D1B-DF4C-FA44-5111-DFDE80081AEF}.Debug|Any CPU.Build.0 = Debug|Any CPU
		{BAF90D1B-DF4C-FA44-5111-DFDE80081AEF}.Release|Any CPU.ActiveCfg = Release|Any CPU
		{BAF90D1B-DF4C-FA44-5111-DFDE80081AEF}.Release|Any CPU.Build.0 = Release|Any CPU
		{206E1DB9-F630-8E43-5075-F3CE9E0C425C}.Debug|Any CPU.ActiveCfg = Debug|Any CPU
		{206E1DB9-F630-8E43-5075-F3CE9E0C425C}.Debug|Any CPU.Build.0 = Debug|Any CPU
		{206E1DB9-F630-8E43-5075-F3CE9E0C425C}.Release|Any CPU.ActiveCfg = Release|Any CPU
		{206E1DB9-F630-8E43-5075-F3CE9E0C425C}.Release|Any CPU.Build.0 = Release|Any CPU
		{9BDD1C09-DE94-ED8E-B0F9-6ABADB1257BA}.Debug|Any CPU.ActiveCfg = Debug|Any CPU
		{9BDD1C09-DE94-ED8E-B0F9-6ABADB1257BA}.Debug|Any CPU.Build.0 = Debug|Any CPU
		{9BDD1C09-DE94-ED8E-B0F9-6ABADB1257BA}.Release|Any CPU.ActiveCfg = Release|Any CPU
		{9BDD1C09-DE94-ED8E-B0F9-6ABADB1257BA}.Release|Any CPU.Build.0 = Release|Any CPU
		{F7F43DE2-19AA-1997-2BEF-51D6EFB763BC}.Debug|Any CPU.ActiveCfg = Debug|Any CPU
		{F7F43DE2-19AA-1997-2BEF-51D6EFB763BC}.Debug|Any CPU.Build.0 = Debug|Any CPU
		{F7F43DE2-19AA-1997-2BEF-51D6EFB763BC}.Release|Any CPU.ActiveCfg = Release|Any CPU
		{F7F43DE2-19AA-1997-2BEF-51D6EFB763BC}.Release|Any CPU.Build.0 = Release|Any CPU
		{F54DA4AC-0DCC-A69B-EBC1-98A8B40B50A2}.Debug|Any CPU.ActiveCfg = Debug|Any CPU
		{F54DA4AC-0DCC-A69B-EBC1-98A8B40B50A2}.Debug|Any CPU.Build.0 = Debug|Any CPU
		{F54DA4AC-0DCC-A69B-EBC1-98A8B40B50A2}.Release|Any CPU.ActiveCfg = Release|Any CPU
		{F54DA4AC-0DCC-A69B-EBC1-98A8B40B50A2}.Release|Any CPU.Build.0 = Release|Any CPU
		{FF790C18-BD8C-1F64-CEF0-01CAF68C38D5}.Debug|Any CPU.ActiveCfg = Debug|Any CPU
		{FF790C18-BD8C-1F64-CEF0-01CAF68C38D5}.Debug|Any CPU.Build.0 = Debug|Any CPU
		{FF790C18-BD8C-1F64-CEF0-01CAF68C38D5}.Release|Any CPU.ActiveCfg = Release|Any CPU
		{FF790C18-BD8C-1F64-CEF0-01CAF68C38D5}.Release|Any CPU.Build.0 = Release|Any CPU
		{5AB9C950-C93E-D599-2A21-16B844CF6FA5}.Debug|Any CPU.ActiveCfg = Debug|Any CPU
		{5AB9C950-C93E-D599-2A21-16B844CF6FA5}.Debug|Any CPU.Build.0 = Debug|Any CPU
		{5AB9C950-C93E-D599-2A21-16B844CF6FA5}.Release|Any CPU.ActiveCfg = Release|Any CPU
		{5AB9C950-C93E-D599-2A21-16B844CF6FA5}.Release|Any CPU.Build.0 = Release|Any CPU
		{ABE4CB2B-B68E-6E32-D65E-A918A8EE8040}.Debug|Any CPU.ActiveCfg = Debug|Any CPU
		{ABE4CB2B-B68E-6E32-D65E-A918A8EE8040}.Debug|Any CPU.Build.0 = Debug|Any CPU
		{ABE4CB2B-B68E-6E32-D65E-A918A8EE8040}.Release|Any CPU.ActiveCfg = Release|Any CPU
		{ABE4CB2B-B68E-6E32-D65E-A918A8EE8040}.Release|Any CPU.Build.0 = Release|Any CPU
		{AAA20463-0998-D512-C7D9-842F040C8471}.Debug|Any CPU.ActiveCfg = Debug|Any CPU
		{AAA20463-0998-D512-C7D9-842F040C8471}.Debug|Any CPU.Build.0 = Debug|Any CPU
		{AAA20463-0998-D512-C7D9-842F040C8471}.Release|Any CPU.ActiveCfg = Release|Any CPU
		{AAA20463-0998-D512-C7D9-842F040C8471}.Release|Any CPU.Build.0 = Release|Any CPU
		{BBDD2309-2658-D133-2453-35DBD58BC734}.Debug|Any CPU.ActiveCfg = Debug|Any CPU
		{BBDD2309-2658-D133-2453-35DBD58BC734}.Debug|Any CPU.Build.0 = Debug|Any CPU
		{BBDD2309-2658-D133-2453-35DBD58BC734}.Release|Any CPU.ActiveCfg = Release|Any CPU
		{BBDD2309-2658-D133-2453-35DBD58BC734}.Release|Any CPU.Build.0 = Release|Any CPU
		{D57469D8-407E-740D-B09C-276DD9E42659}.Debug|Any CPU.ActiveCfg = Debug|Any CPU
		{D57469D8-407E-740D-B09C-276DD9E42659}.Debug|Any CPU.Build.0 = Debug|Any CPU
		{D57469D8-407E-740D-B09C-276DD9E42659}.Release|Any CPU.ActiveCfg = Release|Any CPU
		{D57469D8-407E-740D-B09C-276DD9E42659}.Release|Any CPU.Build.0 = Release|Any CPU
		{13D5177E-97E3-2973-B75B-E4B6BDE6FC65}.Debug|Any CPU.ActiveCfg = Debug|Any CPU
		{13D5177E-97E3-2973-B75B-E4B6BDE6FC65}.Debug|Any CPU.Build.0 = Debug|Any CPU
		{13D5177E-97E3-2973-B75B-E4B6BDE6FC65}.Release|Any CPU.ActiveCfg = Release|Any CPU
		{13D5177E-97E3-2973-B75B-E4B6BDE6FC65}.Release|Any CPU.Build.0 = Release|Any CPU
		{FFE17BF0-62D3-DA60-442A-E499FBAE0A79}.Debug|Any CPU.ActiveCfg = Debug|Any CPU
		{FFE17BF0-62D3-DA60-442A-E499FBAE0A79}.Debug|Any CPU.Build.0 = Debug|Any CPU
		{FFE17BF0-62D3-DA60-442A-E499FBAE0A79}.Release|Any CPU.ActiveCfg = Release|Any CPU
		{FFE17BF0-62D3-DA60-442A-E499FBAE0A79}.Release|Any CPU.Build.0 = Release|Any CPU
		{D91E7BA0-9445-C5DB-A69F-B56C4A831904}.Debug|Any CPU.ActiveCfg = Debug|Any CPU
		{D91E7BA0-9445-C5DB-A69F-B56C4A831904}.Debug|Any CPU.Build.0 = Debug|Any CPU
		{D91E7BA0-9445-C5DB-A69F-B56C4A831904}.Release|Any CPU.ActiveCfg = Release|Any CPU
		{D91E7BA0-9445-C5DB-A69F-B56C4A831904}.Release|Any CPU.Build.0 = Release|Any CPU
		{8C8FE634-0A3E-238E-1643-0B1117C8C941}.Debug|Any CPU.ActiveCfg = Debug|Any CPU
		{8C8FE634-0A3E-238E-1643-0B1117C8C941}.Debug|Any CPU.Build.0 = Debug|Any CPU
		{8C8FE634-0A3E-238E-1643-0B1117C8C941}.Release|Any CPU.ActiveCfg = Release|Any CPU
		{8C8FE634-0A3E-238E-1643-0B1117C8C941}.Release|Any CPU.Build.0 = Release|Any CPU
		{81D8DFA2-3A27-2F03-1DC7-F5DA936C4DFF}.Debug|Any CPU.ActiveCfg = Debug|Any CPU
		{81D8DFA2-3A27-2F03-1DC7-F5DA936C4DFF}.Debug|Any CPU.Build.0 = Debug|Any CPU
		{81D8DFA2-3A27-2F03-1DC7-F5DA936C4DFF}.Release|Any CPU.ActiveCfg = Release|Any CPU
		{81D8DFA2-3A27-2F03-1DC7-F5DA936C4DFF}.Release|Any CPU.Build.0 = Release|Any CPU
		{A3CDB854-8970-2DA0-9FCE-37C025AD97A4}.Debug|Any CPU.ActiveCfg = Debug|Any CPU
		{A3CDB854-8970-2DA0-9FCE-37C025AD97A4}.Debug|Any CPU.Build.0 = Debug|Any CPU
		{A3CDB854-8970-2DA0-9FCE-37C025AD97A4}.Release|Any CPU.ActiveCfg = Release|Any CPU
		{A3CDB854-8970-2DA0-9FCE-37C025AD97A4}.Release|Any CPU.Build.0 = Release|Any CPU
		{9FCE3E18-8C0D-9A18-D7A3-C370F19F8068}.Debug|Any CPU.ActiveCfg = Debug|Any CPU
		{9FCE3E18-8C0D-9A18-D7A3-C370F19F8068}.Debug|Any CPU.Build.0 = Debug|Any CPU
		{9FCE3E18-8C0D-9A18-D7A3-C370F19F8068}.Release|Any CPU.ActiveCfg = Release|Any CPU
		{9FCE3E18-8C0D-9A18-D7A3-C370F19F8068}.Release|Any CPU.Build.0 = Release|Any CPU
		{DD1A405D-646F-813D-D7B6-DB2ECA822235}.Debug|Any CPU.ActiveCfg = Debug|Any CPU
		{DD1A405D-646F-813D-D7B6-DB2ECA822235}.Debug|Any CPU.Build.0 = Debug|Any CPU
		{DD1A405D-646F-813D-D7B6-DB2ECA822235}.Release|Any CPU.ActiveCfg = Release|Any CPU
		{DD1A405D-646F-813D-D7B6-DB2ECA822235}.Release|Any CPU.Build.0 = Release|Any CPU
		{62AA5E72-17AD-A1AA-D070-1B8D5B534C6E}.Debug|Any CPU.ActiveCfg = Debug|Any CPU
		{62AA5E72-17AD-A1AA-D070-1B8D5B534C6E}.Debug|Any CPU.Build.0 = Debug|Any CPU
		{62AA5E72-17AD-A1AA-D070-1B8D5B534C6E}.Release|Any CPU.ActiveCfg = Release|Any CPU
		{62AA5E72-17AD-A1AA-D070-1B8D5B534C6E}.Release|Any CPU.Build.0 = Release|Any CPU
		{A61E6F12-2FE4-C4AF-4B14-CE34DD34D683}.Debug|Any CPU.ActiveCfg = Debug|Any CPU
		{A61E6F12-2FE4-C4AF-4B14-CE34DD34D683}.Debug|Any CPU.Build.0 = Debug|Any CPU
		{A61E6F12-2FE4-C4AF-4B14-CE34DD34D683}.Release|Any CPU.ActiveCfg = Release|Any CPU
		{A61E6F12-2FE4-C4AF-4B14-CE34DD34D683}.Release|Any CPU.Build.0 = Release|Any CPU
		{67CD3036-8A8E-0BE2-CD48-60F3F47702FA}.Debug|Any CPU.ActiveCfg = Debug|Any CPU
		{67CD3036-8A8E-0BE2-CD48-60F3F47702FA}.Debug|Any CPU.Build.0 = Debug|Any CPU
		{67CD3036-8A8E-0BE2-CD48-60F3F47702FA}.Release|Any CPU.ActiveCfg = Release|Any CPU
		{67CD3036-8A8E-0BE2-CD48-60F3F47702FA}.Release|Any CPU.Build.0 = Release|Any CPU
		{41209A6F-7DEE-6BC7-76B0-F050D66E1813}.Debug|Any CPU.ActiveCfg = Debug|Any CPU
		{41209A6F-7DEE-6BC7-76B0-F050D66E1813}.Debug|Any CPU.Build.0 = Debug|Any CPU
		{41209A6F-7DEE-6BC7-76B0-F050D66E1813}.Release|Any CPU.ActiveCfg = Release|Any CPU
		{41209A6F-7DEE-6BC7-76B0-F050D66E1813}.Release|Any CPU.Build.0 = Release|Any CPU
		{0807C172-C602-B3F0-0CBE-D92899C949FD}.Debug|Any CPU.ActiveCfg = Debug|Any CPU
		{0807C172-C602-B3F0-0CBE-D92899C949FD}.Debug|Any CPU.Build.0 = Debug|Any CPU
		{0807C172-C602-B3F0-0CBE-D92899C949FD}.Release|Any CPU.ActiveCfg = Release|Any CPU
		{0807C172-C602-B3F0-0CBE-D92899C949FD}.Release|Any CPU.Build.0 = Release|Any CPU
		{5C4A0C1E-D3EB-BDF8-86FC-B3772F18B135}.Debug|Any CPU.ActiveCfg = Debug|Any CPU
		{5C4A0C1E-D3EB-BDF8-86FC-B3772F18B135}.Debug|Any CPU.Build.0 = Debug|Any CPU
		{5C4A0C1E-D3EB-BDF8-86FC-B3772F18B135}.Release|Any CPU.ActiveCfg = Release|Any CPU
		{5C4A0C1E-D3EB-BDF8-86FC-B3772F18B135}.Release|Any CPU.Build.0 = Release|Any CPU
		{4F0A1B16-627D-B870-E31A-C18C24087D02}.Debug|Any CPU.ActiveCfg = Debug|Any CPU
		{4F0A1B16-627D-B870-E31A-C18C24087D02}.Debug|Any CPU.Build.0 = Debug|Any CPU
		{4F0A1B16-627D-B870-E31A-C18C24087D02}.Release|Any CPU.ActiveCfg = Release|Any CPU
		{4F0A1B16-627D-B870-E31A-C18C24087D02}.Release|Any CPU.Build.0 = Release|Any CPU
		{4C2CEEE2-D471-A927-EBD6-EFD3F55DFF1C}.Debug|Any CPU.ActiveCfg = Debug|Any CPU
		{4C2CEEE2-D471-A927-EBD6-EFD3F55DFF1C}.Debug|Any CPU.Build.0 = Debug|Any CPU
		{4C2CEEE2-D471-A927-EBD6-EFD3F55DFF1C}.Release|Any CPU.ActiveCfg = Release|Any CPU
		{4C2CEEE2-D471-A927-EBD6-EFD3F55DFF1C}.Release|Any CPU.Build.0 = Release|Any CPU
		{C15A8817-6402-A196-D1EB-C6C07A669A2E}.Debug|Any CPU.ActiveCfg = Debug|Any CPU
		{C15A8817-6402-A196-D1EB-C6C07A669A2E}.Debug|Any CPU.Build.0 = Debug|Any CPU
		{C15A8817-6402-A196-D1EB-C6C07A669A2E}.Release|Any CPU.ActiveCfg = Release|Any CPU
		{C15A8817-6402-A196-D1EB-C6C07A669A2E}.Release|Any CPU.Build.0 = Release|Any CPU
		{F41B4544-5377-C185-39EA-A39092F8BE4B}.Debug|Any CPU.ActiveCfg = Debug|Any CPU
		{F41B4544-5377-C185-39EA-A39092F8BE4B}.Debug|Any CPU.Build.0 = Debug|Any CPU
		{F41B4544-5377-C185-39EA-A39092F8BE4B}.Release|Any CPU.ActiveCfg = Release|Any CPU
		{F41B4544-5377-C185-39EA-A39092F8BE4B}.Release|Any CPU.Build.0 = Release|Any CPU
		{7D921D0E-72D6-61F0-AE95-3E759B9750C4}.Debug|Any CPU.ActiveCfg = Debug|Any CPU
		{7D921D0E-72D6-61F0-AE95-3E759B9750C4}.Debug|Any CPU.Build.0 = Debug|Any CPU
		{7D921D0E-72D6-61F0-AE95-3E759B9750C4}.Release|Any CPU.ActiveCfg = Release|Any CPU
		{7D921D0E-72D6-61F0-AE95-3E759B9750C4}.Release|Any CPU.Build.0 = Release|Any CPU
		{DE40DE0B-D7DD-C301-BB34-3086D9A1CFAB}.Debug|Any CPU.ActiveCfg = Debug|Any CPU
		{DE40DE0B-D7DD-C301-BB34-3086D9A1CFAB}.Debug|Any CPU.Build.0 = Debug|Any CPU
		{DE40DE0B-D7DD-C301-BB34-3086D9A1CFAB}.Release|Any CPU.ActiveCfg = Release|Any CPU
		{DE40DE0B-D7DD-C301-BB34-3086D9A1CFAB}.Release|Any CPU.Build.0 = Release|Any CPU
		{8EE625CC-B424-E280-8241-83CEE8B3B672}.Debug|Any CPU.ActiveCfg = Debug|Any CPU
		{8EE625CC-B424-E280-8241-83CEE8B3B672}.Debug|Any CPU.Build.0 = Debug|Any CPU
		{8EE625CC-B424-E280-8241-83CEE8B3B672}.Release|Any CPU.ActiveCfg = Release|Any CPU
		{8EE625CC-B424-E280-8241-83CEE8B3B672}.Release|Any CPU.Build.0 = Release|Any CPU
		{0C50355C-1168-9F02-B2F0-0A74ED6A83DB}.Debug|Any CPU.ActiveCfg = Debug|Any CPU
		{0C50355C-1168-9F02-B2F0-0A74ED6A83DB}.Debug|Any CPU.Build.0 = Debug|Any CPU
		{0C50355C-1168-9F02-B2F0-0A74ED6A83DB}.Release|Any CPU.ActiveCfg = Release|Any CPU
		{0C50355C-1168-9F02-B2F0-0A74ED6A83DB}.Release|Any CPU.Build.0 = Release|Any CPU
		{A8DC25D6-C212-3FED-0B3A-0D388BB73A12}.Debug|Any CPU.ActiveCfg = Debug|Any CPU
		{A8DC25D6-C212-3FED-0B3A-0D388BB73A12}.Debug|Any CPU.Build.0 = Debug|Any CPU
		{A8DC25D6-C212-3FED-0B3A-0D388BB73A12}.Release|Any CPU.ActiveCfg = Release|Any CPU
		{A8DC25D6-C212-3FED-0B3A-0D388BB73A12}.Release|Any CPU.Build.0 = Release|Any CPU
		{798BACF7-9C77-E073-170D-5158ACC65758}.Debug|Any CPU.ActiveCfg = Debug|Any CPU
		{798BACF7-9C77-E073-170D-5158ACC65758}.Debug|Any CPU.Build.0 = Debug|Any CPU
		{798BACF7-9C77-E073-170D-5158ACC65758}.Release|Any CPU.ActiveCfg = Release|Any CPU
		{798BACF7-9C77-E073-170D-5158ACC65758}.Release|Any CPU.Build.0 = Release|Any CPU
		{497B4A90-FB40-4908-05B0-DFA1FD70DFDA}.Debug|Any CPU.ActiveCfg = Debug|Any CPU
		{497B4A90-FB40-4908-05B0-DFA1FD70DFDA}.Debug|Any CPU.Build.0 = Debug|Any CPU
		{497B4A90-FB40-4908-05B0-DFA1FD70DFDA}.Release|Any CPU.ActiveCfg = Release|Any CPU
		{497B4A90-FB40-4908-05B0-DFA1FD70DFDA}.Release|Any CPU.Build.0 = Release|Any CPU
	EndGlobalSection
	GlobalSection(SolutionProperties) = preSolution
		HideSolutionNode = FALSE
	EndGlobalSection
EndGlobal
